
Microsoft Visual Studio Solution File, Format Version 12.00
Project("{FAE04EC0-301F-11D3-BF4B-00C04F79EFBC}") = "Framework.Async", "Framework.Async\Framework.Async.csproj", "{790592B2-D5D1-478D-8853-CF29C1D114EB}"
EndProject
Project("{FAE04EC0-301F-11D3-BF4B-00C04F79EFBC}") = "Framework.DateTimeProvider", "Framework.DateTimeProvider\Framework.DateTimeProvider.csproj", "{C2F9460D-C813-467D-843B-BC7ADE6F3F35}"
EndProject
Project("{FAE04EC0-301F-11D3-BF4B-00C04F79EFBC}") = "Framework.DBAccess", "Framework.DBAccess\Framework.DBAccess.csproj", "{10140004-3749-43B2-8923-D7BFBBFF9294}"
EndProject
Project("{FAE04EC0-301F-11D3-BF4B-00C04F79EFBC}") = "Framework.ErrorHandling", "Framework.ErrorHandling\Framework.ErrorHandling.csproj", "{B45DDFDE-7ECE-4859-828F-45429D9A1695}"
EndProject
Project("{FAE04EC0-301F-11D3-BF4B-00C04F79EFBC}") = "Framework.IO", "Framework.IO\Framework.IO.csproj", "{BBD7C87D-790A-49C5-B198-FEB03C431264}"
EndProject
Project("{FAE04EC0-301F-11D3-BF4B-00C04F79EFBC}") = "Framework.Linq", "Framework.Linq\Framework.Linq.csproj", "{B24F1BBE-68A5-4A57-9A35-9311589BED1B}"
EndProject
Project("{FAE04EC0-301F-11D3-BF4B-00C04F79EFBC}") = "Framework.Logging", "Framework.Logging\Framework.Logging.csproj", "{DED133A3-830D-4D7B-8131-20E7D3AB29D5}"
EndProject
Project("{FAE04EC0-301F-11D3-BF4B-00C04F79EFBC}") = "Framework.Models", "Framework.Models\Framework.Models.csproj", "{72E92984-FC52-423E-9964-5D5573DBFD4F}"
EndProject
Project("{FAE04EC0-301F-11D3-BF4B-00C04F79EFBC}") = "Framework.Seeding", "Framework.Seeding\Framework.Seeding.csproj", "{85955375-A37A-44AF-944B-46430289DC32}"
EndProject
Project("{FAE04EC0-301F-11D3-BF4B-00C04F79EFBC}") = "Framework.Token", "Framework.Token\Framework.Token.csproj", "{B8255CB0-C5F1-43E2-A202-A50A8F6252A6}"
EndProject
Project("{FAE04EC0-301F-11D3-BF4B-00C04F79EFBC}") = "Framework.HttpClientExtensions", "Framework.HttpClientExtensions\Framework.HttpClientExtensions.csproj", "{10AC2958-B04E-426C-A37D-6CDF42E695C4}"
EndProject
Project("{2150E333-8FDC-42A3-9474-1A3956D46DE8}") = "tests", "tests", "{020B325E-D364-49AE-9F3D-5328654AEADA}"
EndProject
Project("{FAE04EC0-301F-11D3-BF4B-00C04F79EFBC}") = "Framework.IO.Tests", "..\..\tests\framework\Framework.IO.Tests\Framework.IO.Tests.csproj", "{1F6016AC-4440-4CAF-8406-976C40811B09}"
EndProject
Project("{FAE04EC0-301F-11D3-BF4B-00C04F79EFBC}") = "Framework.Logging.Tests", "..\..\tests\framework\Framework.Logging.Tests\Framework.Logging.Tests.csproj", "{2C3299C8-5BE1-4BDC-A411-BA69077211AE}"
EndProject
Project("{FAE04EC0-301F-11D3-BF4B-00C04F79EFBC}") = "Framework.DBAccess.Tests", "..\..\tests\framework\Framework.DBAccess.Tests\Framework.DBAccess.Tests.csproj", "{77EB1FEC-8612-4A6F-BFFF-D90A4168404C}"
EndProject
Project("{FAE04EC0-301F-11D3-BF4B-00C04F79EFBC}") = "Framework.DependencyInjection", "Framework.DependencyInjection\Framework.DependencyInjection.csproj", "{8EFECF3A-946B-4055-9E37-50EBAA0E3C4F}"
EndProject
Project("{FAE04EC0-301F-11D3-BF4B-00C04F79EFBC}") = "Framework.Async.Tests", "..\..\tests\framework\Framework.Async.Tests\Framework.Async.Tests.csproj", "{B43BA7FA-0073-4879-9DD6-DC87DE72D737}"
EndProject
Project("{FAE04EC0-301F-11D3-BF4B-00C04F79EFBC}") = "Framework.Cors", "Framework.Cors\Framework.Cors.csproj", "{7C5DCDA7-0C5D-41EB-AF1E-A2FF273799B8}"
EndProject
Project("{FAE04EC0-301F-11D3-BF4B-00C04F79EFBC}") = "Framework.ErrorHandling.Web", "Framework.ErrorHandling.Web\Framework.ErrorHandling.Web.csproj", "{0431F544-83D5-41DB-A82C-DF41C11A9CD1}"
EndProject
Project("{FAE04EC0-301F-11D3-BF4B-00C04F79EFBC}") = "Framework.Swagger", "Framework.Swagger\Framework.Swagger.csproj", "{79501665-9F07-4041-99AA-DB15D49B4BDB}"
EndProject
Project("{FAE04EC0-301F-11D3-BF4B-00C04F79EFBC}") = "Framework.Web", "Framework.Web\Framework.Web.csproj", "{DE03FA73-00C6-490B-AE87-5BA48DCB7414}"
EndProject
Project("{FAE04EC0-301F-11D3-BF4B-00C04F79EFBC}") = "Framework.ErrorHandling.Web.Tests", "..\..\tests\framework\Framework.ErrorHandling.Web.Tests\Framework.ErrorHandling.Web.Tests.csproj", "{3961A0E2-80DF-4DA3-B26A-F7CC44315AE9}"
EndProject
Project("{FAE04EC0-301F-11D3-BF4B-00C04F79EFBC}") = "Framework.Linq.Tests", "..\..\tests\framework\Framework.Linq.Tests\Framework.Linq.Tests.csproj", "{3FF65D0E-008C-4400-BBAE-A915BC46C66C}"
EndProject
Project("{FAE04EC0-301F-11D3-BF4B-00C04F79EFBC}") = "Framework.Models.Tests", "..\..\tests\framework\Framework.Models.Tests\Framework.Models.Tests.csproj", "{68B22C14-A488-44A5-A28A-057FB33C3C34}"
EndProject
Project("{FAE04EC0-301F-11D3-BF4B-00C04F79EFBC}") = "Framework.Token.Tests", "..\..\tests\framework\Framework.Token.Tests\Framework.Token.Tests.csproj", "{BB12E9BA-08AF-483A-ABE4-7CEF2069B274}"
EndProject
Project("{FAE04EC0-301F-11D3-BF4B-00C04F79EFBC}") = "Framework.Web.Tests", "..\..\tests\framework\Framework.Web.Tests\Framework.Web.Tests.csproj", "{CAECDF6C-2FB6-4238-A5F6-3F0E1848C951}"
EndProject
Project("{FAE04EC0-301F-11D3-BF4B-00C04F79EFBC}") = "Framework.Tests.Shared", "..\..\tests\framework\Framework.Tests.Shared\Framework.Tests.Shared.csproj", "{AD424025-ECC4-45BC-A1AA-8B63A06C4FEB}"
EndProject
Global
	GlobalSection(SolutionConfigurationPlatforms) = preSolution
		Debug|Any CPU = Debug|Any CPU
		Release|Any CPU = Release|Any CPU
	EndGlobalSection
	GlobalSection(ProjectConfigurationPlatforms) = postSolution
		{B730272E-4DE1-41C9-926B-EE7088A74842}.Debug|Any CPU.ActiveCfg = Debug|Any CPU
		{B730272E-4DE1-41C9-926B-EE7088A74842}.Debug|Any CPU.Build.0 = Debug|Any CPU
		{B730272E-4DE1-41C9-926B-EE7088A74842}.Release|Any CPU.ActiveCfg = Release|Any CPU
		{B730272E-4DE1-41C9-926B-EE7088A74842}.Release|Any CPU.Build.0 = Release|Any CPU
		{790592B2-D5D1-478D-8853-CF29C1D114EB}.Debug|Any CPU.ActiveCfg = Debug|Any CPU
		{790592B2-D5D1-478D-8853-CF29C1D114EB}.Debug|Any CPU.Build.0 = Debug|Any CPU
		{790592B2-D5D1-478D-8853-CF29C1D114EB}.Release|Any CPU.ActiveCfg = Release|Any CPU
		{790592B2-D5D1-478D-8853-CF29C1D114EB}.Release|Any CPU.Build.0 = Release|Any CPU
		{C2F9460D-C813-467D-843B-BC7ADE6F3F35}.Debug|Any CPU.ActiveCfg = Debug|Any CPU
		{C2F9460D-C813-467D-843B-BC7ADE6F3F35}.Debug|Any CPU.Build.0 = Debug|Any CPU
		{C2F9460D-C813-467D-843B-BC7ADE6F3F35}.Release|Any CPU.ActiveCfg = Release|Any CPU
		{C2F9460D-C813-467D-843B-BC7ADE6F3F35}.Release|Any CPU.Build.0 = Release|Any CPU
		{10140004-3749-43B2-8923-D7BFBBFF9294}.Debug|Any CPU.ActiveCfg = Debug|Any CPU
		{10140004-3749-43B2-8923-D7BFBBFF9294}.Debug|Any CPU.Build.0 = Debug|Any CPU
		{10140004-3749-43B2-8923-D7BFBBFF9294}.Release|Any CPU.ActiveCfg = Release|Any CPU
		{10140004-3749-43B2-8923-D7BFBBFF9294}.Release|Any CPU.Build.0 = Release|Any CPU
		{B45DDFDE-7ECE-4859-828F-45429D9A1695}.Debug|Any CPU.ActiveCfg = Debug|Any CPU
		{B45DDFDE-7ECE-4859-828F-45429D9A1695}.Debug|Any CPU.Build.0 = Debug|Any CPU
		{B45DDFDE-7ECE-4859-828F-45429D9A1695}.Release|Any CPU.ActiveCfg = Release|Any CPU
		{B45DDFDE-7ECE-4859-828F-45429D9A1695}.Release|Any CPU.Build.0 = Release|Any CPU
		{BBD7C87D-790A-49C5-B198-FEB03C431264}.Debug|Any CPU.ActiveCfg = Debug|Any CPU
		{BBD7C87D-790A-49C5-B198-FEB03C431264}.Debug|Any CPU.Build.0 = Debug|Any CPU
		{BBD7C87D-790A-49C5-B198-FEB03C431264}.Release|Any CPU.ActiveCfg = Release|Any CPU
		{BBD7C87D-790A-49C5-B198-FEB03C431264}.Release|Any CPU.Build.0 = Release|Any CPU
		{B24F1BBE-68A5-4A57-9A35-9311589BED1B}.Debug|Any CPU.ActiveCfg = Debug|Any CPU
		{B24F1BBE-68A5-4A57-9A35-9311589BED1B}.Debug|Any CPU.Build.0 = Debug|Any CPU
		{B24F1BBE-68A5-4A57-9A35-9311589BED1B}.Release|Any CPU.ActiveCfg = Release|Any CPU
		{B24F1BBE-68A5-4A57-9A35-9311589BED1B}.Release|Any CPU.Build.0 = Release|Any CPU
		{DED133A3-830D-4D7B-8131-20E7D3AB29D5}.Debug|Any CPU.ActiveCfg = Debug|Any CPU
		{DED133A3-830D-4D7B-8131-20E7D3AB29D5}.Debug|Any CPU.Build.0 = Debug|Any CPU
		{DED133A3-830D-4D7B-8131-20E7D3AB29D5}.Release|Any CPU.ActiveCfg = Release|Any CPU
		{DED133A3-830D-4D7B-8131-20E7D3AB29D5}.Release|Any CPU.Build.0 = Release|Any CPU
		{72E92984-FC52-423E-9964-5D5573DBFD4F}.Debug|Any CPU.ActiveCfg = Debug|Any CPU
		{72E92984-FC52-423E-9964-5D5573DBFD4F}.Debug|Any CPU.Build.0 = Debug|Any CPU
		{72E92984-FC52-423E-9964-5D5573DBFD4F}.Release|Any CPU.ActiveCfg = Release|Any CPU
		{72E92984-FC52-423E-9964-5D5573DBFD4F}.Release|Any CPU.Build.0 = Release|Any CPU
		{85955375-A37A-44AF-944B-46430289DC32}.Debug|Any CPU.ActiveCfg = Debug|Any CPU
		{85955375-A37A-44AF-944B-46430289DC32}.Debug|Any CPU.Build.0 = Debug|Any CPU
		{85955375-A37A-44AF-944B-46430289DC32}.Release|Any CPU.ActiveCfg = Release|Any CPU
		{85955375-A37A-44AF-944B-46430289DC32}.Release|Any CPU.Build.0 = Release|Any CPU
		{B8255CB0-C5F1-43E2-A202-A50A8F6252A6}.Debug|Any CPU.ActiveCfg = Debug|Any CPU
		{B8255CB0-C5F1-43E2-A202-A50A8F6252A6}.Debug|Any CPU.Build.0 = Debug|Any CPU
		{B8255CB0-C5F1-43E2-A202-A50A8F6252A6}.Release|Any CPU.ActiveCfg = Release|Any CPU
		{B8255CB0-C5F1-43E2-A202-A50A8F6252A6}.Release|Any CPU.Build.0 = Release|Any CPU
		{10AC2958-B04E-426C-A37D-6CDF42E695C4}.Debug|Any CPU.ActiveCfg = Debug|Any CPU
		{10AC2958-B04E-426C-A37D-6CDF42E695C4}.Debug|Any CPU.Build.0 = Debug|Any CPU
		{10AC2958-B04E-426C-A37D-6CDF42E695C4}.Release|Any CPU.ActiveCfg = Release|Any CPU
		{10AC2958-B04E-426C-A37D-6CDF42E695C4}.Release|Any CPU.Build.0 = Release|Any CPU
		{1F6016AC-4440-4CAF-8406-976C40811B09}.Debug|Any CPU.ActiveCfg = Debug|Any CPU
		{1F6016AC-4440-4CAF-8406-976C40811B09}.Debug|Any CPU.Build.0 = Debug|Any CPU
		{1F6016AC-4440-4CAF-8406-976C40811B09}.Release|Any CPU.ActiveCfg = Release|Any CPU
		{1F6016AC-4440-4CAF-8406-976C40811B09}.Release|Any CPU.Build.0 = Release|Any CPU
		{2C3299C8-5BE1-4BDC-A411-BA69077211AE}.Debug|Any CPU.ActiveCfg = Debug|Any CPU
		{2C3299C8-5BE1-4BDC-A411-BA69077211AE}.Debug|Any CPU.Build.0 = Debug|Any CPU
		{2C3299C8-5BE1-4BDC-A411-BA69077211AE}.Release|Any CPU.ActiveCfg = Release|Any CPU
		{2C3299C8-5BE1-4BDC-A411-BA69077211AE}.Release|Any CPU.Build.0 = Release|Any CPU
		{77EB1FEC-8612-4A6F-BFFF-D90A4168404C}.Debug|Any CPU.ActiveCfg = Debug|Any CPU
		{77EB1FEC-8612-4A6F-BFFF-D90A4168404C}.Debug|Any CPU.Build.0 = Debug|Any CPU
		{77EB1FEC-8612-4A6F-BFFF-D90A4168404C}.Release|Any CPU.ActiveCfg = Release|Any CPU
		{77EB1FEC-8612-4A6F-BFFF-D90A4168404C}.Release|Any CPU.Build.0 = Release|Any CPU
		{8EFECF3A-946B-4055-9E37-50EBAA0E3C4F}.Debug|Any CPU.ActiveCfg = Debug|Any CPU
		{8EFECF3A-946B-4055-9E37-50EBAA0E3C4F}.Debug|Any CPU.Build.0 = Debug|Any CPU
		{8EFECF3A-946B-4055-9E37-50EBAA0E3C4F}.Release|Any CPU.ActiveCfg = Release|Any CPU
		{8EFECF3A-946B-4055-9E37-50EBAA0E3C4F}.Release|Any CPU.Build.0 = Release|Any CPU
		{B43BA7FA-0073-4879-9DD6-DC87DE72D737}.Debug|Any CPU.ActiveCfg = Debug|Any CPU
		{B43BA7FA-0073-4879-9DD6-DC87DE72D737}.Debug|Any CPU.Build.0 = Debug|Any CPU
		{B43BA7FA-0073-4879-9DD6-DC87DE72D737}.Release|Any CPU.ActiveCfg = Release|Any CPU
		{B43BA7FA-0073-4879-9DD6-DC87DE72D737}.Release|Any CPU.Build.0 = Release|Any CPU
		{7C5DCDA7-0C5D-41EB-AF1E-A2FF273799B8}.Debug|Any CPU.ActiveCfg = Debug|Any CPU
		{7C5DCDA7-0C5D-41EB-AF1E-A2FF273799B8}.Debug|Any CPU.Build.0 = Debug|Any CPU
		{7C5DCDA7-0C5D-41EB-AF1E-A2FF273799B8}.Release|Any CPU.ActiveCfg = Release|Any CPU
		{7C5DCDA7-0C5D-41EB-AF1E-A2FF273799B8}.Release|Any CPU.Build.0 = Release|Any CPU
		{0431F544-83D5-41DB-A82C-DF41C11A9CD1}.Debug|Any CPU.ActiveCfg = Debug|Any CPU
		{0431F544-83D5-41DB-A82C-DF41C11A9CD1}.Debug|Any CPU.Build.0 = Debug|Any CPU
		{0431F544-83D5-41DB-A82C-DF41C11A9CD1}.Release|Any CPU.ActiveCfg = Release|Any CPU
		{0431F544-83D5-41DB-A82C-DF41C11A9CD1}.Release|Any CPU.Build.0 = Release|Any CPU
		{79501665-9F07-4041-99AA-DB15D49B4BDB}.Debug|Any CPU.ActiveCfg = Debug|Any CPU
		{79501665-9F07-4041-99AA-DB15D49B4BDB}.Debug|Any CPU.Build.0 = Debug|Any CPU
		{79501665-9F07-4041-99AA-DB15D49B4BDB}.Release|Any CPU.ActiveCfg = Release|Any CPU
		{79501665-9F07-4041-99AA-DB15D49B4BDB}.Release|Any CPU.Build.0 = Release|Any CPU
		{DE03FA73-00C6-490B-AE87-5BA48DCB7414}.Debug|Any CPU.ActiveCfg = Debug|Any CPU
		{DE03FA73-00C6-490B-AE87-5BA48DCB7414}.Debug|Any CPU.Build.0 = Debug|Any CPU
		{DE03FA73-00C6-490B-AE87-5BA48DCB7414}.Release|Any CPU.ActiveCfg = Release|Any CPU
		{DE03FA73-00C6-490B-AE87-5BA48DCB7414}.Release|Any CPU.Build.0 = Release|Any CPU
		{3961A0E2-80DF-4DA3-B26A-F7CC44315AE9}.Debug|Any CPU.ActiveCfg = Debug|Any CPU
		{3961A0E2-80DF-4DA3-B26A-F7CC44315AE9}.Debug|Any CPU.Build.0 = Debug|Any CPU
		{3961A0E2-80DF-4DA3-B26A-F7CC44315AE9}.Release|Any CPU.ActiveCfg = Release|Any CPU
		{3961A0E2-80DF-4DA3-B26A-F7CC44315AE9}.Release|Any CPU.Build.0 = Release|Any CPU
		{3FF65D0E-008C-4400-BBAE-A915BC46C66C}.Debug|Any CPU.ActiveCfg = Debug|Any CPU
		{3FF65D0E-008C-4400-BBAE-A915BC46C66C}.Debug|Any CPU.Build.0 = Debug|Any CPU
		{3FF65D0E-008C-4400-BBAE-A915BC46C66C}.Release|Any CPU.ActiveCfg = Release|Any CPU
		{3FF65D0E-008C-4400-BBAE-A915BC46C66C}.Release|Any CPU.Build.0 = Release|Any CPU
		{68B22C14-A488-44A5-A28A-057FB33C3C34}.Debug|Any CPU.ActiveCfg = Debug|Any CPU
		{68B22C14-A488-44A5-A28A-057FB33C3C34}.Debug|Any CPU.Build.0 = Debug|Any CPU
		{68B22C14-A488-44A5-A28A-057FB33C3C34}.Release|Any CPU.ActiveCfg = Release|Any CPU
		{68B22C14-A488-44A5-A28A-057FB33C3C34}.Release|Any CPU.Build.0 = Release|Any CPU
		{BB12E9BA-08AF-483A-ABE4-7CEF2069B274}.Debug|Any CPU.ActiveCfg = Debug|Any CPU
		{BB12E9BA-08AF-483A-ABE4-7CEF2069B274}.Debug|Any CPU.Build.0 = Debug|Any CPU
		{BB12E9BA-08AF-483A-ABE4-7CEF2069B274}.Release|Any CPU.ActiveCfg = Release|Any CPU
		{BB12E9BA-08AF-483A-ABE4-7CEF2069B274}.Release|Any CPU.Build.0 = Release|Any CPU
		{CAECDF6C-2FB6-4238-A5F6-3F0E1848C951}.Debug|Any CPU.ActiveCfg = Debug|Any CPU
		{CAECDF6C-2FB6-4238-A5F6-3F0E1848C951}.Debug|Any CPU.Build.0 = Debug|Any CPU
		{CAECDF6C-2FB6-4238-A5F6-3F0E1848C951}.Release|Any CPU.ActiveCfg = Release|Any CPU
		{CAECDF6C-2FB6-4238-A5F6-3F0E1848C951}.Release|Any CPU.Build.0 = Release|Any CPU
		{AD424025-ECC4-45BC-A1AA-8B63A06C4FEB}.Debug|Any CPU.ActiveCfg = Debug|Any CPU
		{AD424025-ECC4-45BC-A1AA-8B63A06C4FEB}.Debug|Any CPU.Build.0 = Debug|Any CPU
		{AD424025-ECC4-45BC-A1AA-8B63A06C4FEB}.Release|Any CPU.ActiveCfg = Release|Any CPU
		{AD424025-ECC4-45BC-A1AA-8B63A06C4FEB}.Release|Any CPU.Build.0 = Release|Any CPU
	EndGlobalSection
	GlobalSection(NestedProjects) = preSolution
		{1F6016AC-4440-4CAF-8406-976C40811B09} = {020B325E-D364-49AE-9F3D-5328654AEADA}
		{2C3299C8-5BE1-4BDC-A411-BA69077211AE} = {020B325E-D364-49AE-9F3D-5328654AEADA}
		{77EB1FEC-8612-4A6F-BFFF-D90A4168404C} = {020B325E-D364-49AE-9F3D-5328654AEADA}
		{B43BA7FA-0073-4879-9DD6-DC87DE72D737} = {020B325E-D364-49AE-9F3D-5328654AEADA}
		{3961A0E2-80DF-4DA3-B26A-F7CC44315AE9} = {020B325E-D364-49AE-9F3D-5328654AEADA}
		{3FF65D0E-008C-4400-BBAE-A915BC46C66C} = {020B325E-D364-49AE-9F3D-5328654AEADA}
		{68B22C14-A488-44A5-A28A-057FB33C3C34} = {020B325E-D364-49AE-9F3D-5328654AEADA}
		{BB12E9BA-08AF-483A-ABE4-7CEF2069B274} = {020B325E-D364-49AE-9F3D-5328654AEADA}
		{CAECDF6C-2FB6-4238-A5F6-3F0E1848C951} = {020B325E-D364-49AE-9F3D-5328654AEADA}
		{AD424025-ECC4-45BC-A1AA-8B63A06C4FEB} = {020B325E-D364-49AE-9F3D-5328654AEADA}
	EndGlobalSection
EndGlobal
