
Microsoft Visual Studio Solution File, Format Version 12.00
# Visual Studio Version 16
VisualStudioVersion = 16.0.30114.105
MinimumVisualStudioVersion = 10.0.40219.1
Project("{2150E333-8FDC-42A3-9474-1A3956D46DE8}") = "consent", "consent", "{2369ED4E-2EA2-4E4F-8A14-05349223BCEE}"
EndProject
Project("{FAE04EC0-301F-11D3-BF4B-00C04F79EFBC}") = "CatenaX.NetworkServices.Consent.Library", "consent\CatenaX.NetworkServices.Consent.Library\CatenaX.NetworkServices.Consent.Library.csproj", "{C3F96842-FBBB-4F45-AD35-1C29C0FB2FA9}"
EndProject
Project("{FAE04EC0-301F-11D3-BF4B-00C04F79EFBC}") = "CatenaX.NetworkServices.Consent.Library.Data", "consent\CatenaX.NetworkServices.Consent.Library.Data\CatenaX.NetworkServices.Consent.Library.Data.csproj", "{2D47EEBA-BDE3-4A28-A62A-BB5CC93C2679}"
EndProject
Project("{FAE04EC0-301F-11D3-BF4B-00C04F79EFBC}") = "CatenaX.NetworkServices.Consent.Service", "consent\CatenaX.NetworkServices.Consent.Service\CatenaX.NetworkServices.Consent.Service.csproj", "{8FC66A3D-83F4-4A02-85D2-C039A91C94AA}"
EndProject
Project("{FAE04EC0-301F-11D3-BF4B-00C04F79EFBC}") = "CatenaX.NetworkServices.Consent.Service.Tests", "consent\CatenaX.NetworkServices.Consent.Service.Tests\CatenaX.NetworkServices.Consent.Service.Tests.csproj", "{C8EC5B65-2C00-4554-92E6-5A46FAA583A4}"
EndProject
Project("{2150E333-8FDC-42A3-9474-1A3956D46DE8}") = "framework", "framework", "{79657784-5B49-4B63-B7EF-57620C4EEA20}"
EndProject
Project("{FAE04EC0-301F-11D3-BF4B-00C04F79EFBC}") = "CatenaX.NetworkServices.Framework.DBAccess", "framework\CatenaX.NetworkServices.Framework.DBAccess\CatenaX.NetworkServices.Framework.DBAccess.csproj", "{5C626486-074C-473B-9FBE-2C82D9A3DCC8}"
EndProject
Project("{2150E333-8FDC-42A3-9474-1A3956D46DE8}") = "keycloak", "keycloak", "{FE223F28-C597-489B-9E19-53A8E5E7400A}"
EndProject
Project("{FAE04EC0-301F-11D3-BF4B-00C04F79EFBC}") = "CatenaX.NetworkServices.Keycloak.Authentication", "keycloak\CatenaX.NetworkServices.Keycloak.Authentication\CatenaX.NetworkServices.Keycloak.Authentication.csproj", "{E6320AF6-0039-4AA2-B5EA-86DE3237CF7F}"
EndProject
Project("{FAE04EC0-301F-11D3-BF4B-00C04F79EFBC}") = "CatenaX.NetworkServices.Keycloak.DBAccess", "keycloak\CatenaX.NetworkServices.Keycloak.DBAccess\CatenaX.NetworkServices.Keycloak.DBAccess.csproj", "{AFF881B0-80DA-4B3F-A0D8-B1818365E598}"
EndProject
Project("{FAE04EC0-301F-11D3-BF4B-00C04F79EFBC}") = "CatenaX.NetworkServices.Keycloak.Factory", "keycloak\CatenaX.NetworkServices.Keycloak.Factory\CatenaX.NetworkServices.Keycloak.Factory.csproj", "{1CE4DCFD-8C3F-4960-AC94-05D4CDE38D39}"
EndProject
Project("{FAE04EC0-301F-11D3-BF4B-00C04F79EFBC}") = "Keycloak.Net", "..\keycloak\src\Keycloak.Net\Keycloak.Net.csproj", "{5C26B17D-170B-4CD1-9D73-11B0BC4EAA43}"
EndProject
Project("{2150E333-8FDC-42A3-9474-1A3956D46DE8}") = "mailing", "mailing", "{B2DDDD9E-D899-47A1-B68A-1FB751E7D9A8}"
EndProject
Project("{FAE04EC0-301F-11D3-BF4B-00C04F79EFBC}") = "CatenaX.NetworkServices.Mailing.SendMail", "mailing\CatenaX.NetworkServices.Mailing.SendMail\CatenaX.NetworkServices.Mailing.SendMail.csproj", "{3176F1CC-2C58-49B4-AD02-8C5450C60E0F}"
EndProject
Project("{FAE04EC0-301F-11D3-BF4B-00C04F79EFBC}") = "CatenaX.NetworkServices.Mailing.Template", "mailing\CatenaX.NetworkServices.Mailing.Template\CatenaX.NetworkServices.Mailing.Template.csproj", "{69B6DEFA-C674-44E5-B5BE-F38902C43378}"
EndProject
Project("{2150E333-8FDC-42A3-9474-1A3956D46DE8}") = "portalbackend", "portalbackend", "{BBA072EF-B4EE-455D-BC4F-931AFAC3C821}"
EndProject
Project("{FAE04EC0-301F-11D3-BF4B-00C04F79EFBC}") = "CatenaX.NetworkServices.PortalBackend.DBAccess", "portalbackend\CatenaX.NetworkServices.PortalBackend.DBAccess\CatenaX.NetworkServices.PortalBackend.DBAccess.csproj", "{678A145C-0807-4B80-9314-ACF89C00DA5A}"
EndProject
Project("{FAE04EC0-301F-11D3-BF4B-00C04F79EFBC}") = "CatenaX.NetworkServices.PortalBackend.PortalEntities", "portalbackend\CatenaX.NetworkServices.PortalBackend.PortalEntities\CatenaX.NetworkServices.PortalBackend.PortalEntities.csproj", "{2BEDC2BD-0635-4A04-AD91-1F09D826C8A7}"
EndProject
Project("{2150E333-8FDC-42A3-9474-1A3956D46DE8}") = "provisioning", "provisioning", "{4484DD65-AEE2-4FEB-AA1E-12AFDE1976AB}"
EndProject
Project("{FAE04EC0-301F-11D3-BF4B-00C04F79EFBC}") = "CatenaX.NetworkServices.Provisioning.DBAccess", "provisioning\CatenaX.NetworkServices.Provisioning.DBAccess\CatenaX.NetworkServices.Provisioning.DBAccess.csproj", "{2A9544CB-F650-4327-9D86-1E03418B25DC}"
EndProject
Project("{FAE04EC0-301F-11D3-BF4B-00C04F79EFBC}") = "CatenaX.NetworkServices.Provisioning.Library", "provisioning\CatenaX.NetworkServices.Provisioning.Library\CatenaX.NetworkServices.Provisioning.Library.csproj", "{054E718C-2B16-4AC8-BC76-3FD4CB95A3DA}"
EndProject
Project("{FAE04EC0-301F-11D3-BF4B-00C04F79EFBC}") = "CatenaX.NetworkServices.Provisioning.Mail", "provisioning\CatenaX.NetworkServices.Provisioning.Mail\CatenaX.NetworkServices.Provisioning.Mail.csproj", "{7789E17B-263A-4D77-A5F6-551F7DF2D4E1}"
EndProject
Project("{FAE04EC0-301F-11D3-BF4B-00C04F79EFBC}") = "CatenaX.NetworkServices.Provisioning.Service", "provisioning\CatenaX.NetworkServices.Provisioning.Service\CatenaX.NetworkServices.Provisioning.Service.csproj", "{C950C62E-F03A-4E84-AE78-A57F3E436D8A}"
EndProject
Project("{FAE04EC0-301F-11D3-BF4B-00C04F79EFBC}") = "CatenaX.NetworkServices.Provisioning.Utils", "provisioning\CatenaX.NetworkServices.Provisioning.Utils\CatenaX.NetworkServices.Provisioning.Utils.csproj", "{7AFB149B-391C-4C60-AEC6-3452A1EEF7ED}"
EndProject
Project("{2150E333-8FDC-42A3-9474-1A3956D46DE8}") = "registration", "registration", "{B44C7C89-07EB-4D48-B771-1F6B8F7826A0}"
EndProject
Project("{FAE04EC0-301F-11D3-BF4B-00C04F79EFBC}") = "CatenaX.NetworkServices.Registration.Service", "registration\CatenaX.NetworkServices.Registration.Service\CatenaX.NetworkServices.Registration.Service.csproj", "{83589242-0BF9-4327-AEB3-328DCAF2BB88}"
EndProject
Project("{2150E333-8FDC-42A3-9474-1A3956D46DE8}") = "useradministration", "useradministration", "{DA21F2D5-CF4E-4EBC-83A7-68C84FFC1802}"
EndProject
Project("{FAE04EC0-301F-11D3-BF4B-00C04F79EFBC}") = "CatenaX.NetworkServices.UserAdministration.Service", "useradministration\CatenaX.NetworkServices.UserAdministration.Service\CatenaX.NetworkServices.UserAdministration.Service.csproj", "{83EF6233-DD79-4968-8D01-A2F2A1387E29}"
EndProject
Project("{FAE04EC0-301F-11D3-BF4B-00C04F79EFBC}") = "CatenaX.NetworkServices.Provisioning.ProvisioningEntities", "provisioning\CatenaX.NetworkServices.Provisioning.ProvisioningEntities\CatenaX.NetworkServices.Provisioning.ProvisioningEntities.csproj", "{7097D2C7-05EB-40A3-BD16-B2C61F33DF0F}"
EndProject
Global
	GlobalSection(SolutionConfigurationPlatforms) = preSolution
		Debug|Any CPU = Debug|Any CPU
		Debug|x64 = Debug|x64
		Debug|x86 = Debug|x86
		Release|Any CPU = Release|Any CPU
		Release|x64 = Release|x64
		Release|x86 = Release|x86
	EndGlobalSection
	GlobalSection(SolutionProperties) = preSolution
		HideSolutionNode = FALSE
	EndGlobalSection
	GlobalSection(ProjectConfigurationPlatforms) = postSolution
		{C3F96842-FBBB-4F45-AD35-1C29C0FB2FA9}.Debug|Any CPU.ActiveCfg = Debug|Any CPU
		{C3F96842-FBBB-4F45-AD35-1C29C0FB2FA9}.Debug|Any CPU.Build.0 = Debug|Any CPU
		{C3F96842-FBBB-4F45-AD35-1C29C0FB2FA9}.Debug|x64.ActiveCfg = Debug|Any CPU
		{C3F96842-FBBB-4F45-AD35-1C29C0FB2FA9}.Debug|x64.Build.0 = Debug|Any CPU
		{C3F96842-FBBB-4F45-AD35-1C29C0FB2FA9}.Debug|x86.ActiveCfg = Debug|Any CPU
		{C3F96842-FBBB-4F45-AD35-1C29C0FB2FA9}.Debug|x86.Build.0 = Debug|Any CPU
		{C3F96842-FBBB-4F45-AD35-1C29C0FB2FA9}.Release|Any CPU.ActiveCfg = Release|Any CPU
		{C3F96842-FBBB-4F45-AD35-1C29C0FB2FA9}.Release|Any CPU.Build.0 = Release|Any CPU
		{C3F96842-FBBB-4F45-AD35-1C29C0FB2FA9}.Release|x64.ActiveCfg = Release|Any CPU
		{C3F96842-FBBB-4F45-AD35-1C29C0FB2FA9}.Release|x64.Build.0 = Release|Any CPU
		{C3F96842-FBBB-4F45-AD35-1C29C0FB2FA9}.Release|x86.ActiveCfg = Release|Any CPU
		{C3F96842-FBBB-4F45-AD35-1C29C0FB2FA9}.Release|x86.Build.0 = Release|Any CPU
		{2D47EEBA-BDE3-4A28-A62A-BB5CC93C2679}.Debug|Any CPU.ActiveCfg = Debug|Any CPU
		{2D47EEBA-BDE3-4A28-A62A-BB5CC93C2679}.Debug|Any CPU.Build.0 = Debug|Any CPU
		{2D47EEBA-BDE3-4A28-A62A-BB5CC93C2679}.Debug|x64.ActiveCfg = Debug|Any CPU
		{2D47EEBA-BDE3-4A28-A62A-BB5CC93C2679}.Debug|x64.Build.0 = Debug|Any CPU
		{2D47EEBA-BDE3-4A28-A62A-BB5CC93C2679}.Debug|x86.ActiveCfg = Debug|Any CPU
		{2D47EEBA-BDE3-4A28-A62A-BB5CC93C2679}.Debug|x86.Build.0 = Debug|Any CPU
		{2D47EEBA-BDE3-4A28-A62A-BB5CC93C2679}.Release|Any CPU.ActiveCfg = Release|Any CPU
		{2D47EEBA-BDE3-4A28-A62A-BB5CC93C2679}.Release|Any CPU.Build.0 = Release|Any CPU
		{2D47EEBA-BDE3-4A28-A62A-BB5CC93C2679}.Release|x64.ActiveCfg = Release|Any CPU
		{2D47EEBA-BDE3-4A28-A62A-BB5CC93C2679}.Release|x64.Build.0 = Release|Any CPU
		{2D47EEBA-BDE3-4A28-A62A-BB5CC93C2679}.Release|x86.ActiveCfg = Release|Any CPU
		{2D47EEBA-BDE3-4A28-A62A-BB5CC93C2679}.Release|x86.Build.0 = Release|Any CPU
		{8FC66A3D-83F4-4A02-85D2-C039A91C94AA}.Debug|Any CPU.ActiveCfg = Debug|Any CPU
		{8FC66A3D-83F4-4A02-85D2-C039A91C94AA}.Debug|Any CPU.Build.0 = Debug|Any CPU
		{8FC66A3D-83F4-4A02-85D2-C039A91C94AA}.Debug|x64.ActiveCfg = Debug|Any CPU
		{8FC66A3D-83F4-4A02-85D2-C039A91C94AA}.Debug|x64.Build.0 = Debug|Any CPU
		{8FC66A3D-83F4-4A02-85D2-C039A91C94AA}.Debug|x86.ActiveCfg = Debug|Any CPU
		{8FC66A3D-83F4-4A02-85D2-C039A91C94AA}.Debug|x86.Build.0 = Debug|Any CPU
		{8FC66A3D-83F4-4A02-85D2-C039A91C94AA}.Release|Any CPU.ActiveCfg = Release|Any CPU
		{8FC66A3D-83F4-4A02-85D2-C039A91C94AA}.Release|Any CPU.Build.0 = Release|Any CPU
		{8FC66A3D-83F4-4A02-85D2-C039A91C94AA}.Release|x64.ActiveCfg = Release|Any CPU
		{8FC66A3D-83F4-4A02-85D2-C039A91C94AA}.Release|x64.Build.0 = Release|Any CPU
		{8FC66A3D-83F4-4A02-85D2-C039A91C94AA}.Release|x86.ActiveCfg = Release|Any CPU
		{8FC66A3D-83F4-4A02-85D2-C039A91C94AA}.Release|x86.Build.0 = Release|Any CPU
		{C8EC5B65-2C00-4554-92E6-5A46FAA583A4}.Debug|Any CPU.ActiveCfg = Debug|Any CPU
		{C8EC5B65-2C00-4554-92E6-5A46FAA583A4}.Debug|Any CPU.Build.0 = Debug|Any CPU
		{C8EC5B65-2C00-4554-92E6-5A46FAA583A4}.Debug|x64.ActiveCfg = Debug|Any CPU
		{C8EC5B65-2C00-4554-92E6-5A46FAA583A4}.Debug|x64.Build.0 = Debug|Any CPU
		{C8EC5B65-2C00-4554-92E6-5A46FAA583A4}.Debug|x86.ActiveCfg = Debug|Any CPU
		{C8EC5B65-2C00-4554-92E6-5A46FAA583A4}.Debug|x86.Build.0 = Debug|Any CPU
		{C8EC5B65-2C00-4554-92E6-5A46FAA583A4}.Release|Any CPU.ActiveCfg = Release|Any CPU
		{C8EC5B65-2C00-4554-92E6-5A46FAA583A4}.Release|Any CPU.Build.0 = Release|Any CPU
		{C8EC5B65-2C00-4554-92E6-5A46FAA583A4}.Release|x64.ActiveCfg = Release|Any CPU
		{C8EC5B65-2C00-4554-92E6-5A46FAA583A4}.Release|x64.Build.0 = Release|Any CPU
		{C8EC5B65-2C00-4554-92E6-5A46FAA583A4}.Release|x86.ActiveCfg = Release|Any CPU
		{C8EC5B65-2C00-4554-92E6-5A46FAA583A4}.Release|x86.Build.0 = Release|Any CPU
		{5C626486-074C-473B-9FBE-2C82D9A3DCC8}.Debug|Any CPU.ActiveCfg = Debug|Any CPU
		{5C626486-074C-473B-9FBE-2C82D9A3DCC8}.Debug|Any CPU.Build.0 = Debug|Any CPU
		{5C626486-074C-473B-9FBE-2C82D9A3DCC8}.Debug|x64.ActiveCfg = Debug|Any CPU
		{5C626486-074C-473B-9FBE-2C82D9A3DCC8}.Debug|x64.Build.0 = Debug|Any CPU
		{5C626486-074C-473B-9FBE-2C82D9A3DCC8}.Debug|x86.ActiveCfg = Debug|Any CPU
		{5C626486-074C-473B-9FBE-2C82D9A3DCC8}.Debug|x86.Build.0 = Debug|Any CPU
		{5C626486-074C-473B-9FBE-2C82D9A3DCC8}.Release|Any CPU.ActiveCfg = Release|Any CPU
		{5C626486-074C-473B-9FBE-2C82D9A3DCC8}.Release|Any CPU.Build.0 = Release|Any CPU
		{5C626486-074C-473B-9FBE-2C82D9A3DCC8}.Release|x64.ActiveCfg = Release|Any CPU
		{5C626486-074C-473B-9FBE-2C82D9A3DCC8}.Release|x64.Build.0 = Release|Any CPU
		{5C626486-074C-473B-9FBE-2C82D9A3DCC8}.Release|x86.ActiveCfg = Release|Any CPU
		{5C626486-074C-473B-9FBE-2C82D9A3DCC8}.Release|x86.Build.0 = Release|Any CPU
		{E6320AF6-0039-4AA2-B5EA-86DE3237CF7F}.Debug|Any CPU.ActiveCfg = Debug|Any CPU
		{E6320AF6-0039-4AA2-B5EA-86DE3237CF7F}.Debug|Any CPU.Build.0 = Debug|Any CPU
		{E6320AF6-0039-4AA2-B5EA-86DE3237CF7F}.Debug|x64.ActiveCfg = Debug|Any CPU
		{E6320AF6-0039-4AA2-B5EA-86DE3237CF7F}.Debug|x64.Build.0 = Debug|Any CPU
		{E6320AF6-0039-4AA2-B5EA-86DE3237CF7F}.Debug|x86.ActiveCfg = Debug|Any CPU
		{E6320AF6-0039-4AA2-B5EA-86DE3237CF7F}.Debug|x86.Build.0 = Debug|Any CPU
		{E6320AF6-0039-4AA2-B5EA-86DE3237CF7F}.Release|Any CPU.ActiveCfg = Release|Any CPU
		{E6320AF6-0039-4AA2-B5EA-86DE3237CF7F}.Release|Any CPU.Build.0 = Release|Any CPU
		{E6320AF6-0039-4AA2-B5EA-86DE3237CF7F}.Release|x64.ActiveCfg = Release|Any CPU
		{E6320AF6-0039-4AA2-B5EA-86DE3237CF7F}.Release|x64.Build.0 = Release|Any CPU
		{E6320AF6-0039-4AA2-B5EA-86DE3237CF7F}.Release|x86.ActiveCfg = Release|Any CPU
		{E6320AF6-0039-4AA2-B5EA-86DE3237CF7F}.Release|x86.Build.0 = Release|Any CPU
		{AFF881B0-80DA-4B3F-A0D8-B1818365E598}.Debug|Any CPU.ActiveCfg = Debug|Any CPU
		{AFF881B0-80DA-4B3F-A0D8-B1818365E598}.Debug|Any CPU.Build.0 = Debug|Any CPU
		{AFF881B0-80DA-4B3F-A0D8-B1818365E598}.Debug|x64.ActiveCfg = Debug|Any CPU
		{AFF881B0-80DA-4B3F-A0D8-B1818365E598}.Debug|x64.Build.0 = Debug|Any CPU
		{AFF881B0-80DA-4B3F-A0D8-B1818365E598}.Debug|x86.ActiveCfg = Debug|Any CPU
		{AFF881B0-80DA-4B3F-A0D8-B1818365E598}.Debug|x86.Build.0 = Debug|Any CPU
		{AFF881B0-80DA-4B3F-A0D8-B1818365E598}.Release|Any CPU.ActiveCfg = Release|Any CPU
		{AFF881B0-80DA-4B3F-A0D8-B1818365E598}.Release|Any CPU.Build.0 = Release|Any CPU
		{AFF881B0-80DA-4B3F-A0D8-B1818365E598}.Release|x64.ActiveCfg = Release|Any CPU
		{AFF881B0-80DA-4B3F-A0D8-B1818365E598}.Release|x64.Build.0 = Release|Any CPU
		{AFF881B0-80DA-4B3F-A0D8-B1818365E598}.Release|x86.ActiveCfg = Release|Any CPU
		{AFF881B0-80DA-4B3F-A0D8-B1818365E598}.Release|x86.Build.0 = Release|Any CPU
		{1CE4DCFD-8C3F-4960-AC94-05D4CDE38D39}.Debug|Any CPU.ActiveCfg = Debug|Any CPU
		{1CE4DCFD-8C3F-4960-AC94-05D4CDE38D39}.Debug|Any CPU.Build.0 = Debug|Any CPU
		{1CE4DCFD-8C3F-4960-AC94-05D4CDE38D39}.Debug|x64.ActiveCfg = Debug|Any CPU
		{1CE4DCFD-8C3F-4960-AC94-05D4CDE38D39}.Debug|x64.Build.0 = Debug|Any CPU
		{1CE4DCFD-8C3F-4960-AC94-05D4CDE38D39}.Debug|x86.ActiveCfg = Debug|Any CPU
		{1CE4DCFD-8C3F-4960-AC94-05D4CDE38D39}.Debug|x86.Build.0 = Debug|Any CPU
		{1CE4DCFD-8C3F-4960-AC94-05D4CDE38D39}.Release|Any CPU.ActiveCfg = Release|Any CPU
		{1CE4DCFD-8C3F-4960-AC94-05D4CDE38D39}.Release|Any CPU.Build.0 = Release|Any CPU
		{1CE4DCFD-8C3F-4960-AC94-05D4CDE38D39}.Release|x64.ActiveCfg = Release|Any CPU
		{1CE4DCFD-8C3F-4960-AC94-05D4CDE38D39}.Release|x64.Build.0 = Release|Any CPU
		{1CE4DCFD-8C3F-4960-AC94-05D4CDE38D39}.Release|x86.ActiveCfg = Release|Any CPU
		{1CE4DCFD-8C3F-4960-AC94-05D4CDE38D39}.Release|x86.Build.0 = Release|Any CPU
		{5C26B17D-170B-4CD1-9D73-11B0BC4EAA43}.Debug|Any CPU.ActiveCfg = Debug|Any CPU
		{5C26B17D-170B-4CD1-9D73-11B0BC4EAA43}.Debug|Any CPU.Build.0 = Debug|Any CPU
		{5C26B17D-170B-4CD1-9D73-11B0BC4EAA43}.Debug|x64.ActiveCfg = Debug|Any CPU
		{5C26B17D-170B-4CD1-9D73-11B0BC4EAA43}.Debug|x64.Build.0 = Debug|Any CPU
		{5C26B17D-170B-4CD1-9D73-11B0BC4EAA43}.Debug|x86.ActiveCfg = Debug|Any CPU
		{5C26B17D-170B-4CD1-9D73-11B0BC4EAA43}.Debug|x86.Build.0 = Debug|Any CPU
		{5C26B17D-170B-4CD1-9D73-11B0BC4EAA43}.Release|Any CPU.ActiveCfg = Release|Any CPU
		{5C26B17D-170B-4CD1-9D73-11B0BC4EAA43}.Release|Any CPU.Build.0 = Release|Any CPU
		{5C26B17D-170B-4CD1-9D73-11B0BC4EAA43}.Release|x64.ActiveCfg = Release|Any CPU
		{5C26B17D-170B-4CD1-9D73-11B0BC4EAA43}.Release|x64.Build.0 = Release|Any CPU
		{5C26B17D-170B-4CD1-9D73-11B0BC4EAA43}.Release|x86.ActiveCfg = Release|Any CPU
		{5C26B17D-170B-4CD1-9D73-11B0BC4EAA43}.Release|x86.Build.0 = Release|Any CPU
		{3176F1CC-2C58-49B4-AD02-8C5450C60E0F}.Debug|Any CPU.ActiveCfg = Debug|Any CPU
		{3176F1CC-2C58-49B4-AD02-8C5450C60E0F}.Debug|Any CPU.Build.0 = Debug|Any CPU
		{3176F1CC-2C58-49B4-AD02-8C5450C60E0F}.Debug|x64.ActiveCfg = Debug|Any CPU
		{3176F1CC-2C58-49B4-AD02-8C5450C60E0F}.Debug|x64.Build.0 = Debug|Any CPU
		{3176F1CC-2C58-49B4-AD02-8C5450C60E0F}.Debug|x86.ActiveCfg = Debug|Any CPU
		{3176F1CC-2C58-49B4-AD02-8C5450C60E0F}.Debug|x86.Build.0 = Debug|Any CPU
		{3176F1CC-2C58-49B4-AD02-8C5450C60E0F}.Release|Any CPU.ActiveCfg = Release|Any CPU
		{3176F1CC-2C58-49B4-AD02-8C5450C60E0F}.Release|Any CPU.Build.0 = Release|Any CPU
		{3176F1CC-2C58-49B4-AD02-8C5450C60E0F}.Release|x64.ActiveCfg = Release|Any CPU
		{3176F1CC-2C58-49B4-AD02-8C5450C60E0F}.Release|x64.Build.0 = Release|Any CPU
		{3176F1CC-2C58-49B4-AD02-8C5450C60E0F}.Release|x86.ActiveCfg = Release|Any CPU
		{3176F1CC-2C58-49B4-AD02-8C5450C60E0F}.Release|x86.Build.0 = Release|Any CPU
		{69B6DEFA-C674-44E5-B5BE-F38902C43378}.Debug|Any CPU.ActiveCfg = Debug|Any CPU
		{69B6DEFA-C674-44E5-B5BE-F38902C43378}.Debug|Any CPU.Build.0 = Debug|Any CPU
		{69B6DEFA-C674-44E5-B5BE-F38902C43378}.Debug|x64.ActiveCfg = Debug|Any CPU
		{69B6DEFA-C674-44E5-B5BE-F38902C43378}.Debug|x64.Build.0 = Debug|Any CPU
		{69B6DEFA-C674-44E5-B5BE-F38902C43378}.Debug|x86.ActiveCfg = Debug|Any CPU
		{69B6DEFA-C674-44E5-B5BE-F38902C43378}.Debug|x86.Build.0 = Debug|Any CPU
		{69B6DEFA-C674-44E5-B5BE-F38902C43378}.Release|Any CPU.ActiveCfg = Release|Any CPU
		{69B6DEFA-C674-44E5-B5BE-F38902C43378}.Release|Any CPU.Build.0 = Release|Any CPU
		{69B6DEFA-C674-44E5-B5BE-F38902C43378}.Release|x64.ActiveCfg = Release|Any CPU
		{69B6DEFA-C674-44E5-B5BE-F38902C43378}.Release|x64.Build.0 = Release|Any CPU
		{69B6DEFA-C674-44E5-B5BE-F38902C43378}.Release|x86.ActiveCfg = Release|Any CPU
		{69B6DEFA-C674-44E5-B5BE-F38902C43378}.Release|x86.Build.0 = Release|Any CPU
		{678A145C-0807-4B80-9314-ACF89C00DA5A}.Debug|Any CPU.ActiveCfg = Debug|Any CPU
		{678A145C-0807-4B80-9314-ACF89C00DA5A}.Debug|Any CPU.Build.0 = Debug|Any CPU
		{678A145C-0807-4B80-9314-ACF89C00DA5A}.Debug|x64.ActiveCfg = Debug|Any CPU
		{678A145C-0807-4B80-9314-ACF89C00DA5A}.Debug|x64.Build.0 = Debug|Any CPU
		{678A145C-0807-4B80-9314-ACF89C00DA5A}.Debug|x86.ActiveCfg = Debug|Any CPU
		{678A145C-0807-4B80-9314-ACF89C00DA5A}.Debug|x86.Build.0 = Debug|Any CPU
		{678A145C-0807-4B80-9314-ACF89C00DA5A}.Release|Any CPU.ActiveCfg = Release|Any CPU
		{678A145C-0807-4B80-9314-ACF89C00DA5A}.Release|Any CPU.Build.0 = Release|Any CPU
		{678A145C-0807-4B80-9314-ACF89C00DA5A}.Release|x64.ActiveCfg = Release|Any CPU
		{678A145C-0807-4B80-9314-ACF89C00DA5A}.Release|x64.Build.0 = Release|Any CPU
		{678A145C-0807-4B80-9314-ACF89C00DA5A}.Release|x86.ActiveCfg = Release|Any CPU
		{678A145C-0807-4B80-9314-ACF89C00DA5A}.Release|x86.Build.0 = Release|Any CPU
		{2BEDC2BD-0635-4A04-AD91-1F09D826C8A7}.Debug|Any CPU.ActiveCfg = Debug|Any CPU
		{2BEDC2BD-0635-4A04-AD91-1F09D826C8A7}.Debug|Any CPU.Build.0 = Debug|Any CPU
		{2BEDC2BD-0635-4A04-AD91-1F09D826C8A7}.Debug|x64.ActiveCfg = Debug|Any CPU
		{2BEDC2BD-0635-4A04-AD91-1F09D826C8A7}.Debug|x64.Build.0 = Debug|Any CPU
		{2BEDC2BD-0635-4A04-AD91-1F09D826C8A7}.Debug|x86.ActiveCfg = Debug|Any CPU
		{2BEDC2BD-0635-4A04-AD91-1F09D826C8A7}.Debug|x86.Build.0 = Debug|Any CPU
		{2BEDC2BD-0635-4A04-AD91-1F09D826C8A7}.Release|Any CPU.ActiveCfg = Release|Any CPU
		{2BEDC2BD-0635-4A04-AD91-1F09D826C8A7}.Release|Any CPU.Build.0 = Release|Any CPU
		{2BEDC2BD-0635-4A04-AD91-1F09D826C8A7}.Release|x64.ActiveCfg = Release|Any CPU
		{2BEDC2BD-0635-4A04-AD91-1F09D826C8A7}.Release|x64.Build.0 = Release|Any CPU
		{2BEDC2BD-0635-4A04-AD91-1F09D826C8A7}.Release|x86.ActiveCfg = Release|Any CPU
		{2BEDC2BD-0635-4A04-AD91-1F09D826C8A7}.Release|x86.Build.0 = Release|Any CPU
		{2A9544CB-F650-4327-9D86-1E03418B25DC}.Debug|Any CPU.ActiveCfg = Debug|Any CPU
		{2A9544CB-F650-4327-9D86-1E03418B25DC}.Debug|Any CPU.Build.0 = Debug|Any CPU
		{2A9544CB-F650-4327-9D86-1E03418B25DC}.Debug|x64.ActiveCfg = Debug|Any CPU
		{2A9544CB-F650-4327-9D86-1E03418B25DC}.Debug|x64.Build.0 = Debug|Any CPU
		{2A9544CB-F650-4327-9D86-1E03418B25DC}.Debug|x86.ActiveCfg = Debug|Any CPU
		{2A9544CB-F650-4327-9D86-1E03418B25DC}.Debug|x86.Build.0 = Debug|Any CPU
		{2A9544CB-F650-4327-9D86-1E03418B25DC}.Release|Any CPU.ActiveCfg = Release|Any CPU
		{2A9544CB-F650-4327-9D86-1E03418B25DC}.Release|Any CPU.Build.0 = Release|Any CPU
		{2A9544CB-F650-4327-9D86-1E03418B25DC}.Release|x64.ActiveCfg = Release|Any CPU
		{2A9544CB-F650-4327-9D86-1E03418B25DC}.Release|x64.Build.0 = Release|Any CPU
		{2A9544CB-F650-4327-9D86-1E03418B25DC}.Release|x86.ActiveCfg = Release|Any CPU
		{2A9544CB-F650-4327-9D86-1E03418B25DC}.Release|x86.Build.0 = Release|Any CPU
		{054E718C-2B16-4AC8-BC76-3FD4CB95A3DA}.Debug|Any CPU.ActiveCfg = Debug|Any CPU
		{054E718C-2B16-4AC8-BC76-3FD4CB95A3DA}.Debug|Any CPU.Build.0 = Debug|Any CPU
		{054E718C-2B16-4AC8-BC76-3FD4CB95A3DA}.Debug|x64.ActiveCfg = Debug|Any CPU
		{054E718C-2B16-4AC8-BC76-3FD4CB95A3DA}.Debug|x64.Build.0 = Debug|Any CPU
		{054E718C-2B16-4AC8-BC76-3FD4CB95A3DA}.Debug|x86.ActiveCfg = Debug|Any CPU
		{054E718C-2B16-4AC8-BC76-3FD4CB95A3DA}.Debug|x86.Build.0 = Debug|Any CPU
		{054E718C-2B16-4AC8-BC76-3FD4CB95A3DA}.Release|Any CPU.ActiveCfg = Release|Any CPU
		{054E718C-2B16-4AC8-BC76-3FD4CB95A3DA}.Release|Any CPU.Build.0 = Release|Any CPU
		{054E718C-2B16-4AC8-BC76-3FD4CB95A3DA}.Release|x64.ActiveCfg = Release|Any CPU
		{054E718C-2B16-4AC8-BC76-3FD4CB95A3DA}.Release|x64.Build.0 = Release|Any CPU
		{054E718C-2B16-4AC8-BC76-3FD4CB95A3DA}.Release|x86.ActiveCfg = Release|Any CPU
		{054E718C-2B16-4AC8-BC76-3FD4CB95A3DA}.Release|x86.Build.0 = Release|Any CPU
		{7789E17B-263A-4D77-A5F6-551F7DF2D4E1}.Debug|Any CPU.ActiveCfg = Debug|Any CPU
		{7789E17B-263A-4D77-A5F6-551F7DF2D4E1}.Debug|Any CPU.Build.0 = Debug|Any CPU
		{7789E17B-263A-4D77-A5F6-551F7DF2D4E1}.Debug|x64.ActiveCfg = Debug|Any CPU
		{7789E17B-263A-4D77-A5F6-551F7DF2D4E1}.Debug|x64.Build.0 = Debug|Any CPU
		{7789E17B-263A-4D77-A5F6-551F7DF2D4E1}.Debug|x86.ActiveCfg = Debug|Any CPU
		{7789E17B-263A-4D77-A5F6-551F7DF2D4E1}.Debug|x86.Build.0 = Debug|Any CPU
		{7789E17B-263A-4D77-A5F6-551F7DF2D4E1}.Release|Any CPU.ActiveCfg = Release|Any CPU
		{7789E17B-263A-4D77-A5F6-551F7DF2D4E1}.Release|Any CPU.Build.0 = Release|Any CPU
		{7789E17B-263A-4D77-A5F6-551F7DF2D4E1}.Release|x64.ActiveCfg = Release|Any CPU
		{7789E17B-263A-4D77-A5F6-551F7DF2D4E1}.Release|x64.Build.0 = Release|Any CPU
		{7789E17B-263A-4D77-A5F6-551F7DF2D4E1}.Release|x86.ActiveCfg = Release|Any CPU
		{7789E17B-263A-4D77-A5F6-551F7DF2D4E1}.Release|x86.Build.0 = Release|Any CPU
		{C950C62E-F03A-4E84-AE78-A57F3E436D8A}.Debug|Any CPU.ActiveCfg = Debug|Any CPU
		{C950C62E-F03A-4E84-AE78-A57F3E436D8A}.Debug|Any CPU.Build.0 = Debug|Any CPU
		{C950C62E-F03A-4E84-AE78-A57F3E436D8A}.Debug|x64.ActiveCfg = Debug|Any CPU
		{C950C62E-F03A-4E84-AE78-A57F3E436D8A}.Debug|x64.Build.0 = Debug|Any CPU
		{C950C62E-F03A-4E84-AE78-A57F3E436D8A}.Debug|x86.ActiveCfg = Debug|Any CPU
		{C950C62E-F03A-4E84-AE78-A57F3E436D8A}.Debug|x86.Build.0 = Debug|Any CPU
		{C950C62E-F03A-4E84-AE78-A57F3E436D8A}.Release|Any CPU.ActiveCfg = Release|Any CPU
		{C950C62E-F03A-4E84-AE78-A57F3E436D8A}.Release|Any CPU.Build.0 = Release|Any CPU
		{C950C62E-F03A-4E84-AE78-A57F3E436D8A}.Release|x64.ActiveCfg = Release|Any CPU
		{C950C62E-F03A-4E84-AE78-A57F3E436D8A}.Release|x64.Build.0 = Release|Any CPU
		{C950C62E-F03A-4E84-AE78-A57F3E436D8A}.Release|x86.ActiveCfg = Release|Any CPU
		{C950C62E-F03A-4E84-AE78-A57F3E436D8A}.Release|x86.Build.0 = Release|Any CPU
		{7AFB149B-391C-4C60-AEC6-3452A1EEF7ED}.Debug|Any CPU.ActiveCfg = Debug|Any CPU
		{7AFB149B-391C-4C60-AEC6-3452A1EEF7ED}.Debug|Any CPU.Build.0 = Debug|Any CPU
		{7AFB149B-391C-4C60-AEC6-3452A1EEF7ED}.Debug|x64.ActiveCfg = Debug|Any CPU
		{7AFB149B-391C-4C60-AEC6-3452A1EEF7ED}.Debug|x64.Build.0 = Debug|Any CPU
		{7AFB149B-391C-4C60-AEC6-3452A1EEF7ED}.Debug|x86.ActiveCfg = Debug|Any CPU
		{7AFB149B-391C-4C60-AEC6-3452A1EEF7ED}.Debug|x86.Build.0 = Debug|Any CPU
		{7AFB149B-391C-4C60-AEC6-3452A1EEF7ED}.Release|Any CPU.ActiveCfg = Release|Any CPU
		{7AFB149B-391C-4C60-AEC6-3452A1EEF7ED}.Release|Any CPU.Build.0 = Release|Any CPU
		{7AFB149B-391C-4C60-AEC6-3452A1EEF7ED}.Release|x64.ActiveCfg = Release|Any CPU
		{7AFB149B-391C-4C60-AEC6-3452A1EEF7ED}.Release|x64.Build.0 = Release|Any CPU
		{7AFB149B-391C-4C60-AEC6-3452A1EEF7ED}.Release|x86.ActiveCfg = Release|Any CPU
		{7AFB149B-391C-4C60-AEC6-3452A1EEF7ED}.Release|x86.Build.0 = Release|Any CPU
		{83589242-0BF9-4327-AEB3-328DCAF2BB88}.Debug|Any CPU.ActiveCfg = Debug|Any CPU
		{83589242-0BF9-4327-AEB3-328DCAF2BB88}.Debug|Any CPU.Build.0 = Debug|Any CPU
		{83589242-0BF9-4327-AEB3-328DCAF2BB88}.Debug|x64.ActiveCfg = Debug|Any CPU
		{83589242-0BF9-4327-AEB3-328DCAF2BB88}.Debug|x64.Build.0 = Debug|Any CPU
		{83589242-0BF9-4327-AEB3-328DCAF2BB88}.Debug|x86.ActiveCfg = Debug|Any CPU
		{83589242-0BF9-4327-AEB3-328DCAF2BB88}.Debug|x86.Build.0 = Debug|Any CPU
		{83589242-0BF9-4327-AEB3-328DCAF2BB88}.Release|Any CPU.ActiveCfg = Release|Any CPU
		{83589242-0BF9-4327-AEB3-328DCAF2BB88}.Release|Any CPU.Build.0 = Release|Any CPU
		{83589242-0BF9-4327-AEB3-328DCAF2BB88}.Release|x64.ActiveCfg = Release|Any CPU
		{83589242-0BF9-4327-AEB3-328DCAF2BB88}.Release|x64.Build.0 = Release|Any CPU
		{83589242-0BF9-4327-AEB3-328DCAF2BB88}.Release|x86.ActiveCfg = Release|Any CPU
		{83589242-0BF9-4327-AEB3-328DCAF2BB88}.Release|x86.Build.0 = Release|Any CPU
		{83EF6233-DD79-4968-8D01-A2F2A1387E29}.Debug|Any CPU.ActiveCfg = Debug|Any CPU
		{83EF6233-DD79-4968-8D01-A2F2A1387E29}.Debug|Any CPU.Build.0 = Debug|Any CPU
		{83EF6233-DD79-4968-8D01-A2F2A1387E29}.Debug|x64.ActiveCfg = Debug|Any CPU
		{83EF6233-DD79-4968-8D01-A2F2A1387E29}.Debug|x64.Build.0 = Debug|Any CPU
		{83EF6233-DD79-4968-8D01-A2F2A1387E29}.Debug|x86.ActiveCfg = Debug|Any CPU
		{83EF6233-DD79-4968-8D01-A2F2A1387E29}.Debug|x86.Build.0 = Debug|Any CPU
		{83EF6233-DD79-4968-8D01-A2F2A1387E29}.Release|Any CPU.ActiveCfg = Release|Any CPU
		{83EF6233-DD79-4968-8D01-A2F2A1387E29}.Release|Any CPU.Build.0 = Release|Any CPU
		{83EF6233-DD79-4968-8D01-A2F2A1387E29}.Release|x64.ActiveCfg = Release|Any CPU
		{83EF6233-DD79-4968-8D01-A2F2A1387E29}.Release|x64.Build.0 = Release|Any CPU
		{83EF6233-DD79-4968-8D01-A2F2A1387E29}.Release|x86.ActiveCfg = Release|Any CPU
		{83EF6233-DD79-4968-8D01-A2F2A1387E29}.Release|x86.Build.0 = Release|Any CPU
		{7097D2C7-05EB-40A3-BD16-B2C61F33DF0F}.Debug|Any CPU.ActiveCfg = Debug|Any CPU
		{7097D2C7-05EB-40A3-BD16-B2C61F33DF0F}.Debug|Any CPU.Build.0 = Debug|Any CPU
		{7097D2C7-05EB-40A3-BD16-B2C61F33DF0F}.Debug|x64.ActiveCfg = Debug|Any CPU
		{7097D2C7-05EB-40A3-BD16-B2C61F33DF0F}.Debug|x64.Build.0 = Debug|Any CPU
		{7097D2C7-05EB-40A3-BD16-B2C61F33DF0F}.Debug|x86.ActiveCfg = Debug|Any CPU
		{7097D2C7-05EB-40A3-BD16-B2C61F33DF0F}.Debug|x86.Build.0 = Debug|Any CPU
		{7097D2C7-05EB-40A3-BD16-B2C61F33DF0F}.Release|Any CPU.ActiveCfg = Release|Any CPU
		{7097D2C7-05EB-40A3-BD16-B2C61F33DF0F}.Release|Any CPU.Build.0 = Release|Any CPU
		{7097D2C7-05EB-40A3-BD16-B2C61F33DF0F}.Release|x64.ActiveCfg = Release|Any CPU
		{7097D2C7-05EB-40A3-BD16-B2C61F33DF0F}.Release|x64.Build.0 = Release|Any CPU
		{7097D2C7-05EB-40A3-BD16-B2C61F33DF0F}.Release|x86.ActiveCfg = Release|Any CPU
		{7097D2C7-05EB-40A3-BD16-B2C61F33DF0F}.Release|x86.Build.0 = Release|Any CPU
	EndGlobalSection
	GlobalSection(NestedProjects) = preSolution
		{C3F96842-FBBB-4F45-AD35-1C29C0FB2FA9} = {2369ED4E-2EA2-4E4F-8A14-05349223BCEE}
		{2D47EEBA-BDE3-4A28-A62A-BB5CC93C2679} = {2369ED4E-2EA2-4E4F-8A14-05349223BCEE}
		{8FC66A3D-83F4-4A02-85D2-C039A91C94AA} = {2369ED4E-2EA2-4E4F-8A14-05349223BCEE}
		{C8EC5B65-2C00-4554-92E6-5A46FAA583A4} = {2369ED4E-2EA2-4E4F-8A14-05349223BCEE}
		{5C626486-074C-473B-9FBE-2C82D9A3DCC8} = {79657784-5B49-4B63-B7EF-57620C4EEA20}
		{E6320AF6-0039-4AA2-B5EA-86DE3237CF7F} = {FE223F28-C597-489B-9E19-53A8E5E7400A}
		{AFF881B0-80DA-4B3F-A0D8-B1818365E598} = {FE223F28-C597-489B-9E19-53A8E5E7400A}
		{1CE4DCFD-8C3F-4960-AC94-05D4CDE38D39} = {FE223F28-C597-489B-9E19-53A8E5E7400A}
		{3176F1CC-2C58-49B4-AD02-8C5450C60E0F} = {B2DDDD9E-D899-47A1-B68A-1FB751E7D9A8}
		{69B6DEFA-C674-44E5-B5BE-F38902C43378} = {B2DDDD9E-D899-47A1-B68A-1FB751E7D9A8}
		{678A145C-0807-4B80-9314-ACF89C00DA5A} = {BBA072EF-B4EE-455D-BC4F-931AFAC3C821}
		{2BEDC2BD-0635-4A04-AD91-1F09D826C8A7} = {BBA072EF-B4EE-455D-BC4F-931AFAC3C821}
		{2A9544CB-F650-4327-9D86-1E03418B25DC} = {4484DD65-AEE2-4FEB-AA1E-12AFDE1976AB}
		{054E718C-2B16-4AC8-BC76-3FD4CB95A3DA} = {4484DD65-AEE2-4FEB-AA1E-12AFDE1976AB}
		{7789E17B-263A-4D77-A5F6-551F7DF2D4E1} = {4484DD65-AEE2-4FEB-AA1E-12AFDE1976AB}
		{C950C62E-F03A-4E84-AE78-A57F3E436D8A} = {4484DD65-AEE2-4FEB-AA1E-12AFDE1976AB}
		{7AFB149B-391C-4C60-AEC6-3452A1EEF7ED} = {4484DD65-AEE2-4FEB-AA1E-12AFDE1976AB}
		{83589242-0BF9-4327-AEB3-328DCAF2BB88} = {B44C7C89-07EB-4D48-B771-1F6B8F7826A0}
		{83EF6233-DD79-4968-8D01-A2F2A1387E29} = {DA21F2D5-CF4E-4EBC-83A7-68C84FFC1802}
		{7097D2C7-05EB-40A3-BD16-B2C61F33DF0F} = {4484DD65-AEE2-4FEB-AA1E-12AFDE1976AB}
	EndGlobalSection
EndGlobal
