Microsoft Visual Studio Solution File, Format Version 12.00
# Visual Studio Version 17
VisualStudioVersion = 17.1.32407.343
MinimumVisualStudioVersion = 10.0.40219.1
Project("{2150E333-8FDC-42A3-9474-1A3956D46DE8}") = "framework", "framework", "{79657784-5B49-4B63-B7EF-57620C4EEA20}"
EndProject
Project("{9A19103F-16F7-4668-BE54-9A1E7A4F7556}") = "CatenaX.NetworkServices.Framework.DBAccess", "framework\CatenaX.NetworkServices.Framework.DBAccess\CatenaX.NetworkServices.Framework.DBAccess.csproj", "{5C626486-074C-473B-9FBE-2C82D9A3DCC8}"
EndProject
Project("{2150E333-8FDC-42A3-9474-1A3956D46DE8}") = "keycloak", "keycloak", "{FE223F28-C597-489B-9E19-53A8E5E7400A}"
EndProject
Project("{9A19103F-16F7-4668-BE54-9A1E7A4F7556}") = "CatenaX.NetworkServices.Keycloak.Authentication", "keycloak\CatenaX.NetworkServices.Keycloak.Authentication\CatenaX.NetworkServices.Keycloak.Authentication.csproj", "{E6320AF6-0039-4AA2-B5EA-86DE3237CF7F}"
EndProject
Project("{9A19103F-16F7-4668-BE54-9A1E7A4F7556}") = "CatenaX.NetworkServices.Keycloak.Factory", "keycloak\CatenaX.NetworkServices.Keycloak.Factory\CatenaX.NetworkServices.Keycloak.Factory.csproj", "{1CE4DCFD-8C3F-4960-AC94-05D4CDE38D39}"
EndProject
Project("{9A19103F-16F7-4668-BE54-9A1E7A4F7556}") = "Keycloak.Net", "..\keycloak\src\Keycloak.Net\Keycloak.Net.csproj", "{5C26B17D-170B-4CD1-9D73-11B0BC4EAA43}"
EndProject
Project("{2150E333-8FDC-42A3-9474-1A3956D46DE8}") = "mailing", "mailing", "{B2DDDD9E-D899-47A1-B68A-1FB751E7D9A8}"
EndProject
Project("{9A19103F-16F7-4668-BE54-9A1E7A4F7556}") = "CatenaX.NetworkServices.Mailing.SendMail", "mailing\CatenaX.NetworkServices.Mailing.SendMail\CatenaX.NetworkServices.Mailing.SendMail.csproj", "{3176F1CC-2C58-49B4-AD02-8C5450C60E0F}"
EndProject
Project("{9A19103F-16F7-4668-BE54-9A1E7A4F7556}") = "CatenaX.NetworkServices.Mailing.Template", "mailing\CatenaX.NetworkServices.Mailing.Template\CatenaX.NetworkServices.Mailing.Template.csproj", "{69B6DEFA-C674-44E5-B5BE-F38902C43378}"
EndProject
Project("{2150E333-8FDC-42A3-9474-1A3956D46DE8}") = "portalbackend", "portalbackend", "{BBA072EF-B4EE-455D-BC4F-931AFAC3C821}"
EndProject
Project("{9A19103F-16F7-4668-BE54-9A1E7A4F7556}") = "CatenaX.NetworkServices.PortalBackend.DBAccess", "portalbackend\CatenaX.NetworkServices.PortalBackend.DBAccess\CatenaX.NetworkServices.PortalBackend.DBAccess.csproj", "{678A145C-0807-4B80-9314-ACF89C00DA5A}"
EndProject
Project("{9A19103F-16F7-4668-BE54-9A1E7A4F7556}") = "CatenaX.NetworkServices.PortalBackend.PortalEntities", "portalbackend\CatenaX.NetworkServices.PortalBackend.PortalEntities\CatenaX.NetworkServices.PortalBackend.PortalEntities.csproj", "{2BEDC2BD-0635-4A04-AD91-1F09D826C8A7}"
EndProject
Project("{2150E333-8FDC-42A3-9474-1A3956D46DE8}") = "provisioning", "provisioning", "{4484DD65-AEE2-4FEB-AA1E-12AFDE1976AB}"
EndProject
Project("{9A19103F-16F7-4668-BE54-9A1E7A4F7556}") = "CatenaX.NetworkServices.Provisioning.DBAccess", "provisioning\CatenaX.NetworkServices.Provisioning.DBAccess\CatenaX.NetworkServices.Provisioning.DBAccess.csproj", "{2A9544CB-F650-4327-9D86-1E03418B25DC}"
EndProject
Project("{9A19103F-16F7-4668-BE54-9A1E7A4F7556}") = "CatenaX.NetworkServices.Provisioning.Library", "provisioning\CatenaX.NetworkServices.Provisioning.Library\CatenaX.NetworkServices.Provisioning.Library.csproj", "{054E718C-2B16-4AC8-BC76-3FD4CB95A3DA}"
EndProject
Project("{9A19103F-16F7-4668-BE54-9A1E7A4F7556}") = "CatenaX.NetworkServices.Provisioning.Mail", "provisioning\CatenaX.NetworkServices.Provisioning.Mail\CatenaX.NetworkServices.Provisioning.Mail.csproj", "{7789E17B-263A-4D77-A5F6-551F7DF2D4E1}"
EndProject
Project("{9A19103F-16F7-4668-BE54-9A1E7A4F7556}") = "CatenaX.NetworkServices.Provisioning.Service", "provisioning\CatenaX.NetworkServices.Provisioning.Service\CatenaX.NetworkServices.Provisioning.Service.csproj", "{C950C62E-F03A-4E84-AE78-A57F3E436D8A}"
EndProject
Project("{2150E333-8FDC-42A3-9474-1A3956D46DE8}") = "registration", "registration", "{B44C7C89-07EB-4D48-B771-1F6B8F7826A0}"
EndProject
Project("{9A19103F-16F7-4668-BE54-9A1E7A4F7556}") = "CatenaX.NetworkServices.Registration.Service", "registration\CatenaX.NetworkServices.Registration.Service\CatenaX.NetworkServices.Registration.Service.csproj", "{83589242-0BF9-4327-AEB3-328DCAF2BB88}"
EndProject
Project("{2150E333-8FDC-42A3-9474-1A3956D46DE8}") = "marketplace", "marketplace", "{3DD94567-71F8-4A68-A7DB-C95237F2F638}"
EndProject
Project("{9A19103F-16F7-4668-BE54-9A1E7A4F7556}") = "CatenaX.NetworkServices.App.Service", "marketplace\CatenaX.NetworkServices.App.Service\CatenaX.NetworkServices.App.Service.csproj", "{635D6465-46C5-4F36-9332-8220E907E023}"
EndProject
Project("{2150E333-8FDC-42A3-9474-1A3956D46DE8}") = "tests", "tests", "{D9D8E4C0-B711-11EC-B6B4-B7D64E83755B}"
EndProject
Project("{9A19103F-16F7-4668-BE54-9A1E7A4F7556}") = "CatenaX.NetworkServices.Provisioning.ProvisioningEntities", "provisioning\CatenaX.NetworkServices.Provisioning.ProvisioningEntities\CatenaX.NetworkServices.Provisioning.ProvisioningEntities.csproj", "{2EA692DA-5052-4E74-9760-FFC6EF537B83}"
EndProject
Project("{9A19103F-16F7-4668-BE54-9A1E7A4F7556}") = "CatenaX.NetworkServices.Registration.Service.Tests", "..\tests\registration\CatenaX.NetworkServices.Registration.Service.Tests\CatenaX.NetworkServices.Registration.Service.Tests.csproj", "{87F30DE6-A100-46F4-9C12-4EF8CFA57E6A}"
EndProject
Project("{9A19103F-16F7-4668-BE54-9A1E7A4F7556}") = "CatenaX.NetworkServices.Framework.ErrorHandling", "framework\CatenaX.NetworkServices.Framework.ErrorHandling\CatenaX.NetworkServices.Framework.ErrorHandling.csproj", "{6622C78C-755B-45E9-A69D-8A1A023E10F9}"
EndProject
Project("{9A19103F-16F7-4668-BE54-9A1E7A4F7556}") = "CatenaX.NetworkServices.Provisioning.Library.Tests", "..\tests\provisioning\CatenaX.NetworkServices.Provisioning.Library.Tests\CatenaX.NetworkServices.Provisioning.Library.Tests.csproj", "{BAC97A57-A960-43C7-86C7-44E18DAE6627}"
EndProject
Project("{9A19103F-16F7-4668-BE54-9A1E7A4F7556}") = "CatenaX.NetworkServices.PortalBackend.DBAccess.Tests", "..\tests\portalbackend\CatenaX.NetworkServices.PortalBackend.DBAccess.Tests\CatenaX.NetworkServices.PortalBackend.DBAccess.Tests.csproj", "{8AD40D9C-FF34-4ECC-8600-98B4EBC429FC}"
EndProject
Project("{2150E333-8FDC-42A3-9474-1A3956D46DE8}") = "administration", "administration", "{2DE6516D-6278-4778-8E1B-7F451E4195D3}"
EndProject
Project("{9A19103F-16F7-4668-BE54-9A1E7A4F7556}") = "CatenaX.NetworkServices.Administration.Service", "administration\CatenaX.NetworkServices.Administration.Service\CatenaX.NetworkServices.Administration.Service.csproj", "{4C4A70A4-18BF-4041-B31D-ED9A7EA1F256}"
EndProject
Project("{9A19103F-16F7-4668-BE54-9A1E7A4F7556}") = "CatenaX.NetworkServices.App.Service.Tests", "..\tests\marketplace\CatenaX.NetworkServices.App.Service.Tests\CatenaX.NetworkServices.App.Service.Tests.csproj", "{DD87FBFA-B75A-4A28-9E9E-2066F9A9D706}"
EndProject
Project("{9A19103F-16F7-4668-BE54-9A1E7A4F7556}") = "CatenaX.NetworkServices.Tests.Shared", "..\tests\shared\CatenaX.NetworkServices.Tests.Shared\CatenaX.NetworkServices.Tests.Shared.csproj", "{5A161CA2-061C-4E72-A8B2-5BB0EE329F9C}"
EndProject
Project("{FAE04EC0-301F-11D3-BF4B-00C04F79EFBC}") = "CatenaX.NetworkServices.PortalBackend.Migrations", "portalbackend\CatenaX.NetworkServices.PortalBackend.Migrations\CatenaX.NetworkServices.PortalBackend.Migrations.csproj", "{EFCD2C12-39CD-4471-9C19-428B562F595B}"
EndProject
Project("{FAE04EC0-301F-11D3-BF4B-00C04F79EFBC}") = "CatenaX.NetworkServices.Framework.Models", "framework\CatenaX.NetworkServices.Framework.Models\CatenaX.NetworkServices.Framework.Models.csproj", "{C1A7E53F-8624-47EA-B2FF-DE134C94F3CB}"
EndProject
Project("{9A19103F-16F7-4668-BE54-9A1E7A4F7556}") = "CatenaX.NetworkServices.Administration.Service.Tests", "..\tests\administration\CatenaX.NetworkServices.Administration.Service.Tests\CatenaX.NetworkServices.Administration.Service.Tests.csproj", "{A9336B40-6D50-4A49-8FBC-CD2E5D5866CD}"
EndProject
Project("{FAE04EC0-301F-11D3-BF4B-00C04F79EFBC}") = "CatenaX.NetworkServices.Framework.Swagger", "framework\CatenaX.NetworkServices.Framework.Swagger\CatenaX.NetworkServices.Framework.Swagger.csproj", "{AC8C9B72-AA30-4FD1-80D7-9703E23A06B6}"
EndProject
Project("{FAE04EC0-301F-11D3-BF4B-00C04F79EFBC}") = "CatenaX.NetworkServices.Maintenance.App", "maintenance\CatenaX.NetworkServices.Maintenance.App\CatenaX.NetworkServices.Maintenance.App.csproj", "{BD77690A-5ADF-4668-B5FF-DF88AE5BEF07}"
EndProject
Project("{2150E333-8FDC-42A3-9474-1A3956D46DE8}") = "maintenance", "maintenance", "{DBBC27FE-1154-4ECE-874E-D5435D55CC42}"
EndProject
Project("{FAE04EC0-301F-11D3-BF4B-00C04F79EFBC}") = "CatenaX.NetworkServices.Notification.Service", "notification\CatenaX.NetworkServices.Notification.Service\CatenaX.NetworkServices.Notification.Service.csproj", "{1D1F045C-28EA-4578-BB24-42021D737B14}"
EndProject
Project("{2150E333-8FDC-42A3-9474-1A3956D46DE8}") = "notification", "notification", "{28571F65-208A-4B45-8D9D-C0350B1B70F3}"
EndProject
Project("{FAE04EC0-301F-11D3-BF4B-00C04F79EFBC}") = "CatenaX.NetworkServices.Notification.Service.Tests", "..\tests\notification\CatenaX.NetworkServices.Notification.Service.Tests\CatenaX.NetworkServices.Notification.Service.Tests.csproj", "{81B8078F-BEF8-43BC-B707-121D4EA0275F}"
EndProject
Project("{FAE04EC0-301F-11D3-BF4B-00C04F79EFBC}") = "CatenaX.NetworkServices.Framework.Cors", "framework\CatenaX.NetworkServices.Framework.Cors\CatenaX.NetworkServices.Framework.Cors.csproj", "{05D97919-5DAE-4087-806A-6A8118DEC8AD}"
EndProject
Global
	GlobalSection(SolutionConfigurationPlatforms) = preSolution
		Debug|Any CPU = Debug|Any CPU
		Debug|x64 = Debug|x64
		Debug|x86 = Debug|x86
		Release|Any CPU = Release|Any CPU
		Release|x64 = Release|x64
		Release|x86 = Release|x86
	EndGlobalSection
	GlobalSection(ProjectConfigurationPlatforms) = postSolution
		{5C626486-074C-473B-9FBE-2C82D9A3DCC8}.Debug|Any CPU.ActiveCfg = Debug|Any CPU
		{5C626486-074C-473B-9FBE-2C82D9A3DCC8}.Debug|Any CPU.Build.0 = Debug|Any CPU
		{5C626486-074C-473B-9FBE-2C82D9A3DCC8}.Debug|x64.ActiveCfg = Debug|Any CPU
		{5C626486-074C-473B-9FBE-2C82D9A3DCC8}.Debug|x64.Build.0 = Debug|Any CPU
		{5C626486-074C-473B-9FBE-2C82D9A3DCC8}.Debug|x86.ActiveCfg = Debug|Any CPU
		{5C626486-074C-473B-9FBE-2C82D9A3DCC8}.Debug|x86.Build.0 = Debug|Any CPU
		{5C626486-074C-473B-9FBE-2C82D9A3DCC8}.Release|Any CPU.ActiveCfg = Release|Any CPU
		{5C626486-074C-473B-9FBE-2C82D9A3DCC8}.Release|Any CPU.Build.0 = Release|Any CPU
		{5C626486-074C-473B-9FBE-2C82D9A3DCC8}.Release|x64.ActiveCfg = Release|Any CPU
		{5C626486-074C-473B-9FBE-2C82D9A3DCC8}.Release|x64.Build.0 = Release|Any CPU
		{5C626486-074C-473B-9FBE-2C82D9A3DCC8}.Release|x86.ActiveCfg = Release|Any CPU
		{5C626486-074C-473B-9FBE-2C82D9A3DCC8}.Release|x86.Build.0 = Release|Any CPU
		{E6320AF6-0039-4AA2-B5EA-86DE3237CF7F}.Debug|Any CPU.ActiveCfg = Debug|Any CPU
		{E6320AF6-0039-4AA2-B5EA-86DE3237CF7F}.Debug|Any CPU.Build.0 = Debug|Any CPU
		{E6320AF6-0039-4AA2-B5EA-86DE3237CF7F}.Debug|x64.ActiveCfg = Debug|Any CPU
		{E6320AF6-0039-4AA2-B5EA-86DE3237CF7F}.Debug|x64.Build.0 = Debug|Any CPU
		{E6320AF6-0039-4AA2-B5EA-86DE3237CF7F}.Debug|x86.ActiveCfg = Debug|Any CPU
		{E6320AF6-0039-4AA2-B5EA-86DE3237CF7F}.Debug|x86.Build.0 = Debug|Any CPU
		{E6320AF6-0039-4AA2-B5EA-86DE3237CF7F}.Release|Any CPU.ActiveCfg = Release|Any CPU
		{E6320AF6-0039-4AA2-B5EA-86DE3237CF7F}.Release|Any CPU.Build.0 = Release|Any CPU
		{E6320AF6-0039-4AA2-B5EA-86DE3237CF7F}.Release|x64.ActiveCfg = Release|Any CPU
		{E6320AF6-0039-4AA2-B5EA-86DE3237CF7F}.Release|x64.Build.0 = Release|Any CPU
		{E6320AF6-0039-4AA2-B5EA-86DE3237CF7F}.Release|x86.ActiveCfg = Release|Any CPU
		{E6320AF6-0039-4AA2-B5EA-86DE3237CF7F}.Release|x86.Build.0 = Release|Any CPU
		{1CE4DCFD-8C3F-4960-AC94-05D4CDE38D39}.Debug|Any CPU.ActiveCfg = Debug|Any CPU
		{1CE4DCFD-8C3F-4960-AC94-05D4CDE38D39}.Debug|Any CPU.Build.0 = Debug|Any CPU
		{1CE4DCFD-8C3F-4960-AC94-05D4CDE38D39}.Debug|x64.ActiveCfg = Debug|Any CPU
		{1CE4DCFD-8C3F-4960-AC94-05D4CDE38D39}.Debug|x64.Build.0 = Debug|Any CPU
		{1CE4DCFD-8C3F-4960-AC94-05D4CDE38D39}.Debug|x86.ActiveCfg = Debug|Any CPU
		{1CE4DCFD-8C3F-4960-AC94-05D4CDE38D39}.Debug|x86.Build.0 = Debug|Any CPU
		{1CE4DCFD-8C3F-4960-AC94-05D4CDE38D39}.Release|Any CPU.ActiveCfg = Release|Any CPU
		{1CE4DCFD-8C3F-4960-AC94-05D4CDE38D39}.Release|Any CPU.Build.0 = Release|Any CPU
		{1CE4DCFD-8C3F-4960-AC94-05D4CDE38D39}.Release|x64.ActiveCfg = Release|Any CPU
		{1CE4DCFD-8C3F-4960-AC94-05D4CDE38D39}.Release|x64.Build.0 = Release|Any CPU
		{1CE4DCFD-8C3F-4960-AC94-05D4CDE38D39}.Release|x86.ActiveCfg = Release|Any CPU
		{1CE4DCFD-8C3F-4960-AC94-05D4CDE38D39}.Release|x86.Build.0 = Release|Any CPU
		{5C26B17D-170B-4CD1-9D73-11B0BC4EAA43}.Debug|Any CPU.ActiveCfg = Debug|Any CPU
		{5C26B17D-170B-4CD1-9D73-11B0BC4EAA43}.Debug|Any CPU.Build.0 = Debug|Any CPU
		{5C26B17D-170B-4CD1-9D73-11B0BC4EAA43}.Debug|x64.ActiveCfg = Debug|Any CPU
		{5C26B17D-170B-4CD1-9D73-11B0BC4EAA43}.Debug|x64.Build.0 = Debug|Any CPU
		{5C26B17D-170B-4CD1-9D73-11B0BC4EAA43}.Debug|x86.ActiveCfg = Debug|Any CPU
		{5C26B17D-170B-4CD1-9D73-11B0BC4EAA43}.Debug|x86.Build.0 = Debug|Any CPU
		{5C26B17D-170B-4CD1-9D73-11B0BC4EAA43}.Release|Any CPU.ActiveCfg = Release|Any CPU
		{5C26B17D-170B-4CD1-9D73-11B0BC4EAA43}.Release|Any CPU.Build.0 = Release|Any CPU
		{5C26B17D-170B-4CD1-9D73-11B0BC4EAA43}.Release|x64.ActiveCfg = Release|Any CPU
		{5C26B17D-170B-4CD1-9D73-11B0BC4EAA43}.Release|x64.Build.0 = Release|Any CPU
		{5C26B17D-170B-4CD1-9D73-11B0BC4EAA43}.Release|x86.ActiveCfg = Release|Any CPU
		{5C26B17D-170B-4CD1-9D73-11B0BC4EAA43}.Release|x86.Build.0 = Release|Any CPU
		{3176F1CC-2C58-49B4-AD02-8C5450C60E0F}.Debug|Any CPU.ActiveCfg = Debug|Any CPU
		{3176F1CC-2C58-49B4-AD02-8C5450C60E0F}.Debug|Any CPU.Build.0 = Debug|Any CPU
		{3176F1CC-2C58-49B4-AD02-8C5450C60E0F}.Debug|x64.ActiveCfg = Debug|Any CPU
		{3176F1CC-2C58-49B4-AD02-8C5450C60E0F}.Debug|x64.Build.0 = Debug|Any CPU
		{3176F1CC-2C58-49B4-AD02-8C5450C60E0F}.Debug|x86.ActiveCfg = Debug|Any CPU
		{3176F1CC-2C58-49B4-AD02-8C5450C60E0F}.Debug|x86.Build.0 = Debug|Any CPU
		{3176F1CC-2C58-49B4-AD02-8C5450C60E0F}.Release|Any CPU.ActiveCfg = Release|Any CPU
		{3176F1CC-2C58-49B4-AD02-8C5450C60E0F}.Release|Any CPU.Build.0 = Release|Any CPU
		{3176F1CC-2C58-49B4-AD02-8C5450C60E0F}.Release|x64.ActiveCfg = Release|Any CPU
		{3176F1CC-2C58-49B4-AD02-8C5450C60E0F}.Release|x64.Build.0 = Release|Any CPU
		{3176F1CC-2C58-49B4-AD02-8C5450C60E0F}.Release|x86.ActiveCfg = Release|Any CPU
		{3176F1CC-2C58-49B4-AD02-8C5450C60E0F}.Release|x86.Build.0 = Release|Any CPU
		{69B6DEFA-C674-44E5-B5BE-F38902C43378}.Debug|Any CPU.ActiveCfg = Debug|Any CPU
		{69B6DEFA-C674-44E5-B5BE-F38902C43378}.Debug|Any CPU.Build.0 = Debug|Any CPU
		{69B6DEFA-C674-44E5-B5BE-F38902C43378}.Debug|x64.ActiveCfg = Debug|Any CPU
		{69B6DEFA-C674-44E5-B5BE-F38902C43378}.Debug|x64.Build.0 = Debug|Any CPU
		{69B6DEFA-C674-44E5-B5BE-F38902C43378}.Debug|x86.ActiveCfg = Debug|Any CPU
		{69B6DEFA-C674-44E5-B5BE-F38902C43378}.Debug|x86.Build.0 = Debug|Any CPU
		{69B6DEFA-C674-44E5-B5BE-F38902C43378}.Release|Any CPU.ActiveCfg = Release|Any CPU
		{69B6DEFA-C674-44E5-B5BE-F38902C43378}.Release|Any CPU.Build.0 = Release|Any CPU
		{69B6DEFA-C674-44E5-B5BE-F38902C43378}.Release|x64.ActiveCfg = Release|Any CPU
		{69B6DEFA-C674-44E5-B5BE-F38902C43378}.Release|x64.Build.0 = Release|Any CPU
		{69B6DEFA-C674-44E5-B5BE-F38902C43378}.Release|x86.ActiveCfg = Release|Any CPU
		{69B6DEFA-C674-44E5-B5BE-F38902C43378}.Release|x86.Build.0 = Release|Any CPU
		{678A145C-0807-4B80-9314-ACF89C00DA5A}.Debug|Any CPU.ActiveCfg = Debug|Any CPU
		{678A145C-0807-4B80-9314-ACF89C00DA5A}.Debug|Any CPU.Build.0 = Debug|Any CPU
		{678A145C-0807-4B80-9314-ACF89C00DA5A}.Debug|x64.ActiveCfg = Debug|Any CPU
		{678A145C-0807-4B80-9314-ACF89C00DA5A}.Debug|x64.Build.0 = Debug|Any CPU
		{678A145C-0807-4B80-9314-ACF89C00DA5A}.Debug|x86.ActiveCfg = Debug|Any CPU
		{678A145C-0807-4B80-9314-ACF89C00DA5A}.Debug|x86.Build.0 = Debug|Any CPU
		{678A145C-0807-4B80-9314-ACF89C00DA5A}.Release|Any CPU.ActiveCfg = Release|Any CPU
		{678A145C-0807-4B80-9314-ACF89C00DA5A}.Release|Any CPU.Build.0 = Release|Any CPU
		{678A145C-0807-4B80-9314-ACF89C00DA5A}.Release|x64.ActiveCfg = Release|Any CPU
		{678A145C-0807-4B80-9314-ACF89C00DA5A}.Release|x64.Build.0 = Release|Any CPU
		{678A145C-0807-4B80-9314-ACF89C00DA5A}.Release|x86.ActiveCfg = Release|Any CPU
		{678A145C-0807-4B80-9314-ACF89C00DA5A}.Release|x86.Build.0 = Release|Any CPU
		{2BEDC2BD-0635-4A04-AD91-1F09D826C8A7}.Debug|Any CPU.ActiveCfg = Debug|Any CPU
		{2BEDC2BD-0635-4A04-AD91-1F09D826C8A7}.Debug|Any CPU.Build.0 = Debug|Any CPU
		{2BEDC2BD-0635-4A04-AD91-1F09D826C8A7}.Debug|x64.ActiveCfg = Debug|Any CPU
		{2BEDC2BD-0635-4A04-AD91-1F09D826C8A7}.Debug|x64.Build.0 = Debug|Any CPU
		{2BEDC2BD-0635-4A04-AD91-1F09D826C8A7}.Debug|x86.ActiveCfg = Debug|Any CPU
		{2BEDC2BD-0635-4A04-AD91-1F09D826C8A7}.Debug|x86.Build.0 = Debug|Any CPU
		{2BEDC2BD-0635-4A04-AD91-1F09D826C8A7}.Release|Any CPU.ActiveCfg = Release|Any CPU
		{2BEDC2BD-0635-4A04-AD91-1F09D826C8A7}.Release|Any CPU.Build.0 = Release|Any CPU
		{2BEDC2BD-0635-4A04-AD91-1F09D826C8A7}.Release|x64.ActiveCfg = Release|Any CPU
		{2BEDC2BD-0635-4A04-AD91-1F09D826C8A7}.Release|x64.Build.0 = Release|Any CPU
		{2BEDC2BD-0635-4A04-AD91-1F09D826C8A7}.Release|x86.ActiveCfg = Release|Any CPU
		{2BEDC2BD-0635-4A04-AD91-1F09D826C8A7}.Release|x86.Build.0 = Release|Any CPU
		{2A9544CB-F650-4327-9D86-1E03418B25DC}.Debug|Any CPU.ActiveCfg = Debug|Any CPU
		{2A9544CB-F650-4327-9D86-1E03418B25DC}.Debug|Any CPU.Build.0 = Debug|Any CPU
		{2A9544CB-F650-4327-9D86-1E03418B25DC}.Debug|x64.ActiveCfg = Debug|Any CPU
		{2A9544CB-F650-4327-9D86-1E03418B25DC}.Debug|x64.Build.0 = Debug|Any CPU
		{2A9544CB-F650-4327-9D86-1E03418B25DC}.Debug|x86.ActiveCfg = Debug|Any CPU
		{2A9544CB-F650-4327-9D86-1E03418B25DC}.Debug|x86.Build.0 = Debug|Any CPU
		{2A9544CB-F650-4327-9D86-1E03418B25DC}.Release|Any CPU.ActiveCfg = Release|Any CPU
		{2A9544CB-F650-4327-9D86-1E03418B25DC}.Release|Any CPU.Build.0 = Release|Any CPU
		{2A9544CB-F650-4327-9D86-1E03418B25DC}.Release|x64.ActiveCfg = Release|Any CPU
		{2A9544CB-F650-4327-9D86-1E03418B25DC}.Release|x64.Build.0 = Release|Any CPU
		{2A9544CB-F650-4327-9D86-1E03418B25DC}.Release|x86.ActiveCfg = Release|Any CPU
		{2A9544CB-F650-4327-9D86-1E03418B25DC}.Release|x86.Build.0 = Release|Any CPU
		{054E718C-2B16-4AC8-BC76-3FD4CB95A3DA}.Debug|Any CPU.ActiveCfg = Debug|Any CPU
		{054E718C-2B16-4AC8-BC76-3FD4CB95A3DA}.Debug|Any CPU.Build.0 = Debug|Any CPU
		{054E718C-2B16-4AC8-BC76-3FD4CB95A3DA}.Debug|x64.ActiveCfg = Debug|Any CPU
		{054E718C-2B16-4AC8-BC76-3FD4CB95A3DA}.Debug|x64.Build.0 = Debug|Any CPU
		{054E718C-2B16-4AC8-BC76-3FD4CB95A3DA}.Debug|x86.ActiveCfg = Debug|Any CPU
		{054E718C-2B16-4AC8-BC76-3FD4CB95A3DA}.Debug|x86.Build.0 = Debug|Any CPU
		{054E718C-2B16-4AC8-BC76-3FD4CB95A3DA}.Release|Any CPU.ActiveCfg = Release|Any CPU
		{054E718C-2B16-4AC8-BC76-3FD4CB95A3DA}.Release|Any CPU.Build.0 = Release|Any CPU
		{054E718C-2B16-4AC8-BC76-3FD4CB95A3DA}.Release|x64.ActiveCfg = Release|Any CPU
		{054E718C-2B16-4AC8-BC76-3FD4CB95A3DA}.Release|x64.Build.0 = Release|Any CPU
		{054E718C-2B16-4AC8-BC76-3FD4CB95A3DA}.Release|x86.ActiveCfg = Release|Any CPU
		{054E718C-2B16-4AC8-BC76-3FD4CB95A3DA}.Release|x86.Build.0 = Release|Any CPU
		{7789E17B-263A-4D77-A5F6-551F7DF2D4E1}.Debug|Any CPU.ActiveCfg = Debug|Any CPU
		{7789E17B-263A-4D77-A5F6-551F7DF2D4E1}.Debug|Any CPU.Build.0 = Debug|Any CPU
		{7789E17B-263A-4D77-A5F6-551F7DF2D4E1}.Debug|x64.ActiveCfg = Debug|Any CPU
		{7789E17B-263A-4D77-A5F6-551F7DF2D4E1}.Debug|x64.Build.0 = Debug|Any CPU
		{7789E17B-263A-4D77-A5F6-551F7DF2D4E1}.Debug|x86.ActiveCfg = Debug|Any CPU
		{7789E17B-263A-4D77-A5F6-551F7DF2D4E1}.Debug|x86.Build.0 = Debug|Any CPU
		{7789E17B-263A-4D77-A5F6-551F7DF2D4E1}.Release|Any CPU.ActiveCfg = Release|Any CPU
		{7789E17B-263A-4D77-A5F6-551F7DF2D4E1}.Release|Any CPU.Build.0 = Release|Any CPU
		{7789E17B-263A-4D77-A5F6-551F7DF2D4E1}.Release|x64.ActiveCfg = Release|Any CPU
		{7789E17B-263A-4D77-A5F6-551F7DF2D4E1}.Release|x64.Build.0 = Release|Any CPU
		{7789E17B-263A-4D77-A5F6-551F7DF2D4E1}.Release|x86.ActiveCfg = Release|Any CPU
		{7789E17B-263A-4D77-A5F6-551F7DF2D4E1}.Release|x86.Build.0 = Release|Any CPU
		{C950C62E-F03A-4E84-AE78-A57F3E436D8A}.Debug|Any CPU.ActiveCfg = Debug|Any CPU
		{C950C62E-F03A-4E84-AE78-A57F3E436D8A}.Debug|Any CPU.Build.0 = Debug|Any CPU
		{C950C62E-F03A-4E84-AE78-A57F3E436D8A}.Debug|x64.ActiveCfg = Debug|Any CPU
		{C950C62E-F03A-4E84-AE78-A57F3E436D8A}.Debug|x64.Build.0 = Debug|Any CPU
		{C950C62E-F03A-4E84-AE78-A57F3E436D8A}.Debug|x86.ActiveCfg = Debug|Any CPU
		{C950C62E-F03A-4E84-AE78-A57F3E436D8A}.Debug|x86.Build.0 = Debug|Any CPU
		{C950C62E-F03A-4E84-AE78-A57F3E436D8A}.Release|Any CPU.ActiveCfg = Release|Any CPU
		{C950C62E-F03A-4E84-AE78-A57F3E436D8A}.Release|Any CPU.Build.0 = Release|Any CPU
		{C950C62E-F03A-4E84-AE78-A57F3E436D8A}.Release|x64.ActiveCfg = Release|Any CPU
		{C950C62E-F03A-4E84-AE78-A57F3E436D8A}.Release|x64.Build.0 = Release|Any CPU
		{C950C62E-F03A-4E84-AE78-A57F3E436D8A}.Release|x86.ActiveCfg = Release|Any CPU
		{C950C62E-F03A-4E84-AE78-A57F3E436D8A}.Release|x86.Build.0 = Release|Any CPU
		{83589242-0BF9-4327-AEB3-328DCAF2BB88}.Debug|Any CPU.ActiveCfg = Debug|Any CPU
		{83589242-0BF9-4327-AEB3-328DCAF2BB88}.Debug|Any CPU.Build.0 = Debug|Any CPU
		{83589242-0BF9-4327-AEB3-328DCAF2BB88}.Debug|x64.ActiveCfg = Debug|Any CPU
		{83589242-0BF9-4327-AEB3-328DCAF2BB88}.Debug|x64.Build.0 = Debug|Any CPU
		{83589242-0BF9-4327-AEB3-328DCAF2BB88}.Debug|x86.ActiveCfg = Debug|Any CPU
		{83589242-0BF9-4327-AEB3-328DCAF2BB88}.Debug|x86.Build.0 = Debug|Any CPU
		{83589242-0BF9-4327-AEB3-328DCAF2BB88}.Release|Any CPU.ActiveCfg = Release|Any CPU
		{83589242-0BF9-4327-AEB3-328DCAF2BB88}.Release|Any CPU.Build.0 = Release|Any CPU
		{83589242-0BF9-4327-AEB3-328DCAF2BB88}.Release|x64.ActiveCfg = Release|Any CPU
		{83589242-0BF9-4327-AEB3-328DCAF2BB88}.Release|x64.Build.0 = Release|Any CPU
		{83589242-0BF9-4327-AEB3-328DCAF2BB88}.Release|x86.ActiveCfg = Release|Any CPU
		{83589242-0BF9-4327-AEB3-328DCAF2BB88}.Release|x86.Build.0 = Release|Any CPU
		{635D6465-46C5-4F36-9332-8220E907E023}.Debug|Any CPU.ActiveCfg = Debug|Any CPU
		{635D6465-46C5-4F36-9332-8220E907E023}.Debug|Any CPU.Build.0 = Debug|Any CPU
		{635D6465-46C5-4F36-9332-8220E907E023}.Debug|x64.ActiveCfg = Debug|Any CPU
		{635D6465-46C5-4F36-9332-8220E907E023}.Debug|x64.Build.0 = Debug|Any CPU
		{635D6465-46C5-4F36-9332-8220E907E023}.Debug|x86.ActiveCfg = Debug|Any CPU
		{635D6465-46C5-4F36-9332-8220E907E023}.Debug|x86.Build.0 = Debug|Any CPU
		{635D6465-46C5-4F36-9332-8220E907E023}.Release|Any CPU.ActiveCfg = Release|Any CPU
		{635D6465-46C5-4F36-9332-8220E907E023}.Release|Any CPU.Build.0 = Release|Any CPU
		{635D6465-46C5-4F36-9332-8220E907E023}.Release|x64.ActiveCfg = Release|Any CPU
		{635D6465-46C5-4F36-9332-8220E907E023}.Release|x64.Build.0 = Release|Any CPU
		{635D6465-46C5-4F36-9332-8220E907E023}.Release|x86.ActiveCfg = Release|Any CPU
		{635D6465-46C5-4F36-9332-8220E907E023}.Release|x86.Build.0 = Release|Any CPU
		{2EA692DA-5052-4E74-9760-FFC6EF537B83}.Debug|Any CPU.ActiveCfg = Debug|Any CPU
		{2EA692DA-5052-4E74-9760-FFC6EF537B83}.Debug|Any CPU.Build.0 = Debug|Any CPU
		{2EA692DA-5052-4E74-9760-FFC6EF537B83}.Debug|x64.ActiveCfg = Debug|Any CPU
		{2EA692DA-5052-4E74-9760-FFC6EF537B83}.Debug|x64.Build.0 = Debug|Any CPU
		{2EA692DA-5052-4E74-9760-FFC6EF537B83}.Debug|x86.ActiveCfg = Debug|Any CPU
		{2EA692DA-5052-4E74-9760-FFC6EF537B83}.Debug|x86.Build.0 = Debug|Any CPU
		{2EA692DA-5052-4E74-9760-FFC6EF537B83}.Release|Any CPU.ActiveCfg = Release|Any CPU
		{2EA692DA-5052-4E74-9760-FFC6EF537B83}.Release|Any CPU.Build.0 = Release|Any CPU
		{2EA692DA-5052-4E74-9760-FFC6EF537B83}.Release|x64.ActiveCfg = Release|Any CPU
		{2EA692DA-5052-4E74-9760-FFC6EF537B83}.Release|x64.Build.0 = Release|Any CPU
		{2EA692DA-5052-4E74-9760-FFC6EF537B83}.Release|x86.ActiveCfg = Release|Any CPU
		{2EA692DA-5052-4E74-9760-FFC6EF537B83}.Release|x86.Build.0 = Release|Any CPU
		{87F30DE6-A100-46F4-9C12-4EF8CFA57E6A}.Debug|Any CPU.ActiveCfg = Debug|Any CPU
		{87F30DE6-A100-46F4-9C12-4EF8CFA57E6A}.Debug|Any CPU.Build.0 = Debug|Any CPU
		{87F30DE6-A100-46F4-9C12-4EF8CFA57E6A}.Debug|x64.ActiveCfg = Debug|Any CPU
		{87F30DE6-A100-46F4-9C12-4EF8CFA57E6A}.Debug|x64.Build.0 = Debug|Any CPU
		{87F30DE6-A100-46F4-9C12-4EF8CFA57E6A}.Debug|x86.ActiveCfg = Debug|Any CPU
		{87F30DE6-A100-46F4-9C12-4EF8CFA57E6A}.Debug|x86.Build.0 = Debug|Any CPU
		{87F30DE6-A100-46F4-9C12-4EF8CFA57E6A}.Release|Any CPU.ActiveCfg = Release|Any CPU
		{87F30DE6-A100-46F4-9C12-4EF8CFA57E6A}.Release|Any CPU.Build.0 = Release|Any CPU
		{87F30DE6-A100-46F4-9C12-4EF8CFA57E6A}.Release|x64.ActiveCfg = Release|Any CPU
		{87F30DE6-A100-46F4-9C12-4EF8CFA57E6A}.Release|x64.Build.0 = Release|Any CPU
		{87F30DE6-A100-46F4-9C12-4EF8CFA57E6A}.Release|x86.ActiveCfg = Release|Any CPU
		{87F30DE6-A100-46F4-9C12-4EF8CFA57E6A}.Release|x86.Build.0 = Release|Any CPU
		{6622C78C-755B-45E9-A69D-8A1A023E10F9}.Debug|Any CPU.ActiveCfg = Debug|Any CPU
		{6622C78C-755B-45E9-A69D-8A1A023E10F9}.Debug|Any CPU.Build.0 = Debug|Any CPU
		{6622C78C-755B-45E9-A69D-8A1A023E10F9}.Debug|x64.ActiveCfg = Debug|Any CPU
		{6622C78C-755B-45E9-A69D-8A1A023E10F9}.Debug|x64.Build.0 = Debug|Any CPU
		{6622C78C-755B-45E9-A69D-8A1A023E10F9}.Debug|x86.ActiveCfg = Debug|Any CPU
		{6622C78C-755B-45E9-A69D-8A1A023E10F9}.Debug|x86.Build.0 = Debug|Any CPU
		{6622C78C-755B-45E9-A69D-8A1A023E10F9}.Release|Any CPU.ActiveCfg = Release|Any CPU
		{6622C78C-755B-45E9-A69D-8A1A023E10F9}.Release|Any CPU.Build.0 = Release|Any CPU
		{6622C78C-755B-45E9-A69D-8A1A023E10F9}.Release|x64.ActiveCfg = Release|Any CPU
		{6622C78C-755B-45E9-A69D-8A1A023E10F9}.Release|x64.Build.0 = Release|Any CPU
		{6622C78C-755B-45E9-A69D-8A1A023E10F9}.Release|x86.ActiveCfg = Release|Any CPU
		{6622C78C-755B-45E9-A69D-8A1A023E10F9}.Release|x86.Build.0 = Release|Any CPU
		{BAC97A57-A960-43C7-86C7-44E18DAE6627}.Debug|Any CPU.ActiveCfg = Debug|Any CPU
		{BAC97A57-A960-43C7-86C7-44E18DAE6627}.Debug|Any CPU.Build.0 = Debug|Any CPU
		{BAC97A57-A960-43C7-86C7-44E18DAE6627}.Debug|x64.ActiveCfg = Debug|Any CPU
		{BAC97A57-A960-43C7-86C7-44E18DAE6627}.Debug|x64.Build.0 = Debug|Any CPU
		{BAC97A57-A960-43C7-86C7-44E18DAE6627}.Debug|x86.ActiveCfg = Debug|Any CPU
		{BAC97A57-A960-43C7-86C7-44E18DAE6627}.Debug|x86.Build.0 = Debug|Any CPU
		{BAC97A57-A960-43C7-86C7-44E18DAE6627}.Release|Any CPU.ActiveCfg = Release|Any CPU
		{BAC97A57-A960-43C7-86C7-44E18DAE6627}.Release|Any CPU.Build.0 = Release|Any CPU
		{BAC97A57-A960-43C7-86C7-44E18DAE6627}.Release|x64.ActiveCfg = Release|Any CPU
		{BAC97A57-A960-43C7-86C7-44E18DAE6627}.Release|x64.Build.0 = Release|Any CPU
		{BAC97A57-A960-43C7-86C7-44E18DAE6627}.Release|x86.ActiveCfg = Release|Any CPU
		{BAC97A57-A960-43C7-86C7-44E18DAE6627}.Release|x86.Build.0 = Release|Any CPU
		{8AD40D9C-FF34-4ECC-8600-98B4EBC429FC}.Debug|Any CPU.ActiveCfg = Debug|Any CPU
		{8AD40D9C-FF34-4ECC-8600-98B4EBC429FC}.Debug|Any CPU.Build.0 = Debug|Any CPU
		{8AD40D9C-FF34-4ECC-8600-98B4EBC429FC}.Debug|x64.ActiveCfg = Debug|Any CPU
		{8AD40D9C-FF34-4ECC-8600-98B4EBC429FC}.Debug|x64.Build.0 = Debug|Any CPU
		{8AD40D9C-FF34-4ECC-8600-98B4EBC429FC}.Debug|x86.ActiveCfg = Debug|Any CPU
		{8AD40D9C-FF34-4ECC-8600-98B4EBC429FC}.Debug|x86.Build.0 = Debug|Any CPU
		{8AD40D9C-FF34-4ECC-8600-98B4EBC429FC}.Release|Any CPU.ActiveCfg = Release|Any CPU
		{8AD40D9C-FF34-4ECC-8600-98B4EBC429FC}.Release|Any CPU.Build.0 = Release|Any CPU
		{8AD40D9C-FF34-4ECC-8600-98B4EBC429FC}.Release|x64.ActiveCfg = Release|Any CPU
		{8AD40D9C-FF34-4ECC-8600-98B4EBC429FC}.Release|x64.Build.0 = Release|Any CPU
		{8AD40D9C-FF34-4ECC-8600-98B4EBC429FC}.Release|x86.ActiveCfg = Release|Any CPU
		{8AD40D9C-FF34-4ECC-8600-98B4EBC429FC}.Release|x86.Build.0 = Release|Any CPU
		{4C4A70A4-18BF-4041-B31D-ED9A7EA1F256}.Debug|Any CPU.ActiveCfg = Debug|Any CPU
		{4C4A70A4-18BF-4041-B31D-ED9A7EA1F256}.Debug|Any CPU.Build.0 = Debug|Any CPU
		{4C4A70A4-18BF-4041-B31D-ED9A7EA1F256}.Debug|x64.ActiveCfg = Debug|Any CPU
		{4C4A70A4-18BF-4041-B31D-ED9A7EA1F256}.Debug|x64.Build.0 = Debug|Any CPU
		{4C4A70A4-18BF-4041-B31D-ED9A7EA1F256}.Debug|x86.ActiveCfg = Debug|Any CPU
		{4C4A70A4-18BF-4041-B31D-ED9A7EA1F256}.Debug|x86.Build.0 = Debug|Any CPU
		{4C4A70A4-18BF-4041-B31D-ED9A7EA1F256}.Release|Any CPU.ActiveCfg = Release|Any CPU
		{4C4A70A4-18BF-4041-B31D-ED9A7EA1F256}.Release|Any CPU.Build.0 = Release|Any CPU
		{4C4A70A4-18BF-4041-B31D-ED9A7EA1F256}.Release|x64.ActiveCfg = Release|Any CPU
		{4C4A70A4-18BF-4041-B31D-ED9A7EA1F256}.Release|x64.Build.0 = Release|Any CPU
		{4C4A70A4-18BF-4041-B31D-ED9A7EA1F256}.Release|x86.ActiveCfg = Release|Any CPU
		{4C4A70A4-18BF-4041-B31D-ED9A7EA1F256}.Release|x86.Build.0 = Release|Any CPU
		{DD87FBFA-B75A-4A28-9E9E-2066F9A9D706}.Debug|Any CPU.ActiveCfg = Debug|Any CPU
		{DD87FBFA-B75A-4A28-9E9E-2066F9A9D706}.Debug|Any CPU.Build.0 = Debug|Any CPU
		{DD87FBFA-B75A-4A28-9E9E-2066F9A9D706}.Debug|x64.ActiveCfg = Debug|Any CPU
		{DD87FBFA-B75A-4A28-9E9E-2066F9A9D706}.Debug|x64.Build.0 = Debug|Any CPU
		{DD87FBFA-B75A-4A28-9E9E-2066F9A9D706}.Debug|x86.ActiveCfg = Debug|Any CPU
		{DD87FBFA-B75A-4A28-9E9E-2066F9A9D706}.Debug|x86.Build.0 = Debug|Any CPU
		{DD87FBFA-B75A-4A28-9E9E-2066F9A9D706}.Release|Any CPU.ActiveCfg = Release|Any CPU
		{DD87FBFA-B75A-4A28-9E9E-2066F9A9D706}.Release|Any CPU.Build.0 = Release|Any CPU
		{DD87FBFA-B75A-4A28-9E9E-2066F9A9D706}.Release|x64.ActiveCfg = Release|Any CPU
		{DD87FBFA-B75A-4A28-9E9E-2066F9A9D706}.Release|x64.Build.0 = Release|Any CPU
		{DD87FBFA-B75A-4A28-9E9E-2066F9A9D706}.Release|x86.ActiveCfg = Release|Any CPU
		{DD87FBFA-B75A-4A28-9E9E-2066F9A9D706}.Release|x86.Build.0 = Release|Any CPU
		{5A161CA2-061C-4E72-A8B2-5BB0EE329F9C}.Debug|Any CPU.ActiveCfg = Debug|Any CPU
		{5A161CA2-061C-4E72-A8B2-5BB0EE329F9C}.Debug|Any CPU.Build.0 = Debug|Any CPU
		{5A161CA2-061C-4E72-A8B2-5BB0EE329F9C}.Debug|x64.ActiveCfg = Debug|Any CPU
		{5A161CA2-061C-4E72-A8B2-5BB0EE329F9C}.Debug|x64.Build.0 = Debug|Any CPU
		{5A161CA2-061C-4E72-A8B2-5BB0EE329F9C}.Debug|x86.ActiveCfg = Debug|Any CPU
		{5A161CA2-061C-4E72-A8B2-5BB0EE329F9C}.Debug|x86.Build.0 = Debug|Any CPU
		{5A161CA2-061C-4E72-A8B2-5BB0EE329F9C}.Release|Any CPU.ActiveCfg = Release|Any CPU
		{5A161CA2-061C-4E72-A8B2-5BB0EE329F9C}.Release|Any CPU.Build.0 = Release|Any CPU
		{5A161CA2-061C-4E72-A8B2-5BB0EE329F9C}.Release|x64.ActiveCfg = Release|Any CPU
		{5A161CA2-061C-4E72-A8B2-5BB0EE329F9C}.Release|x64.Build.0 = Release|Any CPU
		{5A161CA2-061C-4E72-A8B2-5BB0EE329F9C}.Release|x86.ActiveCfg = Release|Any CPU
		{5A161CA2-061C-4E72-A8B2-5BB0EE329F9C}.Release|x86.Build.0 = Release|Any CPU
		{C1A7E53F-8624-47EA-B2FF-DE134C94F3CB}.Debug|Any CPU.ActiveCfg = Debug|Any CPU
		{C1A7E53F-8624-47EA-B2FF-DE134C94F3CB}.Debug|Any CPU.Build.0 = Debug|Any CPU
		{C1A7E53F-8624-47EA-B2FF-DE134C94F3CB}.Debug|x64.ActiveCfg = Debug|Any CPU
		{C1A7E53F-8624-47EA-B2FF-DE134C94F3CB}.Debug|x64.Build.0 = Debug|Any CPU
		{C1A7E53F-8624-47EA-B2FF-DE134C94F3CB}.Debug|x86.ActiveCfg = Debug|Any CPU
		{C1A7E53F-8624-47EA-B2FF-DE134C94F3CB}.Debug|x86.Build.0 = Debug|Any CPU
		{C1A7E53F-8624-47EA-B2FF-DE134C94F3CB}.Release|Any CPU.ActiveCfg = Release|Any CPU
		{C1A7E53F-8624-47EA-B2FF-DE134C94F3CB}.Release|Any CPU.Build.0 = Release|Any CPU
		{C1A7E53F-8624-47EA-B2FF-DE134C94F3CB}.Release|x64.ActiveCfg = Release|Any CPU
		{C1A7E53F-8624-47EA-B2FF-DE134C94F3CB}.Release|x64.Build.0 = Release|Any CPU
		{C1A7E53F-8624-47EA-B2FF-DE134C94F3CB}.Release|x86.ActiveCfg = Release|Any CPU
		{C1A7E53F-8624-47EA-B2FF-DE134C94F3CB}.Release|x86.Build.0 = Release|Any CPU
		{EFCD2C12-39CD-4471-9C19-428B562F595B}.Debug|Any CPU.ActiveCfg = Debug|Any CPU
		{EFCD2C12-39CD-4471-9C19-428B562F595B}.Debug|Any CPU.Build.0 = Debug|Any CPU
		{EFCD2C12-39CD-4471-9C19-428B562F595B}.Debug|x64.ActiveCfg = Debug|Any CPU
		{EFCD2C12-39CD-4471-9C19-428B562F595B}.Debug|x64.Build.0 = Debug|Any CPU
		{EFCD2C12-39CD-4471-9C19-428B562F595B}.Debug|x86.ActiveCfg = Debug|Any CPU
		{EFCD2C12-39CD-4471-9C19-428B562F595B}.Debug|x86.Build.0 = Debug|Any CPU
		{EFCD2C12-39CD-4471-9C19-428B562F595B}.Release|Any CPU.ActiveCfg = Release|Any CPU
		{EFCD2C12-39CD-4471-9C19-428B562F595B}.Release|Any CPU.Build.0 = Release|Any CPU
		{EFCD2C12-39CD-4471-9C19-428B562F595B}.Release|x64.ActiveCfg = Release|Any CPU
		{EFCD2C12-39CD-4471-9C19-428B562F595B}.Release|x64.Build.0 = Release|Any CPU
		{EFCD2C12-39CD-4471-9C19-428B562F595B}.Release|x86.ActiveCfg = Release|Any CPU
		{EFCD2C12-39CD-4471-9C19-428B562F595B}.Release|x86.Build.0 = Release|Any CPU
		{A9336B40-6D50-4A49-8FBC-CD2E5D5866CD}.Debug|Any CPU.ActiveCfg = Debug|Any CPU
		{A9336B40-6D50-4A49-8FBC-CD2E5D5866CD}.Debug|Any CPU.Build.0 = Debug|Any CPU
		{A9336B40-6D50-4A49-8FBC-CD2E5D5866CD}.Debug|x64.ActiveCfg = Debug|Any CPU
		{A9336B40-6D50-4A49-8FBC-CD2E5D5866CD}.Debug|x64.Build.0 = Debug|Any CPU
		{A9336B40-6D50-4A49-8FBC-CD2E5D5866CD}.Debug|x86.ActiveCfg = Debug|Any CPU
		{A9336B40-6D50-4A49-8FBC-CD2E5D5866CD}.Debug|x86.Build.0 = Debug|Any CPU
		{A9336B40-6D50-4A49-8FBC-CD2E5D5866CD}.Release|Any CPU.ActiveCfg = Release|Any CPU
		{A9336B40-6D50-4A49-8FBC-CD2E5D5866CD}.Release|Any CPU.Build.0 = Release|Any CPU
		{A9336B40-6D50-4A49-8FBC-CD2E5D5866CD}.Release|x64.ActiveCfg = Release|Any CPU
		{A9336B40-6D50-4A49-8FBC-CD2E5D5866CD}.Release|x64.Build.0 = Release|Any CPU
		{A9336B40-6D50-4A49-8FBC-CD2E5D5866CD}.Release|x86.ActiveCfg = Release|Any CPU
		{A9336B40-6D50-4A49-8FBC-CD2E5D5866CD}.Release|x86.Build.0 = Release|Any CPU
		{AC8C9B72-AA30-4FD1-80D7-9703E23A06B6}.Debug|Any CPU.ActiveCfg = Debug|Any CPU
		{AC8C9B72-AA30-4FD1-80D7-9703E23A06B6}.Debug|Any CPU.Build.0 = Debug|Any CPU
		{AC8C9B72-AA30-4FD1-80D7-9703E23A06B6}.Debug|x64.ActiveCfg = Debug|Any CPU
		{AC8C9B72-AA30-4FD1-80D7-9703E23A06B6}.Debug|x64.Build.0 = Debug|Any CPU
		{AC8C9B72-AA30-4FD1-80D7-9703E23A06B6}.Debug|x86.ActiveCfg = Debug|Any CPU
		{AC8C9B72-AA30-4FD1-80D7-9703E23A06B6}.Debug|x86.Build.0 = Debug|Any CPU
		{AC8C9B72-AA30-4FD1-80D7-9703E23A06B6}.Release|Any CPU.ActiveCfg = Release|Any CPU
		{AC8C9B72-AA30-4FD1-80D7-9703E23A06B6}.Release|Any CPU.Build.0 = Release|Any CPU
		{AC8C9B72-AA30-4FD1-80D7-9703E23A06B6}.Release|x64.ActiveCfg = Release|Any CPU
		{AC8C9B72-AA30-4FD1-80D7-9703E23A06B6}.Release|x64.Build.0 = Release|Any CPU
		{AC8C9B72-AA30-4FD1-80D7-9703E23A06B6}.Release|x86.ActiveCfg = Release|Any CPU
		{AC8C9B72-AA30-4FD1-80D7-9703E23A06B6}.Release|x86.Build.0 = Release|Any CPU
		{BD77690A-5ADF-4668-B5FF-DF88AE5BEF07}.Debug|Any CPU.ActiveCfg = Debug|Any CPU
		{BD77690A-5ADF-4668-B5FF-DF88AE5BEF07}.Debug|Any CPU.Build.0 = Debug|Any CPU
		{BD77690A-5ADF-4668-B5FF-DF88AE5BEF07}.Debug|x64.ActiveCfg = Debug|Any CPU
		{BD77690A-5ADF-4668-B5FF-DF88AE5BEF07}.Debug|x64.Build.0 = Debug|Any CPU
		{BD77690A-5ADF-4668-B5FF-DF88AE5BEF07}.Debug|x86.ActiveCfg = Debug|Any CPU
		{BD77690A-5ADF-4668-B5FF-DF88AE5BEF07}.Debug|x86.Build.0 = Debug|Any CPU
		{BD77690A-5ADF-4668-B5FF-DF88AE5BEF07}.Release|Any CPU.ActiveCfg = Release|Any CPU
		{BD77690A-5ADF-4668-B5FF-DF88AE5BEF07}.Release|Any CPU.Build.0 = Release|Any CPU
		{BD77690A-5ADF-4668-B5FF-DF88AE5BEF07}.Release|x64.ActiveCfg = Release|Any CPU
		{BD77690A-5ADF-4668-B5FF-DF88AE5BEF07}.Release|x64.Build.0 = Release|Any CPU
		{BD77690A-5ADF-4668-B5FF-DF88AE5BEF07}.Release|x86.ActiveCfg = Release|Any CPU
		{BD77690A-5ADF-4668-B5FF-DF88AE5BEF07}.Release|x86.Build.0 = Release|Any CPU
		{1D1F045C-28EA-4578-BB24-42021D737B14}.Debug|Any CPU.ActiveCfg = Debug|Any CPU
		{1D1F045C-28EA-4578-BB24-42021D737B14}.Debug|Any CPU.Build.0 = Debug|Any CPU
		{1D1F045C-28EA-4578-BB24-42021D737B14}.Debug|x64.ActiveCfg = Debug|Any CPU
		{1D1F045C-28EA-4578-BB24-42021D737B14}.Debug|x64.Build.0 = Debug|Any CPU
		{1D1F045C-28EA-4578-BB24-42021D737B14}.Debug|x86.ActiveCfg = Debug|Any CPU
		{1D1F045C-28EA-4578-BB24-42021D737B14}.Debug|x86.Build.0 = Debug|Any CPU
		{1D1F045C-28EA-4578-BB24-42021D737B14}.Release|Any CPU.ActiveCfg = Release|Any CPU
		{1D1F045C-28EA-4578-BB24-42021D737B14}.Release|Any CPU.Build.0 = Release|Any CPU
		{1D1F045C-28EA-4578-BB24-42021D737B14}.Release|x64.ActiveCfg = Release|Any CPU
		{1D1F045C-28EA-4578-BB24-42021D737B14}.Release|x64.Build.0 = Release|Any CPU
		{1D1F045C-28EA-4578-BB24-42021D737B14}.Release|x86.ActiveCfg = Release|Any CPU
		{1D1F045C-28EA-4578-BB24-42021D737B14}.Release|x86.Build.0 = Release|Any CPU
		{81B8078F-BEF8-43BC-B707-121D4EA0275F}.Debug|Any CPU.ActiveCfg = Debug|Any CPU
		{81B8078F-BEF8-43BC-B707-121D4EA0275F}.Debug|Any CPU.Build.0 = Debug|Any CPU
		{81B8078F-BEF8-43BC-B707-121D4EA0275F}.Debug|x64.ActiveCfg = Debug|Any CPU
		{81B8078F-BEF8-43BC-B707-121D4EA0275F}.Debug|x64.Build.0 = Debug|Any CPU
		{81B8078F-BEF8-43BC-B707-121D4EA0275F}.Debug|x86.ActiveCfg = Debug|Any CPU
		{81B8078F-BEF8-43BC-B707-121D4EA0275F}.Debug|x86.Build.0 = Debug|Any CPU
		{81B8078F-BEF8-43BC-B707-121D4EA0275F}.Release|Any CPU.ActiveCfg = Release|Any CPU
		{81B8078F-BEF8-43BC-B707-121D4EA0275F}.Release|Any CPU.Build.0 = Release|Any CPU
		{81B8078F-BEF8-43BC-B707-121D4EA0275F}.Release|x64.ActiveCfg = Release|Any CPU
		{81B8078F-BEF8-43BC-B707-121D4EA0275F}.Release|x64.Build.0 = Release|Any CPU
		{81B8078F-BEF8-43BC-B707-121D4EA0275F}.Release|x86.ActiveCfg = Release|Any CPU
		{81B8078F-BEF8-43BC-B707-121D4EA0275F}.Release|x86.Build.0 = Release|Any CPU
		{05D97919-5DAE-4087-806A-6A8118DEC8AD}.Debug|Any CPU.ActiveCfg = Debug|Any CPU
		{05D97919-5DAE-4087-806A-6A8118DEC8AD}.Debug|Any CPU.Build.0 = Debug|Any CPU
		{05D97919-5DAE-4087-806A-6A8118DEC8AD}.Debug|x64.ActiveCfg = Debug|Any CPU
		{05D97919-5DAE-4087-806A-6A8118DEC8AD}.Debug|x64.Build.0 = Debug|Any CPU
		{05D97919-5DAE-4087-806A-6A8118DEC8AD}.Debug|x86.ActiveCfg = Debug|Any CPU
		{05D97919-5DAE-4087-806A-6A8118DEC8AD}.Debug|x86.Build.0 = Debug|Any CPU
		{05D97919-5DAE-4087-806A-6A8118DEC8AD}.Release|Any CPU.ActiveCfg = Release|Any CPU
		{05D97919-5DAE-4087-806A-6A8118DEC8AD}.Release|Any CPU.Build.0 = Release|Any CPU
		{05D97919-5DAE-4087-806A-6A8118DEC8AD}.Release|x64.ActiveCfg = Release|Any CPU
		{05D97919-5DAE-4087-806A-6A8118DEC8AD}.Release|x64.Build.0 = Release|Any CPU
		{05D97919-5DAE-4087-806A-6A8118DEC8AD}.Release|x86.ActiveCfg = Release|Any CPU
		{05D97919-5DAE-4087-806A-6A8118DEC8AD}.Release|x86.Build.0 = Release|Any CPU
	EndGlobalSection
	GlobalSection(SolutionProperties) = preSolution
		HideSolutionNode = FALSE
	EndGlobalSection
	GlobalSection(NestedProjects) = preSolution
		{5C626486-074C-473B-9FBE-2C82D9A3DCC8} = {79657784-5B49-4B63-B7EF-57620C4EEA20}
		{E6320AF6-0039-4AA2-B5EA-86DE3237CF7F} = {FE223F28-C597-489B-9E19-53A8E5E7400A}
		{1CE4DCFD-8C3F-4960-AC94-05D4CDE38D39} = {FE223F28-C597-489B-9E19-53A8E5E7400A}
		{3176F1CC-2C58-49B4-AD02-8C5450C60E0F} = {B2DDDD9E-D899-47A1-B68A-1FB751E7D9A8}
		{69B6DEFA-C674-44E5-B5BE-F38902C43378} = {B2DDDD9E-D899-47A1-B68A-1FB751E7D9A8}
		{678A145C-0807-4B80-9314-ACF89C00DA5A} = {BBA072EF-B4EE-455D-BC4F-931AFAC3C821}
		{2BEDC2BD-0635-4A04-AD91-1F09D826C8A7} = {BBA072EF-B4EE-455D-BC4F-931AFAC3C821}
		{2A9544CB-F650-4327-9D86-1E03418B25DC} = {4484DD65-AEE2-4FEB-AA1E-12AFDE1976AB}
		{054E718C-2B16-4AC8-BC76-3FD4CB95A3DA} = {4484DD65-AEE2-4FEB-AA1E-12AFDE1976AB}
		{7789E17B-263A-4D77-A5F6-551F7DF2D4E1} = {4484DD65-AEE2-4FEB-AA1E-12AFDE1976AB}
		{C950C62E-F03A-4E84-AE78-A57F3E436D8A} = {4484DD65-AEE2-4FEB-AA1E-12AFDE1976AB}
		{83589242-0BF9-4327-AEB3-328DCAF2BB88} = {B44C7C89-07EB-4D48-B771-1F6B8F7826A0}
		{635D6465-46C5-4F36-9332-8220E907E023} = {3DD94567-71F8-4A68-A7DB-C95237F2F638}
		{2EA692DA-5052-4E74-9760-FFC6EF537B83} = {4484DD65-AEE2-4FEB-AA1E-12AFDE1976AB}
		{87F30DE6-A100-46F4-9C12-4EF8CFA57E6A} = {D9D8E4C0-B711-11EC-B6B4-B7D64E83755B}
		{6622C78C-755B-45E9-A69D-8A1A023E10F9} = {79657784-5B49-4B63-B7EF-57620C4EEA20}
		{BAC97A57-A960-43C7-86C7-44E18DAE6627} = {D9D8E4C0-B711-11EC-B6B4-B7D64E83755B}
		{8AD40D9C-FF34-4ECC-8600-98B4EBC429FC} = {D9D8E4C0-B711-11EC-B6B4-B7D64E83755B}
		{4C4A70A4-18BF-4041-B31D-ED9A7EA1F256} = {2DE6516D-6278-4778-8E1B-7F451E4195D3}
		{DD87FBFA-B75A-4A28-9E9E-2066F9A9D706} = {D9D8E4C0-B711-11EC-B6B4-B7D64E83755B}
		{5A161CA2-061C-4E72-A8B2-5BB0EE329F9C} = {D9D8E4C0-B711-11EC-B6B4-B7D64E83755B}
		{C1A7E53F-8624-47EA-B2FF-DE134C94F3CB} = {79657784-5B49-4B63-B7EF-57620C4EEA20}
		{EFCD2C12-39CD-4471-9C19-428B562F595B} = {BBA072EF-B4EE-455D-BC4F-931AFAC3C821}
		{A9336B40-6D50-4A49-8FBC-CD2E5D5866CD} = {D9D8E4C0-B711-11EC-B6B4-B7D64E83755B}
		{AC8C9B72-AA30-4FD1-80D7-9703E23A06B6} = {79657784-5B49-4B63-B7EF-57620C4EEA20}
		{BD77690A-5ADF-4668-B5FF-DF88AE5BEF07} = {DBBC27FE-1154-4ECE-874E-D5435D55CC42}
		{1D1F045C-28EA-4578-BB24-42021D737B14} = {28571F65-208A-4B45-8D9D-C0350B1B70F3}
		{81B8078F-BEF8-43BC-B707-121D4EA0275F} = {D9D8E4C0-B711-11EC-B6B4-B7D64E83755B}
		{05D97919-5DAE-4087-806A-6A8118DEC8AD} = {79657784-5B49-4B63-B7EF-57620C4EEA20}
	EndGlobalSection
	GlobalSection(ExtensibilityGlobals) = postSolution
		SolutionGuid = {2EB6265F-323A-4BF3-969E-003D64A14B64}
	EndGlobalSection
EndGlobal
