Microsoft Visual Studio Solution File, Format Version 12.00
# Visual Studio Version 17
VisualStudioVersion = 17.1.32407.343
MinimumVisualStudioVersion = 10.0.40219.1
Project("{2150E333-8FDC-42A3-9474-1A3956D46DE8}") = "administration", "administration", "{987C96EB-228A-439B-B501-A70BE218597E}"
EndProject
Project("{FAE04EC0-301F-11D3-BF4B-00C04F79EFBC}") = "Administration.Service", "administration\Administration.Service\Administration.Service.csproj", "{20A955B7-EE64-4C2B-8428-EDA5CFCAFFD7}"
EndProject
Project("{2150E333-8FDC-42A3-9474-1A3956D46DE8}") = "framework", "framework", "{2878C1C7-D27E-41D4-B024-D57079B4C13D}"
EndProject
Project("{FAE04EC0-301F-11D3-BF4B-00C04F79EFBC}") = "Framework.Cors", "framework\Framework.Cors\Framework.Cors.csproj", "{16D853F4-CF6B-4186-A87D-24F907BFA6A2}"
EndProject
Project("{FAE04EC0-301F-11D3-BF4B-00C04F79EFBC}") = "Framework.DBAccess", "framework\Framework.DBAccess\Framework.DBAccess.csproj", "{32DCF02D-3DB9-49B3-AEB8-3D8BF8C4224E}"
EndProject
Project("{FAE04EC0-301F-11D3-BF4B-00C04F79EFBC}") = "Framework.ErrorHandling", "framework\Framework.ErrorHandling\Framework.ErrorHandling.csproj", "{8B6A1246-B0DC-4F44-905A-E798A2B9A219}"
EndProject
Project("{FAE04EC0-301F-11D3-BF4B-00C04F79EFBC}") = "Framework.IO", "framework\Framework.IO\Framework.IO.csproj", "{BD36AC1B-C1E1-4F97-A9E3-F3669621384D}"
EndProject
Project("{FAE04EC0-301F-11D3-BF4B-00C04F79EFBC}") = "Framework.Models", "framework\Framework.Models\Framework.Models.csproj", "{2DC67474-4CD1-48C1-8F78-F1EDE91417DA}"
EndProject
Project("{FAE04EC0-301F-11D3-BF4B-00C04F79EFBC}") = "Framework.Swagger", "framework\Framework.Swagger\Framework.Swagger.csproj", "{749530D3-8A08-48D2-AEAB-C2CFBFA42D20}"
EndProject
Project("{FAE04EC0-301F-11D3-BF4B-00C04F79EFBC}") = "Framework.Web", "framework\Framework.Web\Framework.Web.csproj", "{22D73422-621B-4F34-94B3-66AB4BDA68AD}"
EndProject
Project("{2150E333-8FDC-42A3-9474-1A3956D46DE8}") = "keycloak", "keycloak", "{28643E2E-0387-4690-8288-E1D7D9D4DF4C}"
EndProject
Project("{FAE04EC0-301F-11D3-BF4B-00C04F79EFBC}") = "Keycloak.Authentication", "keycloak\Keycloak.Authentication\Keycloak.Authentication.csproj", "{ED191403-BA62-4DAB-90CD-540F66B02B9A}"
EndProject
Project("{FAE04EC0-301F-11D3-BF4B-00C04F79EFBC}") = "Keycloak.ErrorHandling", "keycloak\Keycloak.ErrorHandling\Keycloak.ErrorHandling.csproj", "{9FA9699C-53E3-425E-A2E6-B3306E4635BE}"
EndProject
Project("{FAE04EC0-301F-11D3-BF4B-00C04F79EFBC}") = "Keycloak.Factory", "keycloak\Keycloak.Factory\Keycloak.Factory.csproj", "{57F63B1B-E6F6-4AB1-8D8C-E19A29C366BD}"
EndProject
Project("{FAE04EC0-301F-11D3-BF4B-00C04F79EFBC}") = "Keycloak.Library", "keycloak\Keycloak.Library\Keycloak.Library.csproj", "{53B7A0C7-FC7B-4832-9F59-75BFC5A74F6D}"
EndProject
Project("{2150E333-8FDC-42A3-9474-1A3956D46DE8}") = "mailing", "mailing", "{E43B7AC1-F86A-48B3-BAB1-75066622FA37}"
EndProject
Project("{FAE04EC0-301F-11D3-BF4B-00C04F79EFBC}") = "Mailing.SendMail", "mailing\Mailing.SendMail\Mailing.SendMail.csproj", "{0F658245-9E2B-459A-BEF4-9013504FCAE6}"
EndProject
Project("{FAE04EC0-301F-11D3-BF4B-00C04F79EFBC}") = "Mailing.Template", "mailing\Mailing.Template\Mailing.Template.csproj", "{7C38C08B-5686-4FE8-A673-915B96BBBA40}"
EndProject
Project("{2150E333-8FDC-42A3-9474-1A3956D46DE8}") = "maintenance", "maintenance", "{A033446F-60A4-4D40-A0A9-5E35CBF561AE}"
EndProject
Project("{FAE04EC0-301F-11D3-BF4B-00C04F79EFBC}") = "Maintenance.App", "maintenance\Maintenance.App\Maintenance.App.csproj", "{E7BEE9B8-02AD-460A-B13C-702BC1F85B8F}"
EndProject
Project("{2150E333-8FDC-42A3-9474-1A3956D46DE8}") = "marketplace", "marketplace", "{207A589C-1709-48F5-AA19-7E0B240B1BF9}"
EndProject
Project("{FAE04EC0-301F-11D3-BF4B-00C04F79EFBC}") = "Apps.Service", "marketplace\Apps.Service\Apps.Service.csproj", "{AB968A95-1EC9-4672-8DF2-27351A17B9C0}"
EndProject
Project("{FAE04EC0-301F-11D3-BF4B-00C04F79EFBC}") = "Offers.Library", "marketplace\Offers.Library\Offers.Library.csproj", "{B201B88A-4E4B-4267-81BF-AC955058C233}"
EndProject
Project("{FAE04EC0-301F-11D3-BF4B-00C04F79EFBC}") = "Services.Service", "marketplace\Services.Service\Services.Service.csproj", "{0F435669-2D70-4CC3-99BF-C000F90C7C1D}"
EndProject
Project("{2150E333-8FDC-42A3-9474-1A3956D46DE8}") = "notification", "notification", "{0E76391B-7187-4B7E-90D8-281682D210C4}"
EndProject
Project("{FAE04EC0-301F-11D3-BF4B-00C04F79EFBC}") = "Notification.Library", "notification\Notification.Library\Notification.Library.csproj", "{B973CFA0-EF5C-44EF-ABB1-AB13AE1E9D28}"
EndProject
Project("{FAE04EC0-301F-11D3-BF4B-00C04F79EFBC}") = "Notification.Service", "notification\Notification.Service\Notification.Service.csproj", "{565243D9-E945-4885-BE9C-6651A8D071B8}"
EndProject
Project("{2150E333-8FDC-42A3-9474-1A3956D46DE8}") = "portalbackend", "portalbackend", "{90E45B0E-4281-4E90-8F20-24B55762A70A}"
EndProject
Project("{FAE04EC0-301F-11D3-BF4B-00C04F79EFBC}") = "PortalBackend.DBAccess", "portalbackend\PortalBackend.DBAccess\PortalBackend.DBAccess.csproj", "{6DF3C517-EA3F-4EF8-AABC-FF6E8591FA21}"
EndProject
Project("{FAE04EC0-301F-11D3-BF4B-00C04F79EFBC}") = "PortalBackend.Migrations", "portalbackend\PortalBackend.Migrations\PortalBackend.Migrations.csproj", "{A6768BEB-0CD5-41AE-9C26-816C81A5A87F}"
EndProject
Project("{FAE04EC0-301F-11D3-BF4B-00C04F79EFBC}") = "PortalBackend.PortalEntities", "portalbackend\PortalBackend.PortalEntities\PortalBackend.PortalEntities.csproj", "{7A22DD0B-1CE8-4E9E-A973-FD83ED944EF6}"
EndProject
Project("{2150E333-8FDC-42A3-9474-1A3956D46DE8}") = "provisioning", "provisioning", "{DBF6F509-C871-48BF-83C7-431D1CACBF72}"
EndProject
Project("{FAE04EC0-301F-11D3-BF4B-00C04F79EFBC}") = "Provisioning.DBAccess", "provisioning\Provisioning.DBAccess\Provisioning.DBAccess.csproj", "{F3B4ACE6-3F95-4399-A91E-ADEA80C8DC0D}"
EndProject
Project("{FAE04EC0-301F-11D3-BF4B-00C04F79EFBC}") = "Provisioning.Library", "provisioning\Provisioning.Library\Provisioning.Library.csproj", "{69F6E843-15DF-4B53-9FB3-481B2EFC8C56}"
EndProject
Project("{FAE04EC0-301F-11D3-BF4B-00C04F79EFBC}") = "Provisioning.Mail", "provisioning\Provisioning.Mail\Provisioning.Mail.csproj", "{F5BA53D1-4B2C-4634-8E9C-51253FE0E513}"
EndProject
Project("{FAE04EC0-301F-11D3-BF4B-00C04F79EFBC}") = "Provisioning.ProvisioningEntities", "provisioning\Provisioning.ProvisioningEntities\Provisioning.ProvisioningEntities.csproj", "{632076D2-B5C1-46A2-862E-22C45A652710}"
EndProject
Project("{FAE04EC0-301F-11D3-BF4B-00C04F79EFBC}") = "Provisioning.Service", "provisioning\Provisioning.Service\Provisioning.Service.csproj", "{2AB82A49-0F10-4354-A042-A58863959E30}"
EndProject
Project("{2150E333-8FDC-42A3-9474-1A3956D46DE8}") = "registration", "registration", "{7E44F176-E905-496A-B3BA-FFD3BD18E2A7}"
EndProject
Project("{FAE04EC0-301F-11D3-BF4B-00C04F79EFBC}") = "Registration.Service", "registration\Registration.Service\Registration.Service.csproj", "{7B45754C-07A5-4CCA-8FAE-DCCEC015BEB4}"
EndProject
Project("{2150E333-8FDC-42A3-9474-1A3956D46DE8}") = "tests", "tests", "{A082DCA7-2D7C-40CA-AF7C-893B50C9E344}"
EndProject
Project("{FAE04EC0-301F-11D3-BF4B-00C04F79EFBC}") = "Administration.Service.Tests", "..\tests\administration\Administration.Service.Tests\Administration.Service.Tests.csproj", "{FCBD6754-579D-4126-B375-5834561EC3E2}"
EndProject
Project("{FAE04EC0-301F-11D3-BF4B-00C04F79EFBC}") = "Framework.ErrorHandling.Tests", "..\tests\framework\Framework.ErrorHandling.Tests\Framework.ErrorHandling.Tests.csproj", "{7C7E4203-87AD-4BE6-8A43-4E0C9CF1624C}"
EndProject
Project("{FAE04EC0-301F-11D3-BF4B-00C04F79EFBC}") = "Apps.Service.Tests", "..\tests\marketplace\Apps.Service.Tests\Apps.Service.Tests.csproj", "{F7128E54-0EE1-4552-AF26-95E183279312}"
EndProject
Project("{FAE04EC0-301F-11D3-BF4B-00C04F79EFBC}") = "Offers.Library.Tests", "..\tests\marketplace\Offers.Library.Tests\Offers.Library.Tests.csproj", "{E83C4E18-F4FC-4ECF-87B6-1B0C3956AD05}"
EndProject
Project("{FAE04EC0-301F-11D3-BF4B-00C04F79EFBC}") = "Services.Service.Tests", "..\tests\marketplace\Services.Service.Tests\Services.Service.Tests.csproj", "{1508F3EA-C2E6-4CF5-8A5F-B14F490DFEE3}"
EndProject
Project("{FAE04EC0-301F-11D3-BF4B-00C04F79EFBC}") = "Notification.Library.Tests", "..\tests\notification\Notification.Library.Tests\Notification.Library.Tests.csproj", "{8975A1E0-176C-4DDD-84F9-89B45DA075D2}"
EndProject
Project("{FAE04EC0-301F-11D3-BF4B-00C04F79EFBC}") = "Notification.Service.Tests", "..\tests\notification\Notification.Service.Tests\Notification.Service.Tests.csproj", "{0F984796-F9F1-433A-BB5F-BFE3C4F99CF6}"
EndProject
Project("{FAE04EC0-301F-11D3-BF4B-00C04F79EFBC}") = "PortalBackend.DBAccess.Tests", "..\tests\portalbackend\PortalBackend.DBAccess.Tests\PortalBackend.DBAccess.Tests.csproj", "{667F71CE-A9A3-40B1-8C46-54B2F9E391EB}"
EndProject
Project("{FAE04EC0-301F-11D3-BF4B-00C04F79EFBC}") = "Provisioning.Library.Tests", "..\tests\provisioning\Provisioning.Library.Tests\Provisioning.Library.Tests.csproj", "{FB41FE3B-15F7-4887-84AB-912626622D0F}"
EndProject
Project("{FAE04EC0-301F-11D3-BF4B-00C04F79EFBC}") = "Registration.Service.Tests", "..\tests\registration\Registration.Service.Tests\Registration.Service.Tests.csproj", "{7DB8F85B-72F1-40E4-B712-EE0531FC9375}"
EndProject
Project("{FAE04EC0-301F-11D3-BF4B-00C04F79EFBC}") = "Tests.Shared", "..\tests\shared\Tests.Shared\Tests.Shared.csproj", "{55B0D8A0-698F-4CFE-9118-BE7EB3E64953}"
EndProject
Global
	GlobalSection(SolutionConfigurationPlatforms) = preSolution
		Debug|Any CPU = Debug|Any CPU
		Debug|x64 = Debug|x64
		Debug|x86 = Debug|x86
		Release|Any CPU = Release|Any CPU
		Release|x64 = Release|x64
		Release|x86 = Release|x86
	EndGlobalSection
	GlobalSection(ProjectConfigurationPlatforms) = postSolution
		{20A955B7-EE64-4C2B-8428-EDA5CFCAFFD7}.Debug|Any CPU.ActiveCfg = Debug|Any CPU
		{20A955B7-EE64-4C2B-8428-EDA5CFCAFFD7}.Debug|Any CPU.Build.0 = Debug|Any CPU
		{20A955B7-EE64-4C2B-8428-EDA5CFCAFFD7}.Debug|x64.ActiveCfg = Debug|Any CPU
		{20A955B7-EE64-4C2B-8428-EDA5CFCAFFD7}.Debug|x64.Build.0 = Debug|Any CPU
		{20A955B7-EE64-4C2B-8428-EDA5CFCAFFD7}.Debug|x86.ActiveCfg = Debug|Any CPU
		{20A955B7-EE64-4C2B-8428-EDA5CFCAFFD7}.Debug|x86.Build.0 = Debug|Any CPU
		{20A955B7-EE64-4C2B-8428-EDA5CFCAFFD7}.Release|Any CPU.ActiveCfg = Release|Any CPU
		{20A955B7-EE64-4C2B-8428-EDA5CFCAFFD7}.Release|Any CPU.Build.0 = Release|Any CPU
		{20A955B7-EE64-4C2B-8428-EDA5CFCAFFD7}.Release|x64.ActiveCfg = Release|Any CPU
		{20A955B7-EE64-4C2B-8428-EDA5CFCAFFD7}.Release|x64.Build.0 = Release|Any CPU
		{20A955B7-EE64-4C2B-8428-EDA5CFCAFFD7}.Release|x86.ActiveCfg = Release|Any CPU
		{20A955B7-EE64-4C2B-8428-EDA5CFCAFFD7}.Release|x86.Build.0 = Release|Any CPU
		{16D853F4-CF6B-4186-A87D-24F907BFA6A2}.Debug|Any CPU.ActiveCfg = Debug|Any CPU
		{16D853F4-CF6B-4186-A87D-24F907BFA6A2}.Debug|Any CPU.Build.0 = Debug|Any CPU
		{16D853F4-CF6B-4186-A87D-24F907BFA6A2}.Debug|x64.ActiveCfg = Debug|Any CPU
		{16D853F4-CF6B-4186-A87D-24F907BFA6A2}.Debug|x64.Build.0 = Debug|Any CPU
		{16D853F4-CF6B-4186-A87D-24F907BFA6A2}.Debug|x86.ActiveCfg = Debug|Any CPU
		{16D853F4-CF6B-4186-A87D-24F907BFA6A2}.Debug|x86.Build.0 = Debug|Any CPU
		{16D853F4-CF6B-4186-A87D-24F907BFA6A2}.Release|Any CPU.ActiveCfg = Release|Any CPU
		{16D853F4-CF6B-4186-A87D-24F907BFA6A2}.Release|Any CPU.Build.0 = Release|Any CPU
		{16D853F4-CF6B-4186-A87D-24F907BFA6A2}.Release|x64.ActiveCfg = Release|Any CPU
		{16D853F4-CF6B-4186-A87D-24F907BFA6A2}.Release|x64.Build.0 = Release|Any CPU
		{16D853F4-CF6B-4186-A87D-24F907BFA6A2}.Release|x86.ActiveCfg = Release|Any CPU
		{16D853F4-CF6B-4186-A87D-24F907BFA6A2}.Release|x86.Build.0 = Release|Any CPU
		{32DCF02D-3DB9-49B3-AEB8-3D8BF8C4224E}.Debug|Any CPU.ActiveCfg = Debug|Any CPU
		{32DCF02D-3DB9-49B3-AEB8-3D8BF8C4224E}.Debug|Any CPU.Build.0 = Debug|Any CPU
		{32DCF02D-3DB9-49B3-AEB8-3D8BF8C4224E}.Debug|x64.ActiveCfg = Debug|Any CPU
		{32DCF02D-3DB9-49B3-AEB8-3D8BF8C4224E}.Debug|x64.Build.0 = Debug|Any CPU
		{32DCF02D-3DB9-49B3-AEB8-3D8BF8C4224E}.Debug|x86.ActiveCfg = Debug|Any CPU
		{32DCF02D-3DB9-49B3-AEB8-3D8BF8C4224E}.Debug|x86.Build.0 = Debug|Any CPU
		{32DCF02D-3DB9-49B3-AEB8-3D8BF8C4224E}.Release|Any CPU.ActiveCfg = Release|Any CPU
		{32DCF02D-3DB9-49B3-AEB8-3D8BF8C4224E}.Release|Any CPU.Build.0 = Release|Any CPU
		{32DCF02D-3DB9-49B3-AEB8-3D8BF8C4224E}.Release|x64.ActiveCfg = Release|Any CPU
		{32DCF02D-3DB9-49B3-AEB8-3D8BF8C4224E}.Release|x64.Build.0 = Release|Any CPU
		{32DCF02D-3DB9-49B3-AEB8-3D8BF8C4224E}.Release|x86.ActiveCfg = Release|Any CPU
		{32DCF02D-3DB9-49B3-AEB8-3D8BF8C4224E}.Release|x86.Build.0 = Release|Any CPU
		{8B6A1246-B0DC-4F44-905A-E798A2B9A219}.Debug|Any CPU.ActiveCfg = Debug|Any CPU
		{8B6A1246-B0DC-4F44-905A-E798A2B9A219}.Debug|Any CPU.Build.0 = Debug|Any CPU
		{8B6A1246-B0DC-4F44-905A-E798A2B9A219}.Debug|x64.ActiveCfg = Debug|Any CPU
		{8B6A1246-B0DC-4F44-905A-E798A2B9A219}.Debug|x64.Build.0 = Debug|Any CPU
		{8B6A1246-B0DC-4F44-905A-E798A2B9A219}.Debug|x86.ActiveCfg = Debug|Any CPU
		{8B6A1246-B0DC-4F44-905A-E798A2B9A219}.Debug|x86.Build.0 = Debug|Any CPU
		{8B6A1246-B0DC-4F44-905A-E798A2B9A219}.Release|Any CPU.ActiveCfg = Release|Any CPU
		{8B6A1246-B0DC-4F44-905A-E798A2B9A219}.Release|Any CPU.Build.0 = Release|Any CPU
		{8B6A1246-B0DC-4F44-905A-E798A2B9A219}.Release|x64.ActiveCfg = Release|Any CPU
		{8B6A1246-B0DC-4F44-905A-E798A2B9A219}.Release|x64.Build.0 = Release|Any CPU
		{8B6A1246-B0DC-4F44-905A-E798A2B9A219}.Release|x86.ActiveCfg = Release|Any CPU
		{8B6A1246-B0DC-4F44-905A-E798A2B9A219}.Release|x86.Build.0 = Release|Any CPU
		{BD36AC1B-C1E1-4F97-A9E3-F3669621384D}.Debug|Any CPU.ActiveCfg = Debug|Any CPU
		{BD36AC1B-C1E1-4F97-A9E3-F3669621384D}.Debug|Any CPU.Build.0 = Debug|Any CPU
		{BD36AC1B-C1E1-4F97-A9E3-F3669621384D}.Debug|x64.ActiveCfg = Debug|Any CPU
		{BD36AC1B-C1E1-4F97-A9E3-F3669621384D}.Debug|x64.Build.0 = Debug|Any CPU
		{BD36AC1B-C1E1-4F97-A9E3-F3669621384D}.Debug|x86.ActiveCfg = Debug|Any CPU
		{BD36AC1B-C1E1-4F97-A9E3-F3669621384D}.Debug|x86.Build.0 = Debug|Any CPU
		{BD36AC1B-C1E1-4F97-A9E3-F3669621384D}.Release|Any CPU.ActiveCfg = Release|Any CPU
		{BD36AC1B-C1E1-4F97-A9E3-F3669621384D}.Release|Any CPU.Build.0 = Release|Any CPU
		{BD36AC1B-C1E1-4F97-A9E3-F3669621384D}.Release|x64.ActiveCfg = Release|Any CPU
		{BD36AC1B-C1E1-4F97-A9E3-F3669621384D}.Release|x64.Build.0 = Release|Any CPU
		{BD36AC1B-C1E1-4F97-A9E3-F3669621384D}.Release|x86.ActiveCfg = Release|Any CPU
		{BD36AC1B-C1E1-4F97-A9E3-F3669621384D}.Release|x86.Build.0 = Release|Any CPU
		{2DC67474-4CD1-48C1-8F78-F1EDE91417DA}.Debug|Any CPU.ActiveCfg = Debug|Any CPU
		{2DC67474-4CD1-48C1-8F78-F1EDE91417DA}.Debug|Any CPU.Build.0 = Debug|Any CPU
		{2DC67474-4CD1-48C1-8F78-F1EDE91417DA}.Debug|x64.ActiveCfg = Debug|Any CPU
		{2DC67474-4CD1-48C1-8F78-F1EDE91417DA}.Debug|x64.Build.0 = Debug|Any CPU
		{2DC67474-4CD1-48C1-8F78-F1EDE91417DA}.Debug|x86.ActiveCfg = Debug|Any CPU
		{2DC67474-4CD1-48C1-8F78-F1EDE91417DA}.Debug|x86.Build.0 = Debug|Any CPU
		{2DC67474-4CD1-48C1-8F78-F1EDE91417DA}.Release|Any CPU.ActiveCfg = Release|Any CPU
		{2DC67474-4CD1-48C1-8F78-F1EDE91417DA}.Release|Any CPU.Build.0 = Release|Any CPU
		{2DC67474-4CD1-48C1-8F78-F1EDE91417DA}.Release|x64.ActiveCfg = Release|Any CPU
		{2DC67474-4CD1-48C1-8F78-F1EDE91417DA}.Release|x64.Build.0 = Release|Any CPU
		{2DC67474-4CD1-48C1-8F78-F1EDE91417DA}.Release|x86.ActiveCfg = Release|Any CPU
		{2DC67474-4CD1-48C1-8F78-F1EDE91417DA}.Release|x86.Build.0 = Release|Any CPU
		{749530D3-8A08-48D2-AEAB-C2CFBFA42D20}.Debug|Any CPU.ActiveCfg = Debug|Any CPU
		{749530D3-8A08-48D2-AEAB-C2CFBFA42D20}.Debug|Any CPU.Build.0 = Debug|Any CPU
		{749530D3-8A08-48D2-AEAB-C2CFBFA42D20}.Debug|x64.ActiveCfg = Debug|Any CPU
		{749530D3-8A08-48D2-AEAB-C2CFBFA42D20}.Debug|x64.Build.0 = Debug|Any CPU
		{749530D3-8A08-48D2-AEAB-C2CFBFA42D20}.Debug|x86.ActiveCfg = Debug|Any CPU
		{749530D3-8A08-48D2-AEAB-C2CFBFA42D20}.Debug|x86.Build.0 = Debug|Any CPU
		{749530D3-8A08-48D2-AEAB-C2CFBFA42D20}.Release|Any CPU.ActiveCfg = Release|Any CPU
		{749530D3-8A08-48D2-AEAB-C2CFBFA42D20}.Release|Any CPU.Build.0 = Release|Any CPU
		{749530D3-8A08-48D2-AEAB-C2CFBFA42D20}.Release|x64.ActiveCfg = Release|Any CPU
		{749530D3-8A08-48D2-AEAB-C2CFBFA42D20}.Release|x64.Build.0 = Release|Any CPU
		{749530D3-8A08-48D2-AEAB-C2CFBFA42D20}.Release|x86.ActiveCfg = Release|Any CPU
		{749530D3-8A08-48D2-AEAB-C2CFBFA42D20}.Release|x86.Build.0 = Release|Any CPU
		{22D73422-621B-4F34-94B3-66AB4BDA68AD}.Debug|Any CPU.ActiveCfg = Debug|Any CPU
		{22D73422-621B-4F34-94B3-66AB4BDA68AD}.Debug|Any CPU.Build.0 = Debug|Any CPU
		{22D73422-621B-4F34-94B3-66AB4BDA68AD}.Debug|x64.ActiveCfg = Debug|Any CPU
		{22D73422-621B-4F34-94B3-66AB4BDA68AD}.Debug|x64.Build.0 = Debug|Any CPU
		{22D73422-621B-4F34-94B3-66AB4BDA68AD}.Debug|x86.ActiveCfg = Debug|Any CPU
		{22D73422-621B-4F34-94B3-66AB4BDA68AD}.Debug|x86.Build.0 = Debug|Any CPU
		{22D73422-621B-4F34-94B3-66AB4BDA68AD}.Release|Any CPU.ActiveCfg = Release|Any CPU
		{22D73422-621B-4F34-94B3-66AB4BDA68AD}.Release|Any CPU.Build.0 = Release|Any CPU
		{22D73422-621B-4F34-94B3-66AB4BDA68AD}.Release|x64.ActiveCfg = Release|Any CPU
		{22D73422-621B-4F34-94B3-66AB4BDA68AD}.Release|x64.Build.0 = Release|Any CPU
		{22D73422-621B-4F34-94B3-66AB4BDA68AD}.Release|x86.ActiveCfg = Release|Any CPU
		{22D73422-621B-4F34-94B3-66AB4BDA68AD}.Release|x86.Build.0 = Release|Any CPU
		{ED191403-BA62-4DAB-90CD-540F66B02B9A}.Debug|Any CPU.ActiveCfg = Debug|Any CPU
		{ED191403-BA62-4DAB-90CD-540F66B02B9A}.Debug|Any CPU.Build.0 = Debug|Any CPU
		{ED191403-BA62-4DAB-90CD-540F66B02B9A}.Debug|x64.ActiveCfg = Debug|Any CPU
		{ED191403-BA62-4DAB-90CD-540F66B02B9A}.Debug|x64.Build.0 = Debug|Any CPU
		{ED191403-BA62-4DAB-90CD-540F66B02B9A}.Debug|x86.ActiveCfg = Debug|Any CPU
		{ED191403-BA62-4DAB-90CD-540F66B02B9A}.Debug|x86.Build.0 = Debug|Any CPU
		{ED191403-BA62-4DAB-90CD-540F66B02B9A}.Release|Any CPU.ActiveCfg = Release|Any CPU
		{ED191403-BA62-4DAB-90CD-540F66B02B9A}.Release|Any CPU.Build.0 = Release|Any CPU
		{ED191403-BA62-4DAB-90CD-540F66B02B9A}.Release|x64.ActiveCfg = Release|Any CPU
		{ED191403-BA62-4DAB-90CD-540F66B02B9A}.Release|x64.Build.0 = Release|Any CPU
		{ED191403-BA62-4DAB-90CD-540F66B02B9A}.Release|x86.ActiveCfg = Release|Any CPU
		{ED191403-BA62-4DAB-90CD-540F66B02B9A}.Release|x86.Build.0 = Release|Any CPU
		{9FA9699C-53E3-425E-A2E6-B3306E4635BE}.Debug|Any CPU.ActiveCfg = Debug|Any CPU
		{9FA9699C-53E3-425E-A2E6-B3306E4635BE}.Debug|Any CPU.Build.0 = Debug|Any CPU
		{9FA9699C-53E3-425E-A2E6-B3306E4635BE}.Debug|x64.ActiveCfg = Debug|Any CPU
		{9FA9699C-53E3-425E-A2E6-B3306E4635BE}.Debug|x64.Build.0 = Debug|Any CPU
		{9FA9699C-53E3-425E-A2E6-B3306E4635BE}.Debug|x86.ActiveCfg = Debug|Any CPU
		{9FA9699C-53E3-425E-A2E6-B3306E4635BE}.Debug|x86.Build.0 = Debug|Any CPU
		{9FA9699C-53E3-425E-A2E6-B3306E4635BE}.Release|Any CPU.ActiveCfg = Release|Any CPU
		{9FA9699C-53E3-425E-A2E6-B3306E4635BE}.Release|Any CPU.Build.0 = Release|Any CPU
		{9FA9699C-53E3-425E-A2E6-B3306E4635BE}.Release|x64.ActiveCfg = Release|Any CPU
		{9FA9699C-53E3-425E-A2E6-B3306E4635BE}.Release|x64.Build.0 = Release|Any CPU
		{9FA9699C-53E3-425E-A2E6-B3306E4635BE}.Release|x86.ActiveCfg = Release|Any CPU
		{9FA9699C-53E3-425E-A2E6-B3306E4635BE}.Release|x86.Build.0 = Release|Any CPU
		{57F63B1B-E6F6-4AB1-8D8C-E19A29C366BD}.Debug|Any CPU.ActiveCfg = Debug|Any CPU
		{57F63B1B-E6F6-4AB1-8D8C-E19A29C366BD}.Debug|Any CPU.Build.0 = Debug|Any CPU
		{57F63B1B-E6F6-4AB1-8D8C-E19A29C366BD}.Debug|x64.ActiveCfg = Debug|Any CPU
		{57F63B1B-E6F6-4AB1-8D8C-E19A29C366BD}.Debug|x64.Build.0 = Debug|Any CPU
		{57F63B1B-E6F6-4AB1-8D8C-E19A29C366BD}.Debug|x86.ActiveCfg = Debug|Any CPU
		{57F63B1B-E6F6-4AB1-8D8C-E19A29C366BD}.Debug|x86.Build.0 = Debug|Any CPU
		{57F63B1B-E6F6-4AB1-8D8C-E19A29C366BD}.Release|Any CPU.ActiveCfg = Release|Any CPU
		{57F63B1B-E6F6-4AB1-8D8C-E19A29C366BD}.Release|Any CPU.Build.0 = Release|Any CPU
		{57F63B1B-E6F6-4AB1-8D8C-E19A29C366BD}.Release|x64.ActiveCfg = Release|Any CPU
		{57F63B1B-E6F6-4AB1-8D8C-E19A29C366BD}.Release|x64.Build.0 = Release|Any CPU
		{57F63B1B-E6F6-4AB1-8D8C-E19A29C366BD}.Release|x86.ActiveCfg = Release|Any CPU
		{57F63B1B-E6F6-4AB1-8D8C-E19A29C366BD}.Release|x86.Build.0 = Release|Any CPU
		{53B7A0C7-FC7B-4832-9F59-75BFC5A74F6D}.Debug|Any CPU.ActiveCfg = Debug|Any CPU
		{53B7A0C7-FC7B-4832-9F59-75BFC5A74F6D}.Debug|Any CPU.Build.0 = Debug|Any CPU
		{53B7A0C7-FC7B-4832-9F59-75BFC5A74F6D}.Debug|x64.ActiveCfg = Debug|Any CPU
		{53B7A0C7-FC7B-4832-9F59-75BFC5A74F6D}.Debug|x64.Build.0 = Debug|Any CPU
		{53B7A0C7-FC7B-4832-9F59-75BFC5A74F6D}.Debug|x86.ActiveCfg = Debug|Any CPU
		{53B7A0C7-FC7B-4832-9F59-75BFC5A74F6D}.Debug|x86.Build.0 = Debug|Any CPU
		{53B7A0C7-FC7B-4832-9F59-75BFC5A74F6D}.Release|Any CPU.ActiveCfg = Release|Any CPU
		{53B7A0C7-FC7B-4832-9F59-75BFC5A74F6D}.Release|Any CPU.Build.0 = Release|Any CPU
		{53B7A0C7-FC7B-4832-9F59-75BFC5A74F6D}.Release|x64.ActiveCfg = Release|Any CPU
		{53B7A0C7-FC7B-4832-9F59-75BFC5A74F6D}.Release|x64.Build.0 = Release|Any CPU
		{53B7A0C7-FC7B-4832-9F59-75BFC5A74F6D}.Release|x86.ActiveCfg = Release|Any CPU
		{53B7A0C7-FC7B-4832-9F59-75BFC5A74F6D}.Release|x86.Build.0 = Release|Any CPU
		{0F658245-9E2B-459A-BEF4-9013504FCAE6}.Debug|Any CPU.ActiveCfg = Debug|Any CPU
		{0F658245-9E2B-459A-BEF4-9013504FCAE6}.Debug|Any CPU.Build.0 = Debug|Any CPU
		{0F658245-9E2B-459A-BEF4-9013504FCAE6}.Debug|x64.ActiveCfg = Debug|Any CPU
		{0F658245-9E2B-459A-BEF4-9013504FCAE6}.Debug|x64.Build.0 = Debug|Any CPU
		{0F658245-9E2B-459A-BEF4-9013504FCAE6}.Debug|x86.ActiveCfg = Debug|Any CPU
		{0F658245-9E2B-459A-BEF4-9013504FCAE6}.Debug|x86.Build.0 = Debug|Any CPU
		{0F658245-9E2B-459A-BEF4-9013504FCAE6}.Release|Any CPU.ActiveCfg = Release|Any CPU
		{0F658245-9E2B-459A-BEF4-9013504FCAE6}.Release|Any CPU.Build.0 = Release|Any CPU
		{0F658245-9E2B-459A-BEF4-9013504FCAE6}.Release|x64.ActiveCfg = Release|Any CPU
		{0F658245-9E2B-459A-BEF4-9013504FCAE6}.Release|x64.Build.0 = Release|Any CPU
		{0F658245-9E2B-459A-BEF4-9013504FCAE6}.Release|x86.ActiveCfg = Release|Any CPU
		{0F658245-9E2B-459A-BEF4-9013504FCAE6}.Release|x86.Build.0 = Release|Any CPU
		{7C38C08B-5686-4FE8-A673-915B96BBBA40}.Debug|Any CPU.ActiveCfg = Debug|Any CPU
		{7C38C08B-5686-4FE8-A673-915B96BBBA40}.Debug|Any CPU.Build.0 = Debug|Any CPU
		{7C38C08B-5686-4FE8-A673-915B96BBBA40}.Debug|x64.ActiveCfg = Debug|Any CPU
		{7C38C08B-5686-4FE8-A673-915B96BBBA40}.Debug|x64.Build.0 = Debug|Any CPU
		{7C38C08B-5686-4FE8-A673-915B96BBBA40}.Debug|x86.ActiveCfg = Debug|Any CPU
		{7C38C08B-5686-4FE8-A673-915B96BBBA40}.Debug|x86.Build.0 = Debug|Any CPU
		{7C38C08B-5686-4FE8-A673-915B96BBBA40}.Release|Any CPU.ActiveCfg = Release|Any CPU
		{7C38C08B-5686-4FE8-A673-915B96BBBA40}.Release|Any CPU.Build.0 = Release|Any CPU
		{7C38C08B-5686-4FE8-A673-915B96BBBA40}.Release|x64.ActiveCfg = Release|Any CPU
		{7C38C08B-5686-4FE8-A673-915B96BBBA40}.Release|x64.Build.0 = Release|Any CPU
		{7C38C08B-5686-4FE8-A673-915B96BBBA40}.Release|x86.ActiveCfg = Release|Any CPU
		{7C38C08B-5686-4FE8-A673-915B96BBBA40}.Release|x86.Build.0 = Release|Any CPU
		{E7BEE9B8-02AD-460A-B13C-702BC1F85B8F}.Debug|Any CPU.ActiveCfg = Debug|Any CPU
		{E7BEE9B8-02AD-460A-B13C-702BC1F85B8F}.Debug|Any CPU.Build.0 = Debug|Any CPU
		{E7BEE9B8-02AD-460A-B13C-702BC1F85B8F}.Debug|x64.ActiveCfg = Debug|Any CPU
		{E7BEE9B8-02AD-460A-B13C-702BC1F85B8F}.Debug|x64.Build.0 = Debug|Any CPU
		{E7BEE9B8-02AD-460A-B13C-702BC1F85B8F}.Debug|x86.ActiveCfg = Debug|Any CPU
		{E7BEE9B8-02AD-460A-B13C-702BC1F85B8F}.Debug|x86.Build.0 = Debug|Any CPU
		{E7BEE9B8-02AD-460A-B13C-702BC1F85B8F}.Release|Any CPU.ActiveCfg = Release|Any CPU
		{E7BEE9B8-02AD-460A-B13C-702BC1F85B8F}.Release|Any CPU.Build.0 = Release|Any CPU
		{E7BEE9B8-02AD-460A-B13C-702BC1F85B8F}.Release|x64.ActiveCfg = Release|Any CPU
		{E7BEE9B8-02AD-460A-B13C-702BC1F85B8F}.Release|x64.Build.0 = Release|Any CPU
		{E7BEE9B8-02AD-460A-B13C-702BC1F85B8F}.Release|x86.ActiveCfg = Release|Any CPU
		{E7BEE9B8-02AD-460A-B13C-702BC1F85B8F}.Release|x86.Build.0 = Release|Any CPU
		{AB968A95-1EC9-4672-8DF2-27351A17B9C0}.Debug|Any CPU.ActiveCfg = Debug|Any CPU
		{AB968A95-1EC9-4672-8DF2-27351A17B9C0}.Debug|Any CPU.Build.0 = Debug|Any CPU
		{AB968A95-1EC9-4672-8DF2-27351A17B9C0}.Debug|x64.ActiveCfg = Debug|Any CPU
		{AB968A95-1EC9-4672-8DF2-27351A17B9C0}.Debug|x64.Build.0 = Debug|Any CPU
		{AB968A95-1EC9-4672-8DF2-27351A17B9C0}.Debug|x86.ActiveCfg = Debug|Any CPU
		{AB968A95-1EC9-4672-8DF2-27351A17B9C0}.Debug|x86.Build.0 = Debug|Any CPU
		{AB968A95-1EC9-4672-8DF2-27351A17B9C0}.Release|Any CPU.ActiveCfg = Release|Any CPU
		{AB968A95-1EC9-4672-8DF2-27351A17B9C0}.Release|Any CPU.Build.0 = Release|Any CPU
		{AB968A95-1EC9-4672-8DF2-27351A17B9C0}.Release|x64.ActiveCfg = Release|Any CPU
		{AB968A95-1EC9-4672-8DF2-27351A17B9C0}.Release|x64.Build.0 = Release|Any CPU
		{AB968A95-1EC9-4672-8DF2-27351A17B9C0}.Release|x86.ActiveCfg = Release|Any CPU
		{AB968A95-1EC9-4672-8DF2-27351A17B9C0}.Release|x86.Build.0 = Release|Any CPU
		{B201B88A-4E4B-4267-81BF-AC955058C233}.Debug|Any CPU.ActiveCfg = Debug|Any CPU
		{B201B88A-4E4B-4267-81BF-AC955058C233}.Debug|Any CPU.Build.0 = Debug|Any CPU
		{B201B88A-4E4B-4267-81BF-AC955058C233}.Debug|x64.ActiveCfg = Debug|Any CPU
		{B201B88A-4E4B-4267-81BF-AC955058C233}.Debug|x64.Build.0 = Debug|Any CPU
		{B201B88A-4E4B-4267-81BF-AC955058C233}.Debug|x86.ActiveCfg = Debug|Any CPU
		{B201B88A-4E4B-4267-81BF-AC955058C233}.Debug|x86.Build.0 = Debug|Any CPU
		{B201B88A-4E4B-4267-81BF-AC955058C233}.Release|Any CPU.ActiveCfg = Release|Any CPU
		{B201B88A-4E4B-4267-81BF-AC955058C233}.Release|Any CPU.Build.0 = Release|Any CPU
		{B201B88A-4E4B-4267-81BF-AC955058C233}.Release|x64.ActiveCfg = Release|Any CPU
		{B201B88A-4E4B-4267-81BF-AC955058C233}.Release|x64.Build.0 = Release|Any CPU
		{B201B88A-4E4B-4267-81BF-AC955058C233}.Release|x86.ActiveCfg = Release|Any CPU
		{B201B88A-4E4B-4267-81BF-AC955058C233}.Release|x86.Build.0 = Release|Any CPU
		{0F435669-2D70-4CC3-99BF-C000F90C7C1D}.Debug|Any CPU.ActiveCfg = Debug|Any CPU
		{0F435669-2D70-4CC3-99BF-C000F90C7C1D}.Debug|Any CPU.Build.0 = Debug|Any CPU
		{0F435669-2D70-4CC3-99BF-C000F90C7C1D}.Debug|x64.ActiveCfg = Debug|Any CPU
		{0F435669-2D70-4CC3-99BF-C000F90C7C1D}.Debug|x64.Build.0 = Debug|Any CPU
		{0F435669-2D70-4CC3-99BF-C000F90C7C1D}.Debug|x86.ActiveCfg = Debug|Any CPU
		{0F435669-2D70-4CC3-99BF-C000F90C7C1D}.Debug|x86.Build.0 = Debug|Any CPU
		{0F435669-2D70-4CC3-99BF-C000F90C7C1D}.Release|Any CPU.ActiveCfg = Release|Any CPU
		{0F435669-2D70-4CC3-99BF-C000F90C7C1D}.Release|Any CPU.Build.0 = Release|Any CPU
		{0F435669-2D70-4CC3-99BF-C000F90C7C1D}.Release|x64.ActiveCfg = Release|Any CPU
		{0F435669-2D70-4CC3-99BF-C000F90C7C1D}.Release|x64.Build.0 = Release|Any CPU
		{0F435669-2D70-4CC3-99BF-C000F90C7C1D}.Release|x86.ActiveCfg = Release|Any CPU
		{0F435669-2D70-4CC3-99BF-C000F90C7C1D}.Release|x86.Build.0 = Release|Any CPU
		{B973CFA0-EF5C-44EF-ABB1-AB13AE1E9D28}.Debug|Any CPU.ActiveCfg = Debug|Any CPU
		{B973CFA0-EF5C-44EF-ABB1-AB13AE1E9D28}.Debug|Any CPU.Build.0 = Debug|Any CPU
		{B973CFA0-EF5C-44EF-ABB1-AB13AE1E9D28}.Debug|x64.ActiveCfg = Debug|Any CPU
		{B973CFA0-EF5C-44EF-ABB1-AB13AE1E9D28}.Debug|x64.Build.0 = Debug|Any CPU
		{B973CFA0-EF5C-44EF-ABB1-AB13AE1E9D28}.Debug|x86.ActiveCfg = Debug|Any CPU
		{B973CFA0-EF5C-44EF-ABB1-AB13AE1E9D28}.Debug|x86.Build.0 = Debug|Any CPU
		{B973CFA0-EF5C-44EF-ABB1-AB13AE1E9D28}.Release|Any CPU.ActiveCfg = Release|Any CPU
		{B973CFA0-EF5C-44EF-ABB1-AB13AE1E9D28}.Release|Any CPU.Build.0 = Release|Any CPU
		{B973CFA0-EF5C-44EF-ABB1-AB13AE1E9D28}.Release|x64.ActiveCfg = Release|Any CPU
		{B973CFA0-EF5C-44EF-ABB1-AB13AE1E9D28}.Release|x64.Build.0 = Release|Any CPU
		{B973CFA0-EF5C-44EF-ABB1-AB13AE1E9D28}.Release|x86.ActiveCfg = Release|Any CPU
		{B973CFA0-EF5C-44EF-ABB1-AB13AE1E9D28}.Release|x86.Build.0 = Release|Any CPU
		{565243D9-E945-4885-BE9C-6651A8D071B8}.Debug|Any CPU.ActiveCfg = Debug|Any CPU
		{565243D9-E945-4885-BE9C-6651A8D071B8}.Debug|Any CPU.Build.0 = Debug|Any CPU
		{565243D9-E945-4885-BE9C-6651A8D071B8}.Debug|x64.ActiveCfg = Debug|Any CPU
		{565243D9-E945-4885-BE9C-6651A8D071B8}.Debug|x64.Build.0 = Debug|Any CPU
		{565243D9-E945-4885-BE9C-6651A8D071B8}.Debug|x86.ActiveCfg = Debug|Any CPU
		{565243D9-E945-4885-BE9C-6651A8D071B8}.Debug|x86.Build.0 = Debug|Any CPU
		{565243D9-E945-4885-BE9C-6651A8D071B8}.Release|Any CPU.ActiveCfg = Release|Any CPU
		{565243D9-E945-4885-BE9C-6651A8D071B8}.Release|Any CPU.Build.0 = Release|Any CPU
		{565243D9-E945-4885-BE9C-6651A8D071B8}.Release|x64.ActiveCfg = Release|Any CPU
		{565243D9-E945-4885-BE9C-6651A8D071B8}.Release|x64.Build.0 = Release|Any CPU
		{565243D9-E945-4885-BE9C-6651A8D071B8}.Release|x86.ActiveCfg = Release|Any CPU
		{565243D9-E945-4885-BE9C-6651A8D071B8}.Release|x86.Build.0 = Release|Any CPU
		{6DF3C517-EA3F-4EF8-AABC-FF6E8591FA21}.Debug|Any CPU.ActiveCfg = Debug|Any CPU
		{6DF3C517-EA3F-4EF8-AABC-FF6E8591FA21}.Debug|Any CPU.Build.0 = Debug|Any CPU
		{6DF3C517-EA3F-4EF8-AABC-FF6E8591FA21}.Debug|x64.ActiveCfg = Debug|Any CPU
		{6DF3C517-EA3F-4EF8-AABC-FF6E8591FA21}.Debug|x64.Build.0 = Debug|Any CPU
		{6DF3C517-EA3F-4EF8-AABC-FF6E8591FA21}.Debug|x86.ActiveCfg = Debug|Any CPU
		{6DF3C517-EA3F-4EF8-AABC-FF6E8591FA21}.Debug|x86.Build.0 = Debug|Any CPU
		{6DF3C517-EA3F-4EF8-AABC-FF6E8591FA21}.Release|Any CPU.ActiveCfg = Release|Any CPU
		{6DF3C517-EA3F-4EF8-AABC-FF6E8591FA21}.Release|Any CPU.Build.0 = Release|Any CPU
		{6DF3C517-EA3F-4EF8-AABC-FF6E8591FA21}.Release|x64.ActiveCfg = Release|Any CPU
		{6DF3C517-EA3F-4EF8-AABC-FF6E8591FA21}.Release|x64.Build.0 = Release|Any CPU
		{6DF3C517-EA3F-4EF8-AABC-FF6E8591FA21}.Release|x86.ActiveCfg = Release|Any CPU
		{6DF3C517-EA3F-4EF8-AABC-FF6E8591FA21}.Release|x86.Build.0 = Release|Any CPU
		{A6768BEB-0CD5-41AE-9C26-816C81A5A87F}.Debug|Any CPU.ActiveCfg = Debug|Any CPU
		{A6768BEB-0CD5-41AE-9C26-816C81A5A87F}.Debug|Any CPU.Build.0 = Debug|Any CPU
		{A6768BEB-0CD5-41AE-9C26-816C81A5A87F}.Debug|x64.ActiveCfg = Debug|Any CPU
		{A6768BEB-0CD5-41AE-9C26-816C81A5A87F}.Debug|x64.Build.0 = Debug|Any CPU
		{A6768BEB-0CD5-41AE-9C26-816C81A5A87F}.Debug|x86.ActiveCfg = Debug|Any CPU
		{A6768BEB-0CD5-41AE-9C26-816C81A5A87F}.Debug|x86.Build.0 = Debug|Any CPU
		{A6768BEB-0CD5-41AE-9C26-816C81A5A87F}.Release|Any CPU.ActiveCfg = Release|Any CPU
		{A6768BEB-0CD5-41AE-9C26-816C81A5A87F}.Release|Any CPU.Build.0 = Release|Any CPU
		{A6768BEB-0CD5-41AE-9C26-816C81A5A87F}.Release|x64.ActiveCfg = Release|Any CPU
		{A6768BEB-0CD5-41AE-9C26-816C81A5A87F}.Release|x64.Build.0 = Release|Any CPU
		{A6768BEB-0CD5-41AE-9C26-816C81A5A87F}.Release|x86.ActiveCfg = Release|Any CPU
		{A6768BEB-0CD5-41AE-9C26-816C81A5A87F}.Release|x86.Build.0 = Release|Any CPU
		{7A22DD0B-1CE8-4E9E-A973-FD83ED944EF6}.Debug|Any CPU.ActiveCfg = Debug|Any CPU
		{7A22DD0B-1CE8-4E9E-A973-FD83ED944EF6}.Debug|Any CPU.Build.0 = Debug|Any CPU
		{7A22DD0B-1CE8-4E9E-A973-FD83ED944EF6}.Debug|x64.ActiveCfg = Debug|Any CPU
		{7A22DD0B-1CE8-4E9E-A973-FD83ED944EF6}.Debug|x64.Build.0 = Debug|Any CPU
		{7A22DD0B-1CE8-4E9E-A973-FD83ED944EF6}.Debug|x86.ActiveCfg = Debug|Any CPU
		{7A22DD0B-1CE8-4E9E-A973-FD83ED944EF6}.Debug|x86.Build.0 = Debug|Any CPU
		{7A22DD0B-1CE8-4E9E-A973-FD83ED944EF6}.Release|Any CPU.ActiveCfg = Release|Any CPU
		{7A22DD0B-1CE8-4E9E-A973-FD83ED944EF6}.Release|Any CPU.Build.0 = Release|Any CPU
		{7A22DD0B-1CE8-4E9E-A973-FD83ED944EF6}.Release|x64.ActiveCfg = Release|Any CPU
		{7A22DD0B-1CE8-4E9E-A973-FD83ED944EF6}.Release|x64.Build.0 = Release|Any CPU
		{7A22DD0B-1CE8-4E9E-A973-FD83ED944EF6}.Release|x86.ActiveCfg = Release|Any CPU
		{7A22DD0B-1CE8-4E9E-A973-FD83ED944EF6}.Release|x86.Build.0 = Release|Any CPU
		{F3B4ACE6-3F95-4399-A91E-ADEA80C8DC0D}.Debug|Any CPU.ActiveCfg = Debug|Any CPU
		{F3B4ACE6-3F95-4399-A91E-ADEA80C8DC0D}.Debug|Any CPU.Build.0 = Debug|Any CPU
		{F3B4ACE6-3F95-4399-A91E-ADEA80C8DC0D}.Debug|x64.ActiveCfg = Debug|Any CPU
		{F3B4ACE6-3F95-4399-A91E-ADEA80C8DC0D}.Debug|x64.Build.0 = Debug|Any CPU
		{F3B4ACE6-3F95-4399-A91E-ADEA80C8DC0D}.Debug|x86.ActiveCfg = Debug|Any CPU
		{F3B4ACE6-3F95-4399-A91E-ADEA80C8DC0D}.Debug|x86.Build.0 = Debug|Any CPU
		{F3B4ACE6-3F95-4399-A91E-ADEA80C8DC0D}.Release|Any CPU.ActiveCfg = Release|Any CPU
		{F3B4ACE6-3F95-4399-A91E-ADEA80C8DC0D}.Release|Any CPU.Build.0 = Release|Any CPU
		{F3B4ACE6-3F95-4399-A91E-ADEA80C8DC0D}.Release|x64.ActiveCfg = Release|Any CPU
		{F3B4ACE6-3F95-4399-A91E-ADEA80C8DC0D}.Release|x64.Build.0 = Release|Any CPU
		{F3B4ACE6-3F95-4399-A91E-ADEA80C8DC0D}.Release|x86.ActiveCfg = Release|Any CPU
		{F3B4ACE6-3F95-4399-A91E-ADEA80C8DC0D}.Release|x86.Build.0 = Release|Any CPU
		{69F6E843-15DF-4B53-9FB3-481B2EFC8C56}.Debug|Any CPU.ActiveCfg = Debug|Any CPU
		{69F6E843-15DF-4B53-9FB3-481B2EFC8C56}.Debug|Any CPU.Build.0 = Debug|Any CPU
		{69F6E843-15DF-4B53-9FB3-481B2EFC8C56}.Debug|x64.ActiveCfg = Debug|Any CPU
		{69F6E843-15DF-4B53-9FB3-481B2EFC8C56}.Debug|x64.Build.0 = Debug|Any CPU
		{69F6E843-15DF-4B53-9FB3-481B2EFC8C56}.Debug|x86.ActiveCfg = Debug|Any CPU
		{69F6E843-15DF-4B53-9FB3-481B2EFC8C56}.Debug|x86.Build.0 = Debug|Any CPU
		{69F6E843-15DF-4B53-9FB3-481B2EFC8C56}.Release|Any CPU.ActiveCfg = Release|Any CPU
		{69F6E843-15DF-4B53-9FB3-481B2EFC8C56}.Release|Any CPU.Build.0 = Release|Any CPU
		{69F6E843-15DF-4B53-9FB3-481B2EFC8C56}.Release|x64.ActiveCfg = Release|Any CPU
		{69F6E843-15DF-4B53-9FB3-481B2EFC8C56}.Release|x64.Build.0 = Release|Any CPU
		{69F6E843-15DF-4B53-9FB3-481B2EFC8C56}.Release|x86.ActiveCfg = Release|Any CPU
		{69F6E843-15DF-4B53-9FB3-481B2EFC8C56}.Release|x86.Build.0 = Release|Any CPU
		{F5BA53D1-4B2C-4634-8E9C-51253FE0E513}.Debug|Any CPU.ActiveCfg = Debug|Any CPU
		{F5BA53D1-4B2C-4634-8E9C-51253FE0E513}.Debug|Any CPU.Build.0 = Debug|Any CPU
		{F5BA53D1-4B2C-4634-8E9C-51253FE0E513}.Debug|x64.ActiveCfg = Debug|Any CPU
		{F5BA53D1-4B2C-4634-8E9C-51253FE0E513}.Debug|x64.Build.0 = Debug|Any CPU
		{F5BA53D1-4B2C-4634-8E9C-51253FE0E513}.Debug|x86.ActiveCfg = Debug|Any CPU
		{F5BA53D1-4B2C-4634-8E9C-51253FE0E513}.Debug|x86.Build.0 = Debug|Any CPU
		{F5BA53D1-4B2C-4634-8E9C-51253FE0E513}.Release|Any CPU.ActiveCfg = Release|Any CPU
		{F5BA53D1-4B2C-4634-8E9C-51253FE0E513}.Release|Any CPU.Build.0 = Release|Any CPU
		{F5BA53D1-4B2C-4634-8E9C-51253FE0E513}.Release|x64.ActiveCfg = Release|Any CPU
		{F5BA53D1-4B2C-4634-8E9C-51253FE0E513}.Release|x64.Build.0 = Release|Any CPU
		{F5BA53D1-4B2C-4634-8E9C-51253FE0E513}.Release|x86.ActiveCfg = Release|Any CPU
		{F5BA53D1-4B2C-4634-8E9C-51253FE0E513}.Release|x86.Build.0 = Release|Any CPU
		{632076D2-B5C1-46A2-862E-22C45A652710}.Debug|Any CPU.ActiveCfg = Debug|Any CPU
		{632076D2-B5C1-46A2-862E-22C45A652710}.Debug|Any CPU.Build.0 = Debug|Any CPU
		{632076D2-B5C1-46A2-862E-22C45A652710}.Debug|x64.ActiveCfg = Debug|Any CPU
		{632076D2-B5C1-46A2-862E-22C45A652710}.Debug|x64.Build.0 = Debug|Any CPU
		{632076D2-B5C1-46A2-862E-22C45A652710}.Debug|x86.ActiveCfg = Debug|Any CPU
		{632076D2-B5C1-46A2-862E-22C45A652710}.Debug|x86.Build.0 = Debug|Any CPU
		{632076D2-B5C1-46A2-862E-22C45A652710}.Release|Any CPU.ActiveCfg = Release|Any CPU
		{632076D2-B5C1-46A2-862E-22C45A652710}.Release|Any CPU.Build.0 = Release|Any CPU
		{632076D2-B5C1-46A2-862E-22C45A652710}.Release|x64.ActiveCfg = Release|Any CPU
		{632076D2-B5C1-46A2-862E-22C45A652710}.Release|x64.Build.0 = Release|Any CPU
		{632076D2-B5C1-46A2-862E-22C45A652710}.Release|x86.ActiveCfg = Release|Any CPU
		{632076D2-B5C1-46A2-862E-22C45A652710}.Release|x86.Build.0 = Release|Any CPU
		{2AB82A49-0F10-4354-A042-A58863959E30}.Debug|Any CPU.ActiveCfg = Debug|Any CPU
		{2AB82A49-0F10-4354-A042-A58863959E30}.Debug|Any CPU.Build.0 = Debug|Any CPU
		{2AB82A49-0F10-4354-A042-A58863959E30}.Debug|x64.ActiveCfg = Debug|Any CPU
		{2AB82A49-0F10-4354-A042-A58863959E30}.Debug|x64.Build.0 = Debug|Any CPU
		{2AB82A49-0F10-4354-A042-A58863959E30}.Debug|x86.ActiveCfg = Debug|Any CPU
		{2AB82A49-0F10-4354-A042-A58863959E30}.Debug|x86.Build.0 = Debug|Any CPU
		{2AB82A49-0F10-4354-A042-A58863959E30}.Release|Any CPU.ActiveCfg = Release|Any CPU
		{2AB82A49-0F10-4354-A042-A58863959E30}.Release|Any CPU.Build.0 = Release|Any CPU
		{2AB82A49-0F10-4354-A042-A58863959E30}.Release|x64.ActiveCfg = Release|Any CPU
		{2AB82A49-0F10-4354-A042-A58863959E30}.Release|x64.Build.0 = Release|Any CPU
		{2AB82A49-0F10-4354-A042-A58863959E30}.Release|x86.ActiveCfg = Release|Any CPU
		{2AB82A49-0F10-4354-A042-A58863959E30}.Release|x86.Build.0 = Release|Any CPU
		{7B45754C-07A5-4CCA-8FAE-DCCEC015BEB4}.Debug|Any CPU.ActiveCfg = Debug|Any CPU
		{7B45754C-07A5-4CCA-8FAE-DCCEC015BEB4}.Debug|Any CPU.Build.0 = Debug|Any CPU
		{7B45754C-07A5-4CCA-8FAE-DCCEC015BEB4}.Debug|x64.ActiveCfg = Debug|Any CPU
		{7B45754C-07A5-4CCA-8FAE-DCCEC015BEB4}.Debug|x64.Build.0 = Debug|Any CPU
		{7B45754C-07A5-4CCA-8FAE-DCCEC015BEB4}.Debug|x86.ActiveCfg = Debug|Any CPU
		{7B45754C-07A5-4CCA-8FAE-DCCEC015BEB4}.Debug|x86.Build.0 = Debug|Any CPU
		{7B45754C-07A5-4CCA-8FAE-DCCEC015BEB4}.Release|Any CPU.ActiveCfg = Release|Any CPU
		{7B45754C-07A5-4CCA-8FAE-DCCEC015BEB4}.Release|Any CPU.Build.0 = Release|Any CPU
		{7B45754C-07A5-4CCA-8FAE-DCCEC015BEB4}.Release|x64.ActiveCfg = Release|Any CPU
		{7B45754C-07A5-4CCA-8FAE-DCCEC015BEB4}.Release|x64.Build.0 = Release|Any CPU
		{7B45754C-07A5-4CCA-8FAE-DCCEC015BEB4}.Release|x86.ActiveCfg = Release|Any CPU
		{7B45754C-07A5-4CCA-8FAE-DCCEC015BEB4}.Release|x86.Build.0 = Release|Any CPU
		{FCBD6754-579D-4126-B375-5834561EC3E2}.Debug|Any CPU.ActiveCfg = Debug|Any CPU
		{FCBD6754-579D-4126-B375-5834561EC3E2}.Debug|Any CPU.Build.0 = Debug|Any CPU
		{FCBD6754-579D-4126-B375-5834561EC3E2}.Debug|x64.ActiveCfg = Debug|Any CPU
		{FCBD6754-579D-4126-B375-5834561EC3E2}.Debug|x64.Build.0 = Debug|Any CPU
		{FCBD6754-579D-4126-B375-5834561EC3E2}.Debug|x86.ActiveCfg = Debug|Any CPU
		{FCBD6754-579D-4126-B375-5834561EC3E2}.Debug|x86.Build.0 = Debug|Any CPU
		{FCBD6754-579D-4126-B375-5834561EC3E2}.Release|Any CPU.ActiveCfg = Release|Any CPU
		{FCBD6754-579D-4126-B375-5834561EC3E2}.Release|Any CPU.Build.0 = Release|Any CPU
		{FCBD6754-579D-4126-B375-5834561EC3E2}.Release|x64.ActiveCfg = Release|Any CPU
		{FCBD6754-579D-4126-B375-5834561EC3E2}.Release|x64.Build.0 = Release|Any CPU
		{FCBD6754-579D-4126-B375-5834561EC3E2}.Release|x86.ActiveCfg = Release|Any CPU
		{FCBD6754-579D-4126-B375-5834561EC3E2}.Release|x86.Build.0 = Release|Any CPU
		{7C7E4203-87AD-4BE6-8A43-4E0C9CF1624C}.Debug|Any CPU.ActiveCfg = Debug|Any CPU
		{7C7E4203-87AD-4BE6-8A43-4E0C9CF1624C}.Debug|Any CPU.Build.0 = Debug|Any CPU
		{7C7E4203-87AD-4BE6-8A43-4E0C9CF1624C}.Debug|x64.ActiveCfg = Debug|Any CPU
		{7C7E4203-87AD-4BE6-8A43-4E0C9CF1624C}.Debug|x64.Build.0 = Debug|Any CPU
		{7C7E4203-87AD-4BE6-8A43-4E0C9CF1624C}.Debug|x86.ActiveCfg = Debug|Any CPU
		{7C7E4203-87AD-4BE6-8A43-4E0C9CF1624C}.Debug|x86.Build.0 = Debug|Any CPU
		{7C7E4203-87AD-4BE6-8A43-4E0C9CF1624C}.Release|Any CPU.ActiveCfg = Release|Any CPU
		{7C7E4203-87AD-4BE6-8A43-4E0C9CF1624C}.Release|Any CPU.Build.0 = Release|Any CPU
		{7C7E4203-87AD-4BE6-8A43-4E0C9CF1624C}.Release|x64.ActiveCfg = Release|Any CPU
		{7C7E4203-87AD-4BE6-8A43-4E0C9CF1624C}.Release|x64.Build.0 = Release|Any CPU
		{7C7E4203-87AD-4BE6-8A43-4E0C9CF1624C}.Release|x86.ActiveCfg = Release|Any CPU
		{7C7E4203-87AD-4BE6-8A43-4E0C9CF1624C}.Release|x86.Build.0 = Release|Any CPU
		{F7128E54-0EE1-4552-AF26-95E183279312}.Debug|Any CPU.ActiveCfg = Debug|Any CPU
		{F7128E54-0EE1-4552-AF26-95E183279312}.Debug|Any CPU.Build.0 = Debug|Any CPU
		{F7128E54-0EE1-4552-AF26-95E183279312}.Debug|x64.ActiveCfg = Debug|Any CPU
		{F7128E54-0EE1-4552-AF26-95E183279312}.Debug|x64.Build.0 = Debug|Any CPU
		{F7128E54-0EE1-4552-AF26-95E183279312}.Debug|x86.ActiveCfg = Debug|Any CPU
		{F7128E54-0EE1-4552-AF26-95E183279312}.Debug|x86.Build.0 = Debug|Any CPU
		{F7128E54-0EE1-4552-AF26-95E183279312}.Release|Any CPU.ActiveCfg = Release|Any CPU
		{F7128E54-0EE1-4552-AF26-95E183279312}.Release|Any CPU.Build.0 = Release|Any CPU
		{F7128E54-0EE1-4552-AF26-95E183279312}.Release|x64.ActiveCfg = Release|Any CPU
		{F7128E54-0EE1-4552-AF26-95E183279312}.Release|x64.Build.0 = Release|Any CPU
		{F7128E54-0EE1-4552-AF26-95E183279312}.Release|x86.ActiveCfg = Release|Any CPU
		{F7128E54-0EE1-4552-AF26-95E183279312}.Release|x86.Build.0 = Release|Any CPU
		{E83C4E18-F4FC-4ECF-87B6-1B0C3956AD05}.Debug|Any CPU.ActiveCfg = Debug|Any CPU
		{E83C4E18-F4FC-4ECF-87B6-1B0C3956AD05}.Debug|Any CPU.Build.0 = Debug|Any CPU
		{E83C4E18-F4FC-4ECF-87B6-1B0C3956AD05}.Debug|x64.ActiveCfg = Debug|Any CPU
		{E83C4E18-F4FC-4ECF-87B6-1B0C3956AD05}.Debug|x64.Build.0 = Debug|Any CPU
		{E83C4E18-F4FC-4ECF-87B6-1B0C3956AD05}.Debug|x86.ActiveCfg = Debug|Any CPU
		{E83C4E18-F4FC-4ECF-87B6-1B0C3956AD05}.Debug|x86.Build.0 = Debug|Any CPU
		{E83C4E18-F4FC-4ECF-87B6-1B0C3956AD05}.Release|Any CPU.ActiveCfg = Release|Any CPU
		{E83C4E18-F4FC-4ECF-87B6-1B0C3956AD05}.Release|Any CPU.Build.0 = Release|Any CPU
		{E83C4E18-F4FC-4ECF-87B6-1B0C3956AD05}.Release|x64.ActiveCfg = Release|Any CPU
		{E83C4E18-F4FC-4ECF-87B6-1B0C3956AD05}.Release|x64.Build.0 = Release|Any CPU
		{E83C4E18-F4FC-4ECF-87B6-1B0C3956AD05}.Release|x86.ActiveCfg = Release|Any CPU
		{E83C4E18-F4FC-4ECF-87B6-1B0C3956AD05}.Release|x86.Build.0 = Release|Any CPU
		{1508F3EA-C2E6-4CF5-8A5F-B14F490DFEE3}.Debug|Any CPU.ActiveCfg = Debug|Any CPU
		{1508F3EA-C2E6-4CF5-8A5F-B14F490DFEE3}.Debug|Any CPU.Build.0 = Debug|Any CPU
		{1508F3EA-C2E6-4CF5-8A5F-B14F490DFEE3}.Debug|x64.ActiveCfg = Debug|Any CPU
		{1508F3EA-C2E6-4CF5-8A5F-B14F490DFEE3}.Debug|x64.Build.0 = Debug|Any CPU
		{1508F3EA-C2E6-4CF5-8A5F-B14F490DFEE3}.Debug|x86.ActiveCfg = Debug|Any CPU
		{1508F3EA-C2E6-4CF5-8A5F-B14F490DFEE3}.Debug|x86.Build.0 = Debug|Any CPU
		{1508F3EA-C2E6-4CF5-8A5F-B14F490DFEE3}.Release|Any CPU.ActiveCfg = Release|Any CPU
		{1508F3EA-C2E6-4CF5-8A5F-B14F490DFEE3}.Release|Any CPU.Build.0 = Release|Any CPU
		{1508F3EA-C2E6-4CF5-8A5F-B14F490DFEE3}.Release|x64.ActiveCfg = Release|Any CPU
		{1508F3EA-C2E6-4CF5-8A5F-B14F490DFEE3}.Release|x64.Build.0 = Release|Any CPU
		{1508F3EA-C2E6-4CF5-8A5F-B14F490DFEE3}.Release|x86.ActiveCfg = Release|Any CPU
		{1508F3EA-C2E6-4CF5-8A5F-B14F490DFEE3}.Release|x86.Build.0 = Release|Any CPU
		{8975A1E0-176C-4DDD-84F9-89B45DA075D2}.Debug|Any CPU.ActiveCfg = Debug|Any CPU
		{8975A1E0-176C-4DDD-84F9-89B45DA075D2}.Debug|Any CPU.Build.0 = Debug|Any CPU
		{8975A1E0-176C-4DDD-84F9-89B45DA075D2}.Debug|x64.ActiveCfg = Debug|Any CPU
		{8975A1E0-176C-4DDD-84F9-89B45DA075D2}.Debug|x64.Build.0 = Debug|Any CPU
		{8975A1E0-176C-4DDD-84F9-89B45DA075D2}.Debug|x86.ActiveCfg = Debug|Any CPU
		{8975A1E0-176C-4DDD-84F9-89B45DA075D2}.Debug|x86.Build.0 = Debug|Any CPU
		{8975A1E0-176C-4DDD-84F9-89B45DA075D2}.Release|Any CPU.ActiveCfg = Release|Any CPU
		{8975A1E0-176C-4DDD-84F9-89B45DA075D2}.Release|Any CPU.Build.0 = Release|Any CPU
		{8975A1E0-176C-4DDD-84F9-89B45DA075D2}.Release|x64.ActiveCfg = Release|Any CPU
		{8975A1E0-176C-4DDD-84F9-89B45DA075D2}.Release|x64.Build.0 = Release|Any CPU
		{8975A1E0-176C-4DDD-84F9-89B45DA075D2}.Release|x86.ActiveCfg = Release|Any CPU
		{8975A1E0-176C-4DDD-84F9-89B45DA075D2}.Release|x86.Build.0 = Release|Any CPU
		{0F984796-F9F1-433A-BB5F-BFE3C4F99CF6}.Debug|Any CPU.ActiveCfg = Debug|Any CPU
		{0F984796-F9F1-433A-BB5F-BFE3C4F99CF6}.Debug|Any CPU.Build.0 = Debug|Any CPU
		{0F984796-F9F1-433A-BB5F-BFE3C4F99CF6}.Debug|x64.ActiveCfg = Debug|Any CPU
		{0F984796-F9F1-433A-BB5F-BFE3C4F99CF6}.Debug|x64.Build.0 = Debug|Any CPU
		{0F984796-F9F1-433A-BB5F-BFE3C4F99CF6}.Debug|x86.ActiveCfg = Debug|Any CPU
		{0F984796-F9F1-433A-BB5F-BFE3C4F99CF6}.Debug|x86.Build.0 = Debug|Any CPU
		{0F984796-F9F1-433A-BB5F-BFE3C4F99CF6}.Release|Any CPU.ActiveCfg = Release|Any CPU
		{0F984796-F9F1-433A-BB5F-BFE3C4F99CF6}.Release|Any CPU.Build.0 = Release|Any CPU
		{0F984796-F9F1-433A-BB5F-BFE3C4F99CF6}.Release|x64.ActiveCfg = Release|Any CPU
		{0F984796-F9F1-433A-BB5F-BFE3C4F99CF6}.Release|x64.Build.0 = Release|Any CPU
		{0F984796-F9F1-433A-BB5F-BFE3C4F99CF6}.Release|x86.ActiveCfg = Release|Any CPU
		{0F984796-F9F1-433A-BB5F-BFE3C4F99CF6}.Release|x86.Build.0 = Release|Any CPU
		{667F71CE-A9A3-40B1-8C46-54B2F9E391EB}.Debug|Any CPU.ActiveCfg = Debug|Any CPU
		{667F71CE-A9A3-40B1-8C46-54B2F9E391EB}.Debug|Any CPU.Build.0 = Debug|Any CPU
		{667F71CE-A9A3-40B1-8C46-54B2F9E391EB}.Debug|x64.ActiveCfg = Debug|Any CPU
		{667F71CE-A9A3-40B1-8C46-54B2F9E391EB}.Debug|x64.Build.0 = Debug|Any CPU
		{667F71CE-A9A3-40B1-8C46-54B2F9E391EB}.Debug|x86.ActiveCfg = Debug|Any CPU
		{667F71CE-A9A3-40B1-8C46-54B2F9E391EB}.Debug|x86.Build.0 = Debug|Any CPU
		{667F71CE-A9A3-40B1-8C46-54B2F9E391EB}.Release|Any CPU.ActiveCfg = Release|Any CPU
		{667F71CE-A9A3-40B1-8C46-54B2F9E391EB}.Release|Any CPU.Build.0 = Release|Any CPU
		{667F71CE-A9A3-40B1-8C46-54B2F9E391EB}.Release|x64.ActiveCfg = Release|Any CPU
		{667F71CE-A9A3-40B1-8C46-54B2F9E391EB}.Release|x64.Build.0 = Release|Any CPU
		{667F71CE-A9A3-40B1-8C46-54B2F9E391EB}.Release|x86.ActiveCfg = Release|Any CPU
		{667F71CE-A9A3-40B1-8C46-54B2F9E391EB}.Release|x86.Build.0 = Release|Any CPU
		{FB41FE3B-15F7-4887-84AB-912626622D0F}.Debug|Any CPU.ActiveCfg = Debug|Any CPU
		{FB41FE3B-15F7-4887-84AB-912626622D0F}.Debug|Any CPU.Build.0 = Debug|Any CPU
		{FB41FE3B-15F7-4887-84AB-912626622D0F}.Debug|x64.ActiveCfg = Debug|Any CPU
		{FB41FE3B-15F7-4887-84AB-912626622D0F}.Debug|x64.Build.0 = Debug|Any CPU
		{FB41FE3B-15F7-4887-84AB-912626622D0F}.Debug|x86.ActiveCfg = Debug|Any CPU
		{FB41FE3B-15F7-4887-84AB-912626622D0F}.Debug|x86.Build.0 = Debug|Any CPU
		{FB41FE3B-15F7-4887-84AB-912626622D0F}.Release|Any CPU.ActiveCfg = Release|Any CPU
		{FB41FE3B-15F7-4887-84AB-912626622D0F}.Release|Any CPU.Build.0 = Release|Any CPU
		{FB41FE3B-15F7-4887-84AB-912626622D0F}.Release|x64.ActiveCfg = Release|Any CPU
		{FB41FE3B-15F7-4887-84AB-912626622D0F}.Release|x64.Build.0 = Release|Any CPU
		{FB41FE3B-15F7-4887-84AB-912626622D0F}.Release|x86.ActiveCfg = Release|Any CPU
		{FB41FE3B-15F7-4887-84AB-912626622D0F}.Release|x86.Build.0 = Release|Any CPU
		{7DB8F85B-72F1-40E4-B712-EE0531FC9375}.Debug|Any CPU.ActiveCfg = Debug|Any CPU
		{7DB8F85B-72F1-40E4-B712-EE0531FC9375}.Debug|Any CPU.Build.0 = Debug|Any CPU
		{7DB8F85B-72F1-40E4-B712-EE0531FC9375}.Debug|x64.ActiveCfg = Debug|Any CPU
		{7DB8F85B-72F1-40E4-B712-EE0531FC9375}.Debug|x64.Build.0 = Debug|Any CPU
		{7DB8F85B-72F1-40E4-B712-EE0531FC9375}.Debug|x86.ActiveCfg = Debug|Any CPU
		{7DB8F85B-72F1-40E4-B712-EE0531FC9375}.Debug|x86.Build.0 = Debug|Any CPU
		{7DB8F85B-72F1-40E4-B712-EE0531FC9375}.Release|Any CPU.ActiveCfg = Release|Any CPU
		{7DB8F85B-72F1-40E4-B712-EE0531FC9375}.Release|Any CPU.Build.0 = Release|Any CPU
		{7DB8F85B-72F1-40E4-B712-EE0531FC9375}.Release|x64.ActiveCfg = Release|Any CPU
		{7DB8F85B-72F1-40E4-B712-EE0531FC9375}.Release|x64.Build.0 = Release|Any CPU
		{7DB8F85B-72F1-40E4-B712-EE0531FC9375}.Release|x86.ActiveCfg = Release|Any CPU
		{7DB8F85B-72F1-40E4-B712-EE0531FC9375}.Release|x86.Build.0 = Release|Any CPU
		{55B0D8A0-698F-4CFE-9118-BE7EB3E64953}.Debug|Any CPU.ActiveCfg = Debug|Any CPU
		{55B0D8A0-698F-4CFE-9118-BE7EB3E64953}.Debug|Any CPU.Build.0 = Debug|Any CPU
		{55B0D8A0-698F-4CFE-9118-BE7EB3E64953}.Debug|x64.ActiveCfg = Debug|Any CPU
		{55B0D8A0-698F-4CFE-9118-BE7EB3E64953}.Debug|x64.Build.0 = Debug|Any CPU
		{55B0D8A0-698F-4CFE-9118-BE7EB3E64953}.Debug|x86.ActiveCfg = Debug|Any CPU
		{55B0D8A0-698F-4CFE-9118-BE7EB3E64953}.Debug|x86.Build.0 = Debug|Any CPU
		{55B0D8A0-698F-4CFE-9118-BE7EB3E64953}.Release|Any CPU.ActiveCfg = Release|Any CPU
		{55B0D8A0-698F-4CFE-9118-BE7EB3E64953}.Release|Any CPU.Build.0 = Release|Any CPU
		{55B0D8A0-698F-4CFE-9118-BE7EB3E64953}.Release|x64.ActiveCfg = Release|Any CPU
		{55B0D8A0-698F-4CFE-9118-BE7EB3E64953}.Release|x64.Build.0 = Release|Any CPU
		{55B0D8A0-698F-4CFE-9118-BE7EB3E64953}.Release|x86.ActiveCfg = Release|Any CPU
		{55B0D8A0-698F-4CFE-9118-BE7EB3E64953}.Release|x86.Build.0 = Release|Any CPU
	EndGlobalSection
	GlobalSection(SolutionProperties) = preSolution
		HideSolutionNode = FALSE
	EndGlobalSection
	GlobalSection(ExtensibilityGlobals) = postSolution
		SolutionGuid = {2EB6265F-323A-4BF3-969E-003D64A14B64}
	EndGlobalSection
	GlobalSection(NestedProjects) = preSolution
		{55B0D8A0-698F-4CFE-9118-BE7EB3E64953} = {A082DCA7-2D7C-40CA-AF7C-893B50C9E344}
		{1508F3EA-C2E6-4CF5-8A5F-B14F490DFEE3} = {A082DCA7-2D7C-40CA-AF7C-893B50C9E344}
		{7DB8F85B-72F1-40E4-B712-EE0531FC9375} = {A082DCA7-2D7C-40CA-AF7C-893B50C9E344}
		{FB41FE3B-15F7-4887-84AB-912626622D0F} = {A082DCA7-2D7C-40CA-AF7C-893B50C9E344}
		{667F71CE-A9A3-40B1-8C46-54B2F9E391EB} = {A082DCA7-2D7C-40CA-AF7C-893B50C9E344}
		{E83C4E18-F4FC-4ECF-87B6-1B0C3956AD05} = {A082DCA7-2D7C-40CA-AF7C-893B50C9E344}
		{0F984796-F9F1-433A-BB5F-BFE3C4F99CF6} = {A082DCA7-2D7C-40CA-AF7C-893B50C9E344}
		{8975A1E0-176C-4DDD-84F9-89B45DA075D2} = {A082DCA7-2D7C-40CA-AF7C-893B50C9E344}
		{F7128E54-0EE1-4552-AF26-95E183279312} = {A082DCA7-2D7C-40CA-AF7C-893B50C9E344}
		{7C7E4203-87AD-4BE6-8A43-4E0C9CF1624C} = {A082DCA7-2D7C-40CA-AF7C-893B50C9E344}
		{FCBD6754-579D-4126-B375-5834561EC3E2} = {A082DCA7-2D7C-40CA-AF7C-893B50C9E344}
		{20A955B7-EE64-4C2B-8428-EDA5CFCAFFD7} = {987C96EB-228A-439B-B501-A70BE218597E}
		{16D853F4-CF6B-4186-A87D-24F907BFA6A2} = {2878C1C7-D27E-41D4-B024-D57079B4C13D}
		{32DCF02D-3DB9-49B3-AEB8-3D8BF8C4224E} = {2878C1C7-D27E-41D4-B024-D57079B4C13D}
		{8B6A1246-B0DC-4F44-905A-E798A2B9A219} = {2878C1C7-D27E-41D4-B024-D57079B4C13D}
		{BD36AC1B-C1E1-4F97-A9E3-F3669621384D} = {2878C1C7-D27E-41D4-B024-D57079B4C13D}
		{2DC67474-4CD1-48C1-8F78-F1EDE91417DA} = {2878C1C7-D27E-41D4-B024-D57079B4C13D}
		{749530D3-8A08-48D2-AEAB-C2CFBFA42D20} = {2878C1C7-D27E-41D4-B024-D57079B4C13D}
		{22D73422-621B-4F34-94B3-66AB4BDA68AD} = {2878C1C7-D27E-41D4-B024-D57079B4C13D}
		{ED191403-BA62-4DAB-90CD-540F66B02B9A} = {28643E2E-0387-4690-8288-E1D7D9D4DF4C}
		{9FA9699C-53E3-425E-A2E6-B3306E4635BE} = {28643E2E-0387-4690-8288-E1D7D9D4DF4C}
		{57F63B1B-E6F6-4AB1-8D8C-E19A29C366BD} = {28643E2E-0387-4690-8288-E1D7D9D4DF4C}
		{53B7A0C7-FC7B-4832-9F59-75BFC5A74F6D} = {28643E2E-0387-4690-8288-E1D7D9D4DF4C}
		{0F658245-9E2B-459A-BEF4-9013504FCAE6} = {E43B7AC1-F86A-48B3-BAB1-75066622FA37}
		{7C38C08B-5686-4FE8-A673-915B96BBBA40} = {E43B7AC1-F86A-48B3-BAB1-75066622FA37}
		{E7BEE9B8-02AD-460A-B13C-702BC1F85B8F} = {A033446F-60A4-4D40-A0A9-5E35CBF561AE}
		{AB968A95-1EC9-4672-8DF2-27351A17B9C0} = {207A589C-1709-48F5-AA19-7E0B240B1BF9}
		{B201B88A-4E4B-4267-81BF-AC955058C233} = {207A589C-1709-48F5-AA19-7E0B240B1BF9}
		{0F435669-2D70-4CC3-99BF-C000F90C7C1D} = {207A589C-1709-48F5-AA19-7E0B240B1BF9}
		{B973CFA0-EF5C-44EF-ABB1-AB13AE1E9D28} = {0E76391B-7187-4B7E-90D8-281682D210C4}
		{565243D9-E945-4885-BE9C-6651A8D071B8} = {0E76391B-7187-4B7E-90D8-281682D210C4}
		{6DF3C517-EA3F-4EF8-AABC-FF6E8591FA21} = {90E45B0E-4281-4E90-8F20-24B55762A70A}
		{A6768BEB-0CD5-41AE-9C26-816C81A5A87F} = {90E45B0E-4281-4E90-8F20-24B55762A70A}
		{7A22DD0B-1CE8-4E9E-A973-FD83ED944EF6} = {90E45B0E-4281-4E90-8F20-24B55762A70A}
		{F3B4ACE6-3F95-4399-A91E-ADEA80C8DC0D} = {DBF6F509-C871-48BF-83C7-431D1CACBF72}
		{69F6E843-15DF-4B53-9FB3-481B2EFC8C56} = {DBF6F509-C871-48BF-83C7-431D1CACBF72}
		{F5BA53D1-4B2C-4634-8E9C-51253FE0E513} = {DBF6F509-C871-48BF-83C7-431D1CACBF72}
		{632076D2-B5C1-46A2-862E-22C45A652710} = {DBF6F509-C871-48BF-83C7-431D1CACBF72}
		{2AB82A49-0F10-4354-A042-A58863959E30} = {DBF6F509-C871-48BF-83C7-431D1CACBF72}
		{7B45754C-07A5-4CCA-8FAE-DCCEC015BEB4} = {7E44F176-E905-496A-B3BA-FFD3BD18E2A7}
	EndGlobalSection
EndGlobal
