Microsoft Visual Studio Solution File, Format Version 12.00
# Visual Studio Version 17
VisualStudioVersion = 17.1.32407.343
MinimumVisualStudioVersion = 10.0.40219.1
Project("{2150E333-8FDC-42A3-9474-1A3956D46DE8}") = "administration", "administration", "{E0B99F7E-D108-4054-92C2-31304C5060DE}"
EndProject
Project("{FAE04EC0-301F-11D3-BF4B-00C04F79EFBC}") = "Administration.Service", "administration\Administration.Service\Administration.Service.csproj", "{06418D5E-5963-4D46-8F09-A0E132721C64}"
EndProject
Project("{2150E333-8FDC-42A3-9474-1A3956D46DE8}") = "framework", "framework", "{23500169-FC01-4D2B-A997-E7FAE2169FC0}"
EndProject
Project("{FAE04EC0-301F-11D3-BF4B-00C04F79EFBC}") = "Framework.Cors", "framework\Framework.Cors\Framework.Cors.csproj", "{AB6C26B2-2EA8-4E19-9A76-EBE0BF097173}"
EndProject
Project("{FAE04EC0-301F-11D3-BF4B-00C04F79EFBC}") = "Framework.ErrorHandling", "framework\Framework.ErrorHandling\Framework.ErrorHandling.csproj", "{E6C12BC5-998A-49BD-A737-7C02D14EC5CA}"
EndProject
Project("{FAE04EC0-301F-11D3-BF4B-00C04F79EFBC}") = "Framework.IO", "framework\Framework.IO\Framework.IO.csproj", "{4157A958-5EC3-4A62-8C50-D20753AEB39B}"
EndProject
Project("{FAE04EC0-301F-11D3-BF4B-00C04F79EFBC}") = "Framework.Models", "framework\Framework.Models\Framework.Models.csproj", "{367EF094-2B47-48F5-BE0B-829FE5CB905C}"
EndProject
Project("{FAE04EC0-301F-11D3-BF4B-00C04F79EFBC}") = "Framework.Swagger", "framework\Framework.Swagger\Framework.Swagger.csproj", "{2B5383E4-9A0D-4B19-B4E1-4715EA747B11}"
EndProject
Project("{FAE04EC0-301F-11D3-BF4B-00C04F79EFBC}") = "Framework.Web", "framework\Framework.Web\Framework.Web.csproj", "{4E4EC120-2BA0-4D42-AA03-5F9C52CA3C56}"
EndProject
Project("{2150E333-8FDC-42A3-9474-1A3956D46DE8}") = "keycloak", "keycloak", "{46383371-8252-4598-9350-A97692851408}"
EndProject
Project("{FAE04EC0-301F-11D3-BF4B-00C04F79EFBC}") = "Keycloak.Authentication", "keycloak\Keycloak.Authentication\Keycloak.Authentication.csproj", "{69004CBA-5B0C-42C7-A4DA-4727F14AA20A}"
EndProject
Project("{FAE04EC0-301F-11D3-BF4B-00C04F79EFBC}") = "Keycloak.ErrorHandling", "keycloak\Keycloak.ErrorHandling\Keycloak.ErrorHandling.csproj", "{C482693F-A8D8-40FA-AD93-00B03CA6DC31}"
EndProject
Project("{FAE04EC0-301F-11D3-BF4B-00C04F79EFBC}") = "Keycloak.Factory", "keycloak\Keycloak.Factory\Keycloak.Factory.csproj", "{E293EC06-2DEF-41B1-BC96-43918F7BDF59}"
EndProject
Project("{FAE04EC0-301F-11D3-BF4B-00C04F79EFBC}") = "Keycloak.Library", "keycloak\Keycloak.Library\Keycloak.Library.csproj", "{7C1F429E-878D-40A9-81B7-A3815965C728}"
EndProject
Project("{2150E333-8FDC-42A3-9474-1A3956D46DE8}") = "mailing", "mailing", "{68D43DB1-DFC5-4F15-A2B4-6BA18B875F9E}"
EndProject
Project("{FAE04EC0-301F-11D3-BF4B-00C04F79EFBC}") = "Mailing.SendMail", "mailing\Mailing.SendMail\Mailing.SendMail.csproj", "{18C7A819-B2F5-4737-ABE7-A61DCB53A14C}"
EndProject
Project("{FAE04EC0-301F-11D3-BF4B-00C04F79EFBC}") = "Mailing.Template", "mailing\Mailing.Template\Mailing.Template.csproj", "{80276FAD-580F-432F-9AF1-111FFF2C388D}"
EndProject
Project("{2150E333-8FDC-42A3-9474-1A3956D46DE8}") = "maintenance", "maintenance", "{09DDF024-3242-4800-A778-FA0FA2B19F00}"
EndProject
Project("{FAE04EC0-301F-11D3-BF4B-00C04F79EFBC}") = "Maintenance.App", "maintenance\Maintenance.App\Maintenance.App.csproj", "{571BAAEF-8DC9-4C76-A725-2159A7C5677E}"
EndProject
Project("{2150E333-8FDC-42A3-9474-1A3956D46DE8}") = "marketplace", "marketplace", "{A878BDF1-6DB6-4BA5-A724-92885A710856}"
EndProject
Project("{FAE04EC0-301F-11D3-BF4B-00C04F79EFBC}") = "Apps.Service", "marketplace\Apps.Service\Apps.Service.csproj", "{F9CF6E75-3963-4508-AD9D-218BE9972AEC}"
EndProject
Project("{FAE04EC0-301F-11D3-BF4B-00C04F79EFBC}") = "Offers.Library", "marketplace\Offers.Library\Offers.Library.csproj", "{069E4870-51AC-4828-B087-5DF6726C3948}"
EndProject
Project("{FAE04EC0-301F-11D3-BF4B-00C04F79EFBC}") = "Services.Service", "marketplace\Services.Service\Services.Service.csproj", "{DC95EBAD-4D8F-435C-8E9B-A21FAC7BE570}"
EndProject
Project("{2150E333-8FDC-42A3-9474-1A3956D46DE8}") = "notification", "notification", "{3A5882B1-2CFA-48F2-A960-CD5EC8C9FCAB}"
EndProject
Project("{FAE04EC0-301F-11D3-BF4B-00C04F79EFBC}") = "Notification.Library", "notification\Notification.Library\Notification.Library.csproj", "{3C153FC0-5F98-4BDF-881C-1A793F49C0B4}"
EndProject
Project("{FAE04EC0-301F-11D3-BF4B-00C04F79EFBC}") = "Notification.Service", "notification\Notification.Service\Notification.Service.csproj", "{C7246E73-0047-4816-9457-56AE31FBFF15}"
EndProject
Project("{2150E333-8FDC-42A3-9474-1A3956D46DE8}") = "portalbackend", "portalbackend", "{774A1FBD-53C1-43A8-82ED-C8001AC9967C}"
EndProject
Project("{FAE04EC0-301F-11D3-BF4B-00C04F79EFBC}") = "PortalBackend.DBAccess", "portalbackend\PortalBackend.DBAccess\PortalBackend.DBAccess.csproj", "{2166E7E7-F088-424C-A0B8-FCA1657A54C6}"
EndProject
Project("{FAE04EC0-301F-11D3-BF4B-00C04F79EFBC}") = "PortalBackend.Migrations", "portalbackend\PortalBackend.Migrations\PortalBackend.Migrations.csproj", "{499A9317-B5A8-402A-B276-33A1806E6233}"
EndProject
Project("{FAE04EC0-301F-11D3-BF4B-00C04F79EFBC}") = "PortalBackend.PortalEntities", "portalbackend\PortalBackend.PortalEntities\PortalBackend.PortalEntities.csproj", "{0A65672B-AD03-49F3-BF17-A7EAE78D9846}"
EndProject
Project("{2150E333-8FDC-42A3-9474-1A3956D46DE8}") = "provisioning", "provisioning", "{AE4A5C54-72F3-4B55-BB86-09DFA3AA3D7B}"
EndProject
Project("{FAE04EC0-301F-11D3-BF4B-00C04F79EFBC}") = "Provisioning.DBAccess", "provisioning\Provisioning.DBAccess\Provisioning.DBAccess.csproj", "{1139324D-5704-4742-B065-C55EE6E54329}"
EndProject
Project("{FAE04EC0-301F-11D3-BF4B-00C04F79EFBC}") = "Provisioning.Library", "provisioning\Provisioning.Library\Provisioning.Library.csproj", "{C512740F-48A2-4B5B-83F2-EB7753EAE028}"
EndProject
Project("{FAE04EC0-301F-11D3-BF4B-00C04F79EFBC}") = "Provisioning.Mail", "provisioning\Provisioning.Mail\Provisioning.Mail.csproj", "{9E9770D8-D2C8-496C-AB86-3A41CDBAEA47}"
EndProject
Project("{FAE04EC0-301F-11D3-BF4B-00C04F79EFBC}") = "Provisioning.ProvisioningEntities", "provisioning\Provisioning.ProvisioningEntities\Provisioning.ProvisioningEntities.csproj", "{22DEE4A2-15ED-4176-B912-B357D474D2AC}"
EndProject
Project("{FAE04EC0-301F-11D3-BF4B-00C04F79EFBC}") = "Provisioning.Service", "provisioning\Provisioning.Service\Provisioning.Service.csproj", "{E42243C5-023E-4288-9045-A446E07B990F}"
EndProject
Project("{2150E333-8FDC-42A3-9474-1A3956D46DE8}") = "registration", "registration", "{AB9C5AA2-DD5D-4A38-97C0-674A995C0AE0}"
EndProject
Project("{FAE04EC0-301F-11D3-BF4B-00C04F79EFBC}") = "Registration.Service", "registration\Registration.Service\Registration.Service.csproj", "{FBEA925C-EE3C-4D81-A492-0B2D386C161E}"
EndProject
Project("{FAE04EC0-301F-11D3-BF4B-00C04F79EFBC}") = "Administration.Service.Tests", "..\tests\administration\Administration.Service.Tests\Administration.Service.Tests.csproj", "{1EFC9D98-C8EE-4399-9B2D-876CDDE8CFD3}"
EndProject
Project("{FAE04EC0-301F-11D3-BF4B-00C04F79EFBC}") = "Framework.ErrorHandling.Tests", "..\tests\framework\Framework.ErrorHandling.Tests\Framework.ErrorHandling.Tests.csproj", "{FB2E573E-23BD-4111-A3E5-2C75B9920946}"
EndProject
Project("{FAE04EC0-301F-11D3-BF4B-00C04F79EFBC}") = "Apps.Service.Tests", "..\tests\marketplace\Apps.Service.Tests\Apps.Service.Tests.csproj", "{F0EFB95B-39DD-4FDB-A044-0BB9302DDC41}"
EndProject
Project("{FAE04EC0-301F-11D3-BF4B-00C04F79EFBC}") = "Offers.Library.Tests", "..\tests\marketplace\Offers.Library.Tests\Offers.Library.Tests.csproj", "{F995582E-729F-4EA0-831F-6CA5058114EF}"
EndProject
Project("{FAE04EC0-301F-11D3-BF4B-00C04F79EFBC}") = "Services.Service.Tests", "..\tests\marketplace\Services.Service.Tests\Services.Service.Tests.csproj", "{6C2F85D7-0443-4711-96DF-66EC46CA1A98}"
EndProject
Project("{FAE04EC0-301F-11D3-BF4B-00C04F79EFBC}") = "Notification.Library.Tests", "..\tests\notification\Notification.Library.Tests\Notification.Library.Tests.csproj", "{B6DE0855-385D-4A8C-BC22-04BE2105A2F4}"
EndProject
Project("{FAE04EC0-301F-11D3-BF4B-00C04F79EFBC}") = "Notification.Service.Tests", "..\tests\notification\Notification.Service.Tests\Notification.Service.Tests.csproj", "{12F16E1B-0275-4F41-8353-C2C9A79BA4E9}"
EndProject
Project("{FAE04EC0-301F-11D3-BF4B-00C04F79EFBC}") = "PortalBackend.DBAccess.Tests", "..\tests\portalbackend\PortalBackend.DBAccess.Tests\PortalBackend.DBAccess.Tests.csproj", "{53E03A1A-E59F-4C67-80B4-5A232BF01A81}"
EndProject
Project("{FAE04EC0-301F-11D3-BF4B-00C04F79EFBC}") = "Provisioning.Library.Tests", "..\tests\provisioning\Provisioning.Library.Tests\Provisioning.Library.Tests.csproj", "{B8E70529-7A8C-44F8-BE8C-1369754291AF}"
EndProject
Project("{FAE04EC0-301F-11D3-BF4B-00C04F79EFBC}") = "Registration.Service.Tests", "..\tests\registration\Registration.Service.Tests\Registration.Service.Tests.csproj", "{217FE6D7-0DE3-43CF-AFC4-7FA12700F447}"
EndProject
Project("{FAE04EC0-301F-11D3-BF4B-00C04F79EFBC}") = "Tests.Shared", "..\tests\shared\Tests.Shared\Tests.Shared.csproj", "{2B1218E4-E1A4-418E-A55F-16B7F30235A7}"
EndProject
Project("{2150E333-8FDC-42A3-9474-1A3956D46DE8}") = "tests", "tests", "{323C198D-A8C6-4EB0-8B79-72624275E35F}"
EndProject
Project("{FAE04EC0-301F-11D3-BF4B-00C04F79EFBC}") = "Framework.Async", "framework\Framework.Async\Framework.Async.csproj", "{A1862697-AB25-4D79-B601-02733A3490B2}"
EndProject
Project("{FAE04EC0-301F-11D3-BF4B-00C04F79EFBC}") = "Framework.IO.Tests", "..\tests\framework\Framework.IO.Tests\Framework.IO.Tests.csproj", "{2E0BC264-3EB6-4EC2-B332-0F0E50180401}"
EndProject
Project("{FAE04EC0-301F-11D3-BF4B-00C04F79EFBC}") = "Framework.BaseDependencies", "framework\Framework.BaseDependencies\Framework.BaseDependencies.csproj", "{CF221BA2-1CC2-4E7A-9F8E-4D14975E572E}"
EndProject
Project("{FAE04EC0-301F-11D3-BF4B-00C04F79EFBC}") = "Provisioning.Migrations", "provisioning\Provisioning.Migrations\Provisioning.Migrations.csproj", "{3F7A02D4-073C-40FE-B228-8E1BA96B1946}"
EndProject
Global
	GlobalSection(SolutionConfigurationPlatforms) = preSolution
		Debug|Any CPU = Debug|Any CPU
		Debug|x64 = Debug|x64
		Debug|x86 = Debug|x86
		Release|Any CPU = Release|Any CPU
		Release|x64 = Release|x64
		Release|x86 = Release|x86
	EndGlobalSection
	GlobalSection(ProjectConfigurationPlatforms) = postSolution
		{06418D5E-5963-4D46-8F09-A0E132721C64}.Debug|Any CPU.ActiveCfg = Debug|Any CPU
		{06418D5E-5963-4D46-8F09-A0E132721C64}.Debug|Any CPU.Build.0 = Debug|Any CPU
		{06418D5E-5963-4D46-8F09-A0E132721C64}.Debug|x64.ActiveCfg = Debug|Any CPU
		{06418D5E-5963-4D46-8F09-A0E132721C64}.Debug|x64.Build.0 = Debug|Any CPU
		{06418D5E-5963-4D46-8F09-A0E132721C64}.Debug|x86.ActiveCfg = Debug|Any CPU
		{06418D5E-5963-4D46-8F09-A0E132721C64}.Debug|x86.Build.0 = Debug|Any CPU
		{06418D5E-5963-4D46-8F09-A0E132721C64}.Release|Any CPU.ActiveCfg = Release|Any CPU
		{06418D5E-5963-4D46-8F09-A0E132721C64}.Release|Any CPU.Build.0 = Release|Any CPU
		{06418D5E-5963-4D46-8F09-A0E132721C64}.Release|x64.ActiveCfg = Release|Any CPU
		{06418D5E-5963-4D46-8F09-A0E132721C64}.Release|x64.Build.0 = Release|Any CPU
		{06418D5E-5963-4D46-8F09-A0E132721C64}.Release|x86.ActiveCfg = Release|Any CPU
		{06418D5E-5963-4D46-8F09-A0E132721C64}.Release|x86.Build.0 = Release|Any CPU
		{AB6C26B2-2EA8-4E19-9A76-EBE0BF097173}.Debug|Any CPU.ActiveCfg = Debug|Any CPU
		{AB6C26B2-2EA8-4E19-9A76-EBE0BF097173}.Debug|Any CPU.Build.0 = Debug|Any CPU
		{AB6C26B2-2EA8-4E19-9A76-EBE0BF097173}.Debug|x64.ActiveCfg = Debug|Any CPU
		{AB6C26B2-2EA8-4E19-9A76-EBE0BF097173}.Debug|x64.Build.0 = Debug|Any CPU
		{AB6C26B2-2EA8-4E19-9A76-EBE0BF097173}.Debug|x86.ActiveCfg = Debug|Any CPU
		{AB6C26B2-2EA8-4E19-9A76-EBE0BF097173}.Debug|x86.Build.0 = Debug|Any CPU
		{AB6C26B2-2EA8-4E19-9A76-EBE0BF097173}.Release|Any CPU.ActiveCfg = Release|Any CPU
		{AB6C26B2-2EA8-4E19-9A76-EBE0BF097173}.Release|Any CPU.Build.0 = Release|Any CPU
		{AB6C26B2-2EA8-4E19-9A76-EBE0BF097173}.Release|x64.ActiveCfg = Release|Any CPU
		{AB6C26B2-2EA8-4E19-9A76-EBE0BF097173}.Release|x64.Build.0 = Release|Any CPU
		{AB6C26B2-2EA8-4E19-9A76-EBE0BF097173}.Release|x86.ActiveCfg = Release|Any CPU
		{AB6C26B2-2EA8-4E19-9A76-EBE0BF097173}.Release|x86.Build.0 = Release|Any CPU
		{E6C12BC5-998A-49BD-A737-7C02D14EC5CA}.Debug|Any CPU.ActiveCfg = Debug|Any CPU
		{E6C12BC5-998A-49BD-A737-7C02D14EC5CA}.Debug|Any CPU.Build.0 = Debug|Any CPU
		{E6C12BC5-998A-49BD-A737-7C02D14EC5CA}.Debug|x64.ActiveCfg = Debug|Any CPU
		{E6C12BC5-998A-49BD-A737-7C02D14EC5CA}.Debug|x64.Build.0 = Debug|Any CPU
		{E6C12BC5-998A-49BD-A737-7C02D14EC5CA}.Debug|x86.ActiveCfg = Debug|Any CPU
		{E6C12BC5-998A-49BD-A737-7C02D14EC5CA}.Debug|x86.Build.0 = Debug|Any CPU
		{E6C12BC5-998A-49BD-A737-7C02D14EC5CA}.Release|Any CPU.ActiveCfg = Release|Any CPU
		{E6C12BC5-998A-49BD-A737-7C02D14EC5CA}.Release|Any CPU.Build.0 = Release|Any CPU
		{E6C12BC5-998A-49BD-A737-7C02D14EC5CA}.Release|x64.ActiveCfg = Release|Any CPU
		{E6C12BC5-998A-49BD-A737-7C02D14EC5CA}.Release|x64.Build.0 = Release|Any CPU
		{E6C12BC5-998A-49BD-A737-7C02D14EC5CA}.Release|x86.ActiveCfg = Release|Any CPU
		{E6C12BC5-998A-49BD-A737-7C02D14EC5CA}.Release|x86.Build.0 = Release|Any CPU
		{4157A958-5EC3-4A62-8C50-D20753AEB39B}.Debug|Any CPU.ActiveCfg = Debug|Any CPU
		{4157A958-5EC3-4A62-8C50-D20753AEB39B}.Debug|Any CPU.Build.0 = Debug|Any CPU
		{4157A958-5EC3-4A62-8C50-D20753AEB39B}.Debug|x64.ActiveCfg = Debug|Any CPU
		{4157A958-5EC3-4A62-8C50-D20753AEB39B}.Debug|x64.Build.0 = Debug|Any CPU
		{4157A958-5EC3-4A62-8C50-D20753AEB39B}.Debug|x86.ActiveCfg = Debug|Any CPU
		{4157A958-5EC3-4A62-8C50-D20753AEB39B}.Debug|x86.Build.0 = Debug|Any CPU
		{4157A958-5EC3-4A62-8C50-D20753AEB39B}.Release|Any CPU.ActiveCfg = Release|Any CPU
		{4157A958-5EC3-4A62-8C50-D20753AEB39B}.Release|Any CPU.Build.0 = Release|Any CPU
		{4157A958-5EC3-4A62-8C50-D20753AEB39B}.Release|x64.ActiveCfg = Release|Any CPU
		{4157A958-5EC3-4A62-8C50-D20753AEB39B}.Release|x64.Build.0 = Release|Any CPU
		{4157A958-5EC3-4A62-8C50-D20753AEB39B}.Release|x86.ActiveCfg = Release|Any CPU
		{4157A958-5EC3-4A62-8C50-D20753AEB39B}.Release|x86.Build.0 = Release|Any CPU
		{367EF094-2B47-48F5-BE0B-829FE5CB905C}.Debug|Any CPU.ActiveCfg = Debug|Any CPU
		{367EF094-2B47-48F5-BE0B-829FE5CB905C}.Debug|Any CPU.Build.0 = Debug|Any CPU
		{367EF094-2B47-48F5-BE0B-829FE5CB905C}.Debug|x64.ActiveCfg = Debug|Any CPU
		{367EF094-2B47-48F5-BE0B-829FE5CB905C}.Debug|x64.Build.0 = Debug|Any CPU
		{367EF094-2B47-48F5-BE0B-829FE5CB905C}.Debug|x86.ActiveCfg = Debug|Any CPU
		{367EF094-2B47-48F5-BE0B-829FE5CB905C}.Debug|x86.Build.0 = Debug|Any CPU
		{367EF094-2B47-48F5-BE0B-829FE5CB905C}.Release|Any CPU.ActiveCfg = Release|Any CPU
		{367EF094-2B47-48F5-BE0B-829FE5CB905C}.Release|Any CPU.Build.0 = Release|Any CPU
		{367EF094-2B47-48F5-BE0B-829FE5CB905C}.Release|x64.ActiveCfg = Release|Any CPU
		{367EF094-2B47-48F5-BE0B-829FE5CB905C}.Release|x64.Build.0 = Release|Any CPU
		{367EF094-2B47-48F5-BE0B-829FE5CB905C}.Release|x86.ActiveCfg = Release|Any CPU
		{367EF094-2B47-48F5-BE0B-829FE5CB905C}.Release|x86.Build.0 = Release|Any CPU
		{2B5383E4-9A0D-4B19-B4E1-4715EA747B11}.Debug|Any CPU.ActiveCfg = Debug|Any CPU
		{2B5383E4-9A0D-4B19-B4E1-4715EA747B11}.Debug|Any CPU.Build.0 = Debug|Any CPU
		{2B5383E4-9A0D-4B19-B4E1-4715EA747B11}.Debug|x64.ActiveCfg = Debug|Any CPU
		{2B5383E4-9A0D-4B19-B4E1-4715EA747B11}.Debug|x64.Build.0 = Debug|Any CPU
		{2B5383E4-9A0D-4B19-B4E1-4715EA747B11}.Debug|x86.ActiveCfg = Debug|Any CPU
		{2B5383E4-9A0D-4B19-B4E1-4715EA747B11}.Debug|x86.Build.0 = Debug|Any CPU
		{2B5383E4-9A0D-4B19-B4E1-4715EA747B11}.Release|Any CPU.ActiveCfg = Release|Any CPU
		{2B5383E4-9A0D-4B19-B4E1-4715EA747B11}.Release|Any CPU.Build.0 = Release|Any CPU
		{2B5383E4-9A0D-4B19-B4E1-4715EA747B11}.Release|x64.ActiveCfg = Release|Any CPU
		{2B5383E4-9A0D-4B19-B4E1-4715EA747B11}.Release|x64.Build.0 = Release|Any CPU
		{2B5383E4-9A0D-4B19-B4E1-4715EA747B11}.Release|x86.ActiveCfg = Release|Any CPU
		{2B5383E4-9A0D-4B19-B4E1-4715EA747B11}.Release|x86.Build.0 = Release|Any CPU
		{4E4EC120-2BA0-4D42-AA03-5F9C52CA3C56}.Debug|Any CPU.ActiveCfg = Debug|Any CPU
		{4E4EC120-2BA0-4D42-AA03-5F9C52CA3C56}.Debug|Any CPU.Build.0 = Debug|Any CPU
		{4E4EC120-2BA0-4D42-AA03-5F9C52CA3C56}.Debug|x64.ActiveCfg = Debug|Any CPU
		{4E4EC120-2BA0-4D42-AA03-5F9C52CA3C56}.Debug|x64.Build.0 = Debug|Any CPU
		{4E4EC120-2BA0-4D42-AA03-5F9C52CA3C56}.Debug|x86.ActiveCfg = Debug|Any CPU
		{4E4EC120-2BA0-4D42-AA03-5F9C52CA3C56}.Debug|x86.Build.0 = Debug|Any CPU
		{4E4EC120-2BA0-4D42-AA03-5F9C52CA3C56}.Release|Any CPU.ActiveCfg = Release|Any CPU
		{4E4EC120-2BA0-4D42-AA03-5F9C52CA3C56}.Release|Any CPU.Build.0 = Release|Any CPU
		{4E4EC120-2BA0-4D42-AA03-5F9C52CA3C56}.Release|x64.ActiveCfg = Release|Any CPU
		{4E4EC120-2BA0-4D42-AA03-5F9C52CA3C56}.Release|x64.Build.0 = Release|Any CPU
		{4E4EC120-2BA0-4D42-AA03-5F9C52CA3C56}.Release|x86.ActiveCfg = Release|Any CPU
		{4E4EC120-2BA0-4D42-AA03-5F9C52CA3C56}.Release|x86.Build.0 = Release|Any CPU
		{69004CBA-5B0C-42C7-A4DA-4727F14AA20A}.Debug|Any CPU.ActiveCfg = Debug|Any CPU
		{69004CBA-5B0C-42C7-A4DA-4727F14AA20A}.Debug|Any CPU.Build.0 = Debug|Any CPU
		{69004CBA-5B0C-42C7-A4DA-4727F14AA20A}.Debug|x64.ActiveCfg = Debug|Any CPU
		{69004CBA-5B0C-42C7-A4DA-4727F14AA20A}.Debug|x64.Build.0 = Debug|Any CPU
		{69004CBA-5B0C-42C7-A4DA-4727F14AA20A}.Debug|x86.ActiveCfg = Debug|Any CPU
		{69004CBA-5B0C-42C7-A4DA-4727F14AA20A}.Debug|x86.Build.0 = Debug|Any CPU
		{69004CBA-5B0C-42C7-A4DA-4727F14AA20A}.Release|Any CPU.ActiveCfg = Release|Any CPU
		{69004CBA-5B0C-42C7-A4DA-4727F14AA20A}.Release|Any CPU.Build.0 = Release|Any CPU
		{69004CBA-5B0C-42C7-A4DA-4727F14AA20A}.Release|x64.ActiveCfg = Release|Any CPU
		{69004CBA-5B0C-42C7-A4DA-4727F14AA20A}.Release|x64.Build.0 = Release|Any CPU
		{69004CBA-5B0C-42C7-A4DA-4727F14AA20A}.Release|x86.ActiveCfg = Release|Any CPU
		{69004CBA-5B0C-42C7-A4DA-4727F14AA20A}.Release|x86.Build.0 = Release|Any CPU
		{C482693F-A8D8-40FA-AD93-00B03CA6DC31}.Debug|Any CPU.ActiveCfg = Debug|Any CPU
		{C482693F-A8D8-40FA-AD93-00B03CA6DC31}.Debug|Any CPU.Build.0 = Debug|Any CPU
		{C482693F-A8D8-40FA-AD93-00B03CA6DC31}.Debug|x64.ActiveCfg = Debug|Any CPU
		{C482693F-A8D8-40FA-AD93-00B03CA6DC31}.Debug|x64.Build.0 = Debug|Any CPU
		{C482693F-A8D8-40FA-AD93-00B03CA6DC31}.Debug|x86.ActiveCfg = Debug|Any CPU
		{C482693F-A8D8-40FA-AD93-00B03CA6DC31}.Debug|x86.Build.0 = Debug|Any CPU
		{C482693F-A8D8-40FA-AD93-00B03CA6DC31}.Release|Any CPU.ActiveCfg = Release|Any CPU
		{C482693F-A8D8-40FA-AD93-00B03CA6DC31}.Release|Any CPU.Build.0 = Release|Any CPU
		{C482693F-A8D8-40FA-AD93-00B03CA6DC31}.Release|x64.ActiveCfg = Release|Any CPU
		{C482693F-A8D8-40FA-AD93-00B03CA6DC31}.Release|x64.Build.0 = Release|Any CPU
		{C482693F-A8D8-40FA-AD93-00B03CA6DC31}.Release|x86.ActiveCfg = Release|Any CPU
		{C482693F-A8D8-40FA-AD93-00B03CA6DC31}.Release|x86.Build.0 = Release|Any CPU
		{E293EC06-2DEF-41B1-BC96-43918F7BDF59}.Debug|Any CPU.ActiveCfg = Debug|Any CPU
		{E293EC06-2DEF-41B1-BC96-43918F7BDF59}.Debug|Any CPU.Build.0 = Debug|Any CPU
		{E293EC06-2DEF-41B1-BC96-43918F7BDF59}.Debug|x64.ActiveCfg = Debug|Any CPU
		{E293EC06-2DEF-41B1-BC96-43918F7BDF59}.Debug|x64.Build.0 = Debug|Any CPU
		{E293EC06-2DEF-41B1-BC96-43918F7BDF59}.Debug|x86.ActiveCfg = Debug|Any CPU
		{E293EC06-2DEF-41B1-BC96-43918F7BDF59}.Debug|x86.Build.0 = Debug|Any CPU
		{E293EC06-2DEF-41B1-BC96-43918F7BDF59}.Release|Any CPU.ActiveCfg = Release|Any CPU
		{E293EC06-2DEF-41B1-BC96-43918F7BDF59}.Release|Any CPU.Build.0 = Release|Any CPU
		{E293EC06-2DEF-41B1-BC96-43918F7BDF59}.Release|x64.ActiveCfg = Release|Any CPU
		{E293EC06-2DEF-41B1-BC96-43918F7BDF59}.Release|x64.Build.0 = Release|Any CPU
		{E293EC06-2DEF-41B1-BC96-43918F7BDF59}.Release|x86.ActiveCfg = Release|Any CPU
		{E293EC06-2DEF-41B1-BC96-43918F7BDF59}.Release|x86.Build.0 = Release|Any CPU
		{7C1F429E-878D-40A9-81B7-A3815965C728}.Debug|Any CPU.ActiveCfg = Debug|Any CPU
		{7C1F429E-878D-40A9-81B7-A3815965C728}.Debug|Any CPU.Build.0 = Debug|Any CPU
		{7C1F429E-878D-40A9-81B7-A3815965C728}.Debug|x64.ActiveCfg = Debug|Any CPU
		{7C1F429E-878D-40A9-81B7-A3815965C728}.Debug|x64.Build.0 = Debug|Any CPU
		{7C1F429E-878D-40A9-81B7-A3815965C728}.Debug|x86.ActiveCfg = Debug|Any CPU
		{7C1F429E-878D-40A9-81B7-A3815965C728}.Debug|x86.Build.0 = Debug|Any CPU
		{7C1F429E-878D-40A9-81B7-A3815965C728}.Release|Any CPU.ActiveCfg = Release|Any CPU
		{7C1F429E-878D-40A9-81B7-A3815965C728}.Release|Any CPU.Build.0 = Release|Any CPU
		{7C1F429E-878D-40A9-81B7-A3815965C728}.Release|x64.ActiveCfg = Release|Any CPU
		{7C1F429E-878D-40A9-81B7-A3815965C728}.Release|x64.Build.0 = Release|Any CPU
		{7C1F429E-878D-40A9-81B7-A3815965C728}.Release|x86.ActiveCfg = Release|Any CPU
		{7C1F429E-878D-40A9-81B7-A3815965C728}.Release|x86.Build.0 = Release|Any CPU
		{18C7A819-B2F5-4737-ABE7-A61DCB53A14C}.Debug|Any CPU.ActiveCfg = Debug|Any CPU
		{18C7A819-B2F5-4737-ABE7-A61DCB53A14C}.Debug|Any CPU.Build.0 = Debug|Any CPU
		{18C7A819-B2F5-4737-ABE7-A61DCB53A14C}.Debug|x64.ActiveCfg = Debug|Any CPU
		{18C7A819-B2F5-4737-ABE7-A61DCB53A14C}.Debug|x64.Build.0 = Debug|Any CPU
		{18C7A819-B2F5-4737-ABE7-A61DCB53A14C}.Debug|x86.ActiveCfg = Debug|Any CPU
		{18C7A819-B2F5-4737-ABE7-A61DCB53A14C}.Debug|x86.Build.0 = Debug|Any CPU
		{18C7A819-B2F5-4737-ABE7-A61DCB53A14C}.Release|Any CPU.ActiveCfg = Release|Any CPU
		{18C7A819-B2F5-4737-ABE7-A61DCB53A14C}.Release|Any CPU.Build.0 = Release|Any CPU
		{18C7A819-B2F5-4737-ABE7-A61DCB53A14C}.Release|x64.ActiveCfg = Release|Any CPU
		{18C7A819-B2F5-4737-ABE7-A61DCB53A14C}.Release|x64.Build.0 = Release|Any CPU
		{18C7A819-B2F5-4737-ABE7-A61DCB53A14C}.Release|x86.ActiveCfg = Release|Any CPU
		{18C7A819-B2F5-4737-ABE7-A61DCB53A14C}.Release|x86.Build.0 = Release|Any CPU
		{80276FAD-580F-432F-9AF1-111FFF2C388D}.Debug|Any CPU.ActiveCfg = Debug|Any CPU
		{80276FAD-580F-432F-9AF1-111FFF2C388D}.Debug|Any CPU.Build.0 = Debug|Any CPU
		{80276FAD-580F-432F-9AF1-111FFF2C388D}.Debug|x64.ActiveCfg = Debug|Any CPU
		{80276FAD-580F-432F-9AF1-111FFF2C388D}.Debug|x64.Build.0 = Debug|Any CPU
		{80276FAD-580F-432F-9AF1-111FFF2C388D}.Debug|x86.ActiveCfg = Debug|Any CPU
		{80276FAD-580F-432F-9AF1-111FFF2C388D}.Debug|x86.Build.0 = Debug|Any CPU
		{80276FAD-580F-432F-9AF1-111FFF2C388D}.Release|Any CPU.ActiveCfg = Release|Any CPU
		{80276FAD-580F-432F-9AF1-111FFF2C388D}.Release|Any CPU.Build.0 = Release|Any CPU
		{80276FAD-580F-432F-9AF1-111FFF2C388D}.Release|x64.ActiveCfg = Release|Any CPU
		{80276FAD-580F-432F-9AF1-111FFF2C388D}.Release|x64.Build.0 = Release|Any CPU
		{80276FAD-580F-432F-9AF1-111FFF2C388D}.Release|x86.ActiveCfg = Release|Any CPU
		{80276FAD-580F-432F-9AF1-111FFF2C388D}.Release|x86.Build.0 = Release|Any CPU
		{571BAAEF-8DC9-4C76-A725-2159A7C5677E}.Debug|Any CPU.ActiveCfg = Debug|Any CPU
		{571BAAEF-8DC9-4C76-A725-2159A7C5677E}.Debug|Any CPU.Build.0 = Debug|Any CPU
		{571BAAEF-8DC9-4C76-A725-2159A7C5677E}.Debug|x64.ActiveCfg = Debug|Any CPU
		{571BAAEF-8DC9-4C76-A725-2159A7C5677E}.Debug|x64.Build.0 = Debug|Any CPU
		{571BAAEF-8DC9-4C76-A725-2159A7C5677E}.Debug|x86.ActiveCfg = Debug|Any CPU
		{571BAAEF-8DC9-4C76-A725-2159A7C5677E}.Debug|x86.Build.0 = Debug|Any CPU
		{571BAAEF-8DC9-4C76-A725-2159A7C5677E}.Release|Any CPU.ActiveCfg = Release|Any CPU
		{571BAAEF-8DC9-4C76-A725-2159A7C5677E}.Release|Any CPU.Build.0 = Release|Any CPU
		{571BAAEF-8DC9-4C76-A725-2159A7C5677E}.Release|x64.ActiveCfg = Release|Any CPU
		{571BAAEF-8DC9-4C76-A725-2159A7C5677E}.Release|x64.Build.0 = Release|Any CPU
		{571BAAEF-8DC9-4C76-A725-2159A7C5677E}.Release|x86.ActiveCfg = Release|Any CPU
		{571BAAEF-8DC9-4C76-A725-2159A7C5677E}.Release|x86.Build.0 = Release|Any CPU
		{F9CF6E75-3963-4508-AD9D-218BE9972AEC}.Debug|Any CPU.ActiveCfg = Debug|Any CPU
		{F9CF6E75-3963-4508-AD9D-218BE9972AEC}.Debug|Any CPU.Build.0 = Debug|Any CPU
		{F9CF6E75-3963-4508-AD9D-218BE9972AEC}.Debug|x64.ActiveCfg = Debug|Any CPU
		{F9CF6E75-3963-4508-AD9D-218BE9972AEC}.Debug|x64.Build.0 = Debug|Any CPU
		{F9CF6E75-3963-4508-AD9D-218BE9972AEC}.Debug|x86.ActiveCfg = Debug|Any CPU
		{F9CF6E75-3963-4508-AD9D-218BE9972AEC}.Debug|x86.Build.0 = Debug|Any CPU
		{F9CF6E75-3963-4508-AD9D-218BE9972AEC}.Release|Any CPU.ActiveCfg = Release|Any CPU
		{F9CF6E75-3963-4508-AD9D-218BE9972AEC}.Release|Any CPU.Build.0 = Release|Any CPU
		{F9CF6E75-3963-4508-AD9D-218BE9972AEC}.Release|x64.ActiveCfg = Release|Any CPU
		{F9CF6E75-3963-4508-AD9D-218BE9972AEC}.Release|x64.Build.0 = Release|Any CPU
		{F9CF6E75-3963-4508-AD9D-218BE9972AEC}.Release|x86.ActiveCfg = Release|Any CPU
		{F9CF6E75-3963-4508-AD9D-218BE9972AEC}.Release|x86.Build.0 = Release|Any CPU
		{069E4870-51AC-4828-B087-5DF6726C3948}.Debug|Any CPU.ActiveCfg = Debug|Any CPU
		{069E4870-51AC-4828-B087-5DF6726C3948}.Debug|Any CPU.Build.0 = Debug|Any CPU
		{069E4870-51AC-4828-B087-5DF6726C3948}.Debug|x64.ActiveCfg = Debug|Any CPU
		{069E4870-51AC-4828-B087-5DF6726C3948}.Debug|x64.Build.0 = Debug|Any CPU
		{069E4870-51AC-4828-B087-5DF6726C3948}.Debug|x86.ActiveCfg = Debug|Any CPU
		{069E4870-51AC-4828-B087-5DF6726C3948}.Debug|x86.Build.0 = Debug|Any CPU
		{069E4870-51AC-4828-B087-5DF6726C3948}.Release|Any CPU.ActiveCfg = Release|Any CPU
		{069E4870-51AC-4828-B087-5DF6726C3948}.Release|Any CPU.Build.0 = Release|Any CPU
		{069E4870-51AC-4828-B087-5DF6726C3948}.Release|x64.ActiveCfg = Release|Any CPU
		{069E4870-51AC-4828-B087-5DF6726C3948}.Release|x64.Build.0 = Release|Any CPU
		{069E4870-51AC-4828-B087-5DF6726C3948}.Release|x86.ActiveCfg = Release|Any CPU
		{069E4870-51AC-4828-B087-5DF6726C3948}.Release|x86.Build.0 = Release|Any CPU
		{DC95EBAD-4D8F-435C-8E9B-A21FAC7BE570}.Debug|Any CPU.ActiveCfg = Debug|Any CPU
		{DC95EBAD-4D8F-435C-8E9B-A21FAC7BE570}.Debug|Any CPU.Build.0 = Debug|Any CPU
		{DC95EBAD-4D8F-435C-8E9B-A21FAC7BE570}.Debug|x64.ActiveCfg = Debug|Any CPU
		{DC95EBAD-4D8F-435C-8E9B-A21FAC7BE570}.Debug|x64.Build.0 = Debug|Any CPU
		{DC95EBAD-4D8F-435C-8E9B-A21FAC7BE570}.Debug|x86.ActiveCfg = Debug|Any CPU
		{DC95EBAD-4D8F-435C-8E9B-A21FAC7BE570}.Debug|x86.Build.0 = Debug|Any CPU
		{DC95EBAD-4D8F-435C-8E9B-A21FAC7BE570}.Release|Any CPU.ActiveCfg = Release|Any CPU
		{DC95EBAD-4D8F-435C-8E9B-A21FAC7BE570}.Release|Any CPU.Build.0 = Release|Any CPU
		{DC95EBAD-4D8F-435C-8E9B-A21FAC7BE570}.Release|x64.ActiveCfg = Release|Any CPU
		{DC95EBAD-4D8F-435C-8E9B-A21FAC7BE570}.Release|x64.Build.0 = Release|Any CPU
		{DC95EBAD-4D8F-435C-8E9B-A21FAC7BE570}.Release|x86.ActiveCfg = Release|Any CPU
		{DC95EBAD-4D8F-435C-8E9B-A21FAC7BE570}.Release|x86.Build.0 = Release|Any CPU
		{3C153FC0-5F98-4BDF-881C-1A793F49C0B4}.Debug|Any CPU.ActiveCfg = Debug|Any CPU
		{3C153FC0-5F98-4BDF-881C-1A793F49C0B4}.Debug|Any CPU.Build.0 = Debug|Any CPU
		{3C153FC0-5F98-4BDF-881C-1A793F49C0B4}.Debug|x64.ActiveCfg = Debug|Any CPU
		{3C153FC0-5F98-4BDF-881C-1A793F49C0B4}.Debug|x64.Build.0 = Debug|Any CPU
		{3C153FC0-5F98-4BDF-881C-1A793F49C0B4}.Debug|x86.ActiveCfg = Debug|Any CPU
		{3C153FC0-5F98-4BDF-881C-1A793F49C0B4}.Debug|x86.Build.0 = Debug|Any CPU
		{3C153FC0-5F98-4BDF-881C-1A793F49C0B4}.Release|Any CPU.ActiveCfg = Release|Any CPU
		{3C153FC0-5F98-4BDF-881C-1A793F49C0B4}.Release|Any CPU.Build.0 = Release|Any CPU
		{3C153FC0-5F98-4BDF-881C-1A793F49C0B4}.Release|x64.ActiveCfg = Release|Any CPU
		{3C153FC0-5F98-4BDF-881C-1A793F49C0B4}.Release|x64.Build.0 = Release|Any CPU
		{3C153FC0-5F98-4BDF-881C-1A793F49C0B4}.Release|x86.ActiveCfg = Release|Any CPU
		{3C153FC0-5F98-4BDF-881C-1A793F49C0B4}.Release|x86.Build.0 = Release|Any CPU
		{C7246E73-0047-4816-9457-56AE31FBFF15}.Debug|Any CPU.ActiveCfg = Debug|Any CPU
		{C7246E73-0047-4816-9457-56AE31FBFF15}.Debug|Any CPU.Build.0 = Debug|Any CPU
		{C7246E73-0047-4816-9457-56AE31FBFF15}.Debug|x64.ActiveCfg = Debug|Any CPU
		{C7246E73-0047-4816-9457-56AE31FBFF15}.Debug|x64.Build.0 = Debug|Any CPU
		{C7246E73-0047-4816-9457-56AE31FBFF15}.Debug|x86.ActiveCfg = Debug|Any CPU
		{C7246E73-0047-4816-9457-56AE31FBFF15}.Debug|x86.Build.0 = Debug|Any CPU
		{C7246E73-0047-4816-9457-56AE31FBFF15}.Release|Any CPU.ActiveCfg = Release|Any CPU
		{C7246E73-0047-4816-9457-56AE31FBFF15}.Release|Any CPU.Build.0 = Release|Any CPU
		{C7246E73-0047-4816-9457-56AE31FBFF15}.Release|x64.ActiveCfg = Release|Any CPU
		{C7246E73-0047-4816-9457-56AE31FBFF15}.Release|x64.Build.0 = Release|Any CPU
		{C7246E73-0047-4816-9457-56AE31FBFF15}.Release|x86.ActiveCfg = Release|Any CPU
		{C7246E73-0047-4816-9457-56AE31FBFF15}.Release|x86.Build.0 = Release|Any CPU
		{2166E7E7-F088-424C-A0B8-FCA1657A54C6}.Debug|Any CPU.ActiveCfg = Debug|Any CPU
		{2166E7E7-F088-424C-A0B8-FCA1657A54C6}.Debug|Any CPU.Build.0 = Debug|Any CPU
		{2166E7E7-F088-424C-A0B8-FCA1657A54C6}.Debug|x64.ActiveCfg = Debug|Any CPU
		{2166E7E7-F088-424C-A0B8-FCA1657A54C6}.Debug|x64.Build.0 = Debug|Any CPU
		{2166E7E7-F088-424C-A0B8-FCA1657A54C6}.Debug|x86.ActiveCfg = Debug|Any CPU
		{2166E7E7-F088-424C-A0B8-FCA1657A54C6}.Debug|x86.Build.0 = Debug|Any CPU
		{2166E7E7-F088-424C-A0B8-FCA1657A54C6}.Release|Any CPU.ActiveCfg = Release|Any CPU
		{2166E7E7-F088-424C-A0B8-FCA1657A54C6}.Release|Any CPU.Build.0 = Release|Any CPU
		{2166E7E7-F088-424C-A0B8-FCA1657A54C6}.Release|x64.ActiveCfg = Release|Any CPU
		{2166E7E7-F088-424C-A0B8-FCA1657A54C6}.Release|x64.Build.0 = Release|Any CPU
		{2166E7E7-F088-424C-A0B8-FCA1657A54C6}.Release|x86.ActiveCfg = Release|Any CPU
		{2166E7E7-F088-424C-A0B8-FCA1657A54C6}.Release|x86.Build.0 = Release|Any CPU
		{499A9317-B5A8-402A-B276-33A1806E6233}.Debug|Any CPU.ActiveCfg = Debug|Any CPU
		{499A9317-B5A8-402A-B276-33A1806E6233}.Debug|Any CPU.Build.0 = Debug|Any CPU
		{499A9317-B5A8-402A-B276-33A1806E6233}.Debug|x64.ActiveCfg = Debug|Any CPU
		{499A9317-B5A8-402A-B276-33A1806E6233}.Debug|x64.Build.0 = Debug|Any CPU
		{499A9317-B5A8-402A-B276-33A1806E6233}.Debug|x86.ActiveCfg = Debug|Any CPU
		{499A9317-B5A8-402A-B276-33A1806E6233}.Debug|x86.Build.0 = Debug|Any CPU
		{499A9317-B5A8-402A-B276-33A1806E6233}.Release|Any CPU.ActiveCfg = Release|Any CPU
		{499A9317-B5A8-402A-B276-33A1806E6233}.Release|Any CPU.Build.0 = Release|Any CPU
		{499A9317-B5A8-402A-B276-33A1806E6233}.Release|x64.ActiveCfg = Release|Any CPU
		{499A9317-B5A8-402A-B276-33A1806E6233}.Release|x64.Build.0 = Release|Any CPU
		{499A9317-B5A8-402A-B276-33A1806E6233}.Release|x86.ActiveCfg = Release|Any CPU
		{499A9317-B5A8-402A-B276-33A1806E6233}.Release|x86.Build.0 = Release|Any CPU
		{0A65672B-AD03-49F3-BF17-A7EAE78D9846}.Debug|Any CPU.ActiveCfg = Debug|Any CPU
		{0A65672B-AD03-49F3-BF17-A7EAE78D9846}.Debug|Any CPU.Build.0 = Debug|Any CPU
		{0A65672B-AD03-49F3-BF17-A7EAE78D9846}.Debug|x64.ActiveCfg = Debug|Any CPU
		{0A65672B-AD03-49F3-BF17-A7EAE78D9846}.Debug|x64.Build.0 = Debug|Any CPU
		{0A65672B-AD03-49F3-BF17-A7EAE78D9846}.Debug|x86.ActiveCfg = Debug|Any CPU
		{0A65672B-AD03-49F3-BF17-A7EAE78D9846}.Debug|x86.Build.0 = Debug|Any CPU
		{0A65672B-AD03-49F3-BF17-A7EAE78D9846}.Release|Any CPU.ActiveCfg = Release|Any CPU
		{0A65672B-AD03-49F3-BF17-A7EAE78D9846}.Release|Any CPU.Build.0 = Release|Any CPU
		{0A65672B-AD03-49F3-BF17-A7EAE78D9846}.Release|x64.ActiveCfg = Release|Any CPU
		{0A65672B-AD03-49F3-BF17-A7EAE78D9846}.Release|x64.Build.0 = Release|Any CPU
		{0A65672B-AD03-49F3-BF17-A7EAE78D9846}.Release|x86.ActiveCfg = Release|Any CPU
		{0A65672B-AD03-49F3-BF17-A7EAE78D9846}.Release|x86.Build.0 = Release|Any CPU
		{1139324D-5704-4742-B065-C55EE6E54329}.Debug|Any CPU.ActiveCfg = Debug|Any CPU
		{1139324D-5704-4742-B065-C55EE6E54329}.Debug|Any CPU.Build.0 = Debug|Any CPU
		{1139324D-5704-4742-B065-C55EE6E54329}.Debug|x64.ActiveCfg = Debug|Any CPU
		{1139324D-5704-4742-B065-C55EE6E54329}.Debug|x64.Build.0 = Debug|Any CPU
		{1139324D-5704-4742-B065-C55EE6E54329}.Debug|x86.ActiveCfg = Debug|Any CPU
		{1139324D-5704-4742-B065-C55EE6E54329}.Debug|x86.Build.0 = Debug|Any CPU
		{1139324D-5704-4742-B065-C55EE6E54329}.Release|Any CPU.ActiveCfg = Release|Any CPU
		{1139324D-5704-4742-B065-C55EE6E54329}.Release|Any CPU.Build.0 = Release|Any CPU
		{1139324D-5704-4742-B065-C55EE6E54329}.Release|x64.ActiveCfg = Release|Any CPU
		{1139324D-5704-4742-B065-C55EE6E54329}.Release|x64.Build.0 = Release|Any CPU
		{1139324D-5704-4742-B065-C55EE6E54329}.Release|x86.ActiveCfg = Release|Any CPU
		{1139324D-5704-4742-B065-C55EE6E54329}.Release|x86.Build.0 = Release|Any CPU
		{C512740F-48A2-4B5B-83F2-EB7753EAE028}.Debug|Any CPU.ActiveCfg = Debug|Any CPU
		{C512740F-48A2-4B5B-83F2-EB7753EAE028}.Debug|Any CPU.Build.0 = Debug|Any CPU
		{C512740F-48A2-4B5B-83F2-EB7753EAE028}.Debug|x64.ActiveCfg = Debug|Any CPU
		{C512740F-48A2-4B5B-83F2-EB7753EAE028}.Debug|x64.Build.0 = Debug|Any CPU
		{C512740F-48A2-4B5B-83F2-EB7753EAE028}.Debug|x86.ActiveCfg = Debug|Any CPU
		{C512740F-48A2-4B5B-83F2-EB7753EAE028}.Debug|x86.Build.0 = Debug|Any CPU
		{C512740F-48A2-4B5B-83F2-EB7753EAE028}.Release|Any CPU.ActiveCfg = Release|Any CPU
		{C512740F-48A2-4B5B-83F2-EB7753EAE028}.Release|Any CPU.Build.0 = Release|Any CPU
		{C512740F-48A2-4B5B-83F2-EB7753EAE028}.Release|x64.ActiveCfg = Release|Any CPU
		{C512740F-48A2-4B5B-83F2-EB7753EAE028}.Release|x64.Build.0 = Release|Any CPU
		{C512740F-48A2-4B5B-83F2-EB7753EAE028}.Release|x86.ActiveCfg = Release|Any CPU
		{C512740F-48A2-4B5B-83F2-EB7753EAE028}.Release|x86.Build.0 = Release|Any CPU
		{9E9770D8-D2C8-496C-AB86-3A41CDBAEA47}.Debug|Any CPU.ActiveCfg = Debug|Any CPU
		{9E9770D8-D2C8-496C-AB86-3A41CDBAEA47}.Debug|Any CPU.Build.0 = Debug|Any CPU
		{9E9770D8-D2C8-496C-AB86-3A41CDBAEA47}.Debug|x64.ActiveCfg = Debug|Any CPU
		{9E9770D8-D2C8-496C-AB86-3A41CDBAEA47}.Debug|x64.Build.0 = Debug|Any CPU
		{9E9770D8-D2C8-496C-AB86-3A41CDBAEA47}.Debug|x86.ActiveCfg = Debug|Any CPU
		{9E9770D8-D2C8-496C-AB86-3A41CDBAEA47}.Debug|x86.Build.0 = Debug|Any CPU
		{9E9770D8-D2C8-496C-AB86-3A41CDBAEA47}.Release|Any CPU.ActiveCfg = Release|Any CPU
		{9E9770D8-D2C8-496C-AB86-3A41CDBAEA47}.Release|Any CPU.Build.0 = Release|Any CPU
		{9E9770D8-D2C8-496C-AB86-3A41CDBAEA47}.Release|x64.ActiveCfg = Release|Any CPU
		{9E9770D8-D2C8-496C-AB86-3A41CDBAEA47}.Release|x64.Build.0 = Release|Any CPU
		{9E9770D8-D2C8-496C-AB86-3A41CDBAEA47}.Release|x86.ActiveCfg = Release|Any CPU
		{9E9770D8-D2C8-496C-AB86-3A41CDBAEA47}.Release|x86.Build.0 = Release|Any CPU
		{22DEE4A2-15ED-4176-B912-B357D474D2AC}.Debug|Any CPU.ActiveCfg = Debug|Any CPU
		{22DEE4A2-15ED-4176-B912-B357D474D2AC}.Debug|Any CPU.Build.0 = Debug|Any CPU
		{22DEE4A2-15ED-4176-B912-B357D474D2AC}.Debug|x64.ActiveCfg = Debug|Any CPU
		{22DEE4A2-15ED-4176-B912-B357D474D2AC}.Debug|x64.Build.0 = Debug|Any CPU
		{22DEE4A2-15ED-4176-B912-B357D474D2AC}.Debug|x86.ActiveCfg = Debug|Any CPU
		{22DEE4A2-15ED-4176-B912-B357D474D2AC}.Debug|x86.Build.0 = Debug|Any CPU
		{22DEE4A2-15ED-4176-B912-B357D474D2AC}.Release|Any CPU.ActiveCfg = Release|Any CPU
		{22DEE4A2-15ED-4176-B912-B357D474D2AC}.Release|Any CPU.Build.0 = Release|Any CPU
		{22DEE4A2-15ED-4176-B912-B357D474D2AC}.Release|x64.ActiveCfg = Release|Any CPU
		{22DEE4A2-15ED-4176-B912-B357D474D2AC}.Release|x64.Build.0 = Release|Any CPU
		{22DEE4A2-15ED-4176-B912-B357D474D2AC}.Release|x86.ActiveCfg = Release|Any CPU
		{22DEE4A2-15ED-4176-B912-B357D474D2AC}.Release|x86.Build.0 = Release|Any CPU
		{E42243C5-023E-4288-9045-A446E07B990F}.Debug|Any CPU.ActiveCfg = Debug|Any CPU
		{E42243C5-023E-4288-9045-A446E07B990F}.Debug|Any CPU.Build.0 = Debug|Any CPU
		{E42243C5-023E-4288-9045-A446E07B990F}.Debug|x64.ActiveCfg = Debug|Any CPU
		{E42243C5-023E-4288-9045-A446E07B990F}.Debug|x64.Build.0 = Debug|Any CPU
		{E42243C5-023E-4288-9045-A446E07B990F}.Debug|x86.ActiveCfg = Debug|Any CPU
		{E42243C5-023E-4288-9045-A446E07B990F}.Debug|x86.Build.0 = Debug|Any CPU
		{E42243C5-023E-4288-9045-A446E07B990F}.Release|Any CPU.ActiveCfg = Release|Any CPU
		{E42243C5-023E-4288-9045-A446E07B990F}.Release|Any CPU.Build.0 = Release|Any CPU
		{E42243C5-023E-4288-9045-A446E07B990F}.Release|x64.ActiveCfg = Release|Any CPU
		{E42243C5-023E-4288-9045-A446E07B990F}.Release|x64.Build.0 = Release|Any CPU
		{E42243C5-023E-4288-9045-A446E07B990F}.Release|x86.ActiveCfg = Release|Any CPU
		{E42243C5-023E-4288-9045-A446E07B990F}.Release|x86.Build.0 = Release|Any CPU
		{FBEA925C-EE3C-4D81-A492-0B2D386C161E}.Debug|Any CPU.ActiveCfg = Debug|Any CPU
		{FBEA925C-EE3C-4D81-A492-0B2D386C161E}.Debug|Any CPU.Build.0 = Debug|Any CPU
		{FBEA925C-EE3C-4D81-A492-0B2D386C161E}.Debug|x64.ActiveCfg = Debug|Any CPU
		{FBEA925C-EE3C-4D81-A492-0B2D386C161E}.Debug|x64.Build.0 = Debug|Any CPU
		{FBEA925C-EE3C-4D81-A492-0B2D386C161E}.Debug|x86.ActiveCfg = Debug|Any CPU
		{FBEA925C-EE3C-4D81-A492-0B2D386C161E}.Debug|x86.Build.0 = Debug|Any CPU
		{FBEA925C-EE3C-4D81-A492-0B2D386C161E}.Release|Any CPU.ActiveCfg = Release|Any CPU
		{FBEA925C-EE3C-4D81-A492-0B2D386C161E}.Release|Any CPU.Build.0 = Release|Any CPU
		{FBEA925C-EE3C-4D81-A492-0B2D386C161E}.Release|x64.ActiveCfg = Release|Any CPU
		{FBEA925C-EE3C-4D81-A492-0B2D386C161E}.Release|x64.Build.0 = Release|Any CPU
		{FBEA925C-EE3C-4D81-A492-0B2D386C161E}.Release|x86.ActiveCfg = Release|Any CPU
		{FBEA925C-EE3C-4D81-A492-0B2D386C161E}.Release|x86.Build.0 = Release|Any CPU
		{1EFC9D98-C8EE-4399-9B2D-876CDDE8CFD3}.Debug|Any CPU.ActiveCfg = Debug|Any CPU
		{1EFC9D98-C8EE-4399-9B2D-876CDDE8CFD3}.Debug|Any CPU.Build.0 = Debug|Any CPU
		{1EFC9D98-C8EE-4399-9B2D-876CDDE8CFD3}.Debug|x64.ActiveCfg = Debug|Any CPU
		{1EFC9D98-C8EE-4399-9B2D-876CDDE8CFD3}.Debug|x64.Build.0 = Debug|Any CPU
		{1EFC9D98-C8EE-4399-9B2D-876CDDE8CFD3}.Debug|x86.ActiveCfg = Debug|Any CPU
		{1EFC9D98-C8EE-4399-9B2D-876CDDE8CFD3}.Debug|x86.Build.0 = Debug|Any CPU
		{1EFC9D98-C8EE-4399-9B2D-876CDDE8CFD3}.Release|Any CPU.ActiveCfg = Release|Any CPU
		{1EFC9D98-C8EE-4399-9B2D-876CDDE8CFD3}.Release|Any CPU.Build.0 = Release|Any CPU
		{1EFC9D98-C8EE-4399-9B2D-876CDDE8CFD3}.Release|x64.ActiveCfg = Release|Any CPU
		{1EFC9D98-C8EE-4399-9B2D-876CDDE8CFD3}.Release|x64.Build.0 = Release|Any CPU
		{1EFC9D98-C8EE-4399-9B2D-876CDDE8CFD3}.Release|x86.ActiveCfg = Release|Any CPU
		{1EFC9D98-C8EE-4399-9B2D-876CDDE8CFD3}.Release|x86.Build.0 = Release|Any CPU
		{FB2E573E-23BD-4111-A3E5-2C75B9920946}.Debug|Any CPU.ActiveCfg = Debug|Any CPU
		{FB2E573E-23BD-4111-A3E5-2C75B9920946}.Debug|Any CPU.Build.0 = Debug|Any CPU
		{FB2E573E-23BD-4111-A3E5-2C75B9920946}.Debug|x64.ActiveCfg = Debug|Any CPU
		{FB2E573E-23BD-4111-A3E5-2C75B9920946}.Debug|x64.Build.0 = Debug|Any CPU
		{FB2E573E-23BD-4111-A3E5-2C75B9920946}.Debug|x86.ActiveCfg = Debug|Any CPU
		{FB2E573E-23BD-4111-A3E5-2C75B9920946}.Debug|x86.Build.0 = Debug|Any CPU
		{FB2E573E-23BD-4111-A3E5-2C75B9920946}.Release|Any CPU.ActiveCfg = Release|Any CPU
		{FB2E573E-23BD-4111-A3E5-2C75B9920946}.Release|Any CPU.Build.0 = Release|Any CPU
		{FB2E573E-23BD-4111-A3E5-2C75B9920946}.Release|x64.ActiveCfg = Release|Any CPU
		{FB2E573E-23BD-4111-A3E5-2C75B9920946}.Release|x64.Build.0 = Release|Any CPU
		{FB2E573E-23BD-4111-A3E5-2C75B9920946}.Release|x86.ActiveCfg = Release|Any CPU
		{FB2E573E-23BD-4111-A3E5-2C75B9920946}.Release|x86.Build.0 = Release|Any CPU
		{F0EFB95B-39DD-4FDB-A044-0BB9302DDC41}.Debug|Any CPU.ActiveCfg = Debug|Any CPU
		{F0EFB95B-39DD-4FDB-A044-0BB9302DDC41}.Debug|Any CPU.Build.0 = Debug|Any CPU
		{F0EFB95B-39DD-4FDB-A044-0BB9302DDC41}.Debug|x64.ActiveCfg = Debug|Any CPU
		{F0EFB95B-39DD-4FDB-A044-0BB9302DDC41}.Debug|x64.Build.0 = Debug|Any CPU
		{F0EFB95B-39DD-4FDB-A044-0BB9302DDC41}.Debug|x86.ActiveCfg = Debug|Any CPU
		{F0EFB95B-39DD-4FDB-A044-0BB9302DDC41}.Debug|x86.Build.0 = Debug|Any CPU
		{F0EFB95B-39DD-4FDB-A044-0BB9302DDC41}.Release|Any CPU.ActiveCfg = Release|Any CPU
		{F0EFB95B-39DD-4FDB-A044-0BB9302DDC41}.Release|Any CPU.Build.0 = Release|Any CPU
		{F0EFB95B-39DD-4FDB-A044-0BB9302DDC41}.Release|x64.ActiveCfg = Release|Any CPU
		{F0EFB95B-39DD-4FDB-A044-0BB9302DDC41}.Release|x64.Build.0 = Release|Any CPU
		{F0EFB95B-39DD-4FDB-A044-0BB9302DDC41}.Release|x86.ActiveCfg = Release|Any CPU
		{F0EFB95B-39DD-4FDB-A044-0BB9302DDC41}.Release|x86.Build.0 = Release|Any CPU
		{F995582E-729F-4EA0-831F-6CA5058114EF}.Debug|Any CPU.ActiveCfg = Debug|Any CPU
		{F995582E-729F-4EA0-831F-6CA5058114EF}.Debug|Any CPU.Build.0 = Debug|Any CPU
		{F995582E-729F-4EA0-831F-6CA5058114EF}.Debug|x64.ActiveCfg = Debug|Any CPU
		{F995582E-729F-4EA0-831F-6CA5058114EF}.Debug|x64.Build.0 = Debug|Any CPU
		{F995582E-729F-4EA0-831F-6CA5058114EF}.Debug|x86.ActiveCfg = Debug|Any CPU
		{F995582E-729F-4EA0-831F-6CA5058114EF}.Debug|x86.Build.0 = Debug|Any CPU
		{F995582E-729F-4EA0-831F-6CA5058114EF}.Release|Any CPU.ActiveCfg = Release|Any CPU
		{F995582E-729F-4EA0-831F-6CA5058114EF}.Release|Any CPU.Build.0 = Release|Any CPU
		{F995582E-729F-4EA0-831F-6CA5058114EF}.Release|x64.ActiveCfg = Release|Any CPU
		{F995582E-729F-4EA0-831F-6CA5058114EF}.Release|x64.Build.0 = Release|Any CPU
		{F995582E-729F-4EA0-831F-6CA5058114EF}.Release|x86.ActiveCfg = Release|Any CPU
		{F995582E-729F-4EA0-831F-6CA5058114EF}.Release|x86.Build.0 = Release|Any CPU
		{6C2F85D7-0443-4711-96DF-66EC46CA1A98}.Debug|Any CPU.ActiveCfg = Debug|Any CPU
		{6C2F85D7-0443-4711-96DF-66EC46CA1A98}.Debug|Any CPU.Build.0 = Debug|Any CPU
		{6C2F85D7-0443-4711-96DF-66EC46CA1A98}.Debug|x64.ActiveCfg = Debug|Any CPU
		{6C2F85D7-0443-4711-96DF-66EC46CA1A98}.Debug|x64.Build.0 = Debug|Any CPU
		{6C2F85D7-0443-4711-96DF-66EC46CA1A98}.Debug|x86.ActiveCfg = Debug|Any CPU
		{6C2F85D7-0443-4711-96DF-66EC46CA1A98}.Debug|x86.Build.0 = Debug|Any CPU
		{6C2F85D7-0443-4711-96DF-66EC46CA1A98}.Release|Any CPU.ActiveCfg = Release|Any CPU
		{6C2F85D7-0443-4711-96DF-66EC46CA1A98}.Release|Any CPU.Build.0 = Release|Any CPU
		{6C2F85D7-0443-4711-96DF-66EC46CA1A98}.Release|x64.ActiveCfg = Release|Any CPU
		{6C2F85D7-0443-4711-96DF-66EC46CA1A98}.Release|x64.Build.0 = Release|Any CPU
		{6C2F85D7-0443-4711-96DF-66EC46CA1A98}.Release|x86.ActiveCfg = Release|Any CPU
		{6C2F85D7-0443-4711-96DF-66EC46CA1A98}.Release|x86.Build.0 = Release|Any CPU
		{B6DE0855-385D-4A8C-BC22-04BE2105A2F4}.Debug|Any CPU.ActiveCfg = Debug|Any CPU
		{B6DE0855-385D-4A8C-BC22-04BE2105A2F4}.Debug|Any CPU.Build.0 = Debug|Any CPU
		{B6DE0855-385D-4A8C-BC22-04BE2105A2F4}.Debug|x64.ActiveCfg = Debug|Any CPU
		{B6DE0855-385D-4A8C-BC22-04BE2105A2F4}.Debug|x64.Build.0 = Debug|Any CPU
		{B6DE0855-385D-4A8C-BC22-04BE2105A2F4}.Debug|x86.ActiveCfg = Debug|Any CPU
		{B6DE0855-385D-4A8C-BC22-04BE2105A2F4}.Debug|x86.Build.0 = Debug|Any CPU
		{B6DE0855-385D-4A8C-BC22-04BE2105A2F4}.Release|Any CPU.ActiveCfg = Release|Any CPU
		{B6DE0855-385D-4A8C-BC22-04BE2105A2F4}.Release|Any CPU.Build.0 = Release|Any CPU
		{B6DE0855-385D-4A8C-BC22-04BE2105A2F4}.Release|x64.ActiveCfg = Release|Any CPU
		{B6DE0855-385D-4A8C-BC22-04BE2105A2F4}.Release|x64.Build.0 = Release|Any CPU
		{B6DE0855-385D-4A8C-BC22-04BE2105A2F4}.Release|x86.ActiveCfg = Release|Any CPU
		{B6DE0855-385D-4A8C-BC22-04BE2105A2F4}.Release|x86.Build.0 = Release|Any CPU
		{12F16E1B-0275-4F41-8353-C2C9A79BA4E9}.Debug|Any CPU.ActiveCfg = Debug|Any CPU
		{12F16E1B-0275-4F41-8353-C2C9A79BA4E9}.Debug|Any CPU.Build.0 = Debug|Any CPU
		{12F16E1B-0275-4F41-8353-C2C9A79BA4E9}.Debug|x64.ActiveCfg = Debug|Any CPU
		{12F16E1B-0275-4F41-8353-C2C9A79BA4E9}.Debug|x64.Build.0 = Debug|Any CPU
		{12F16E1B-0275-4F41-8353-C2C9A79BA4E9}.Debug|x86.ActiveCfg = Debug|Any CPU
		{12F16E1B-0275-4F41-8353-C2C9A79BA4E9}.Debug|x86.Build.0 = Debug|Any CPU
		{12F16E1B-0275-4F41-8353-C2C9A79BA4E9}.Release|Any CPU.ActiveCfg = Release|Any CPU
		{12F16E1B-0275-4F41-8353-C2C9A79BA4E9}.Release|Any CPU.Build.0 = Release|Any CPU
		{12F16E1B-0275-4F41-8353-C2C9A79BA4E9}.Release|x64.ActiveCfg = Release|Any CPU
		{12F16E1B-0275-4F41-8353-C2C9A79BA4E9}.Release|x64.Build.0 = Release|Any CPU
		{12F16E1B-0275-4F41-8353-C2C9A79BA4E9}.Release|x86.ActiveCfg = Release|Any CPU
		{12F16E1B-0275-4F41-8353-C2C9A79BA4E9}.Release|x86.Build.0 = Release|Any CPU
		{53E03A1A-E59F-4C67-80B4-5A232BF01A81}.Debug|Any CPU.ActiveCfg = Debug|Any CPU
		{53E03A1A-E59F-4C67-80B4-5A232BF01A81}.Debug|Any CPU.Build.0 = Debug|Any CPU
		{53E03A1A-E59F-4C67-80B4-5A232BF01A81}.Debug|x64.ActiveCfg = Debug|Any CPU
		{53E03A1A-E59F-4C67-80B4-5A232BF01A81}.Debug|x64.Build.0 = Debug|Any CPU
		{53E03A1A-E59F-4C67-80B4-5A232BF01A81}.Debug|x86.ActiveCfg = Debug|Any CPU
		{53E03A1A-E59F-4C67-80B4-5A232BF01A81}.Debug|x86.Build.0 = Debug|Any CPU
		{53E03A1A-E59F-4C67-80B4-5A232BF01A81}.Release|Any CPU.ActiveCfg = Release|Any CPU
		{53E03A1A-E59F-4C67-80B4-5A232BF01A81}.Release|Any CPU.Build.0 = Release|Any CPU
		{53E03A1A-E59F-4C67-80B4-5A232BF01A81}.Release|x64.ActiveCfg = Release|Any CPU
		{53E03A1A-E59F-4C67-80B4-5A232BF01A81}.Release|x64.Build.0 = Release|Any CPU
		{53E03A1A-E59F-4C67-80B4-5A232BF01A81}.Release|x86.ActiveCfg = Release|Any CPU
		{53E03A1A-E59F-4C67-80B4-5A232BF01A81}.Release|x86.Build.0 = Release|Any CPU
		{B8E70529-7A8C-44F8-BE8C-1369754291AF}.Debug|Any CPU.ActiveCfg = Debug|Any CPU
		{B8E70529-7A8C-44F8-BE8C-1369754291AF}.Debug|Any CPU.Build.0 = Debug|Any CPU
		{B8E70529-7A8C-44F8-BE8C-1369754291AF}.Debug|x64.ActiveCfg = Debug|Any CPU
		{B8E70529-7A8C-44F8-BE8C-1369754291AF}.Debug|x64.Build.0 = Debug|Any CPU
		{B8E70529-7A8C-44F8-BE8C-1369754291AF}.Debug|x86.ActiveCfg = Debug|Any CPU
		{B8E70529-7A8C-44F8-BE8C-1369754291AF}.Debug|x86.Build.0 = Debug|Any CPU
		{B8E70529-7A8C-44F8-BE8C-1369754291AF}.Release|Any CPU.ActiveCfg = Release|Any CPU
		{B8E70529-7A8C-44F8-BE8C-1369754291AF}.Release|Any CPU.Build.0 = Release|Any CPU
		{B8E70529-7A8C-44F8-BE8C-1369754291AF}.Release|x64.ActiveCfg = Release|Any CPU
		{B8E70529-7A8C-44F8-BE8C-1369754291AF}.Release|x64.Build.0 = Release|Any CPU
		{B8E70529-7A8C-44F8-BE8C-1369754291AF}.Release|x86.ActiveCfg = Release|Any CPU
		{B8E70529-7A8C-44F8-BE8C-1369754291AF}.Release|x86.Build.0 = Release|Any CPU
		{217FE6D7-0DE3-43CF-AFC4-7FA12700F447}.Debug|Any CPU.ActiveCfg = Debug|Any CPU
		{217FE6D7-0DE3-43CF-AFC4-7FA12700F447}.Debug|Any CPU.Build.0 = Debug|Any CPU
		{217FE6D7-0DE3-43CF-AFC4-7FA12700F447}.Debug|x64.ActiveCfg = Debug|Any CPU
		{217FE6D7-0DE3-43CF-AFC4-7FA12700F447}.Debug|x64.Build.0 = Debug|Any CPU
		{217FE6D7-0DE3-43CF-AFC4-7FA12700F447}.Debug|x86.ActiveCfg = Debug|Any CPU
		{217FE6D7-0DE3-43CF-AFC4-7FA12700F447}.Debug|x86.Build.0 = Debug|Any CPU
		{217FE6D7-0DE3-43CF-AFC4-7FA12700F447}.Release|Any CPU.ActiveCfg = Release|Any CPU
		{217FE6D7-0DE3-43CF-AFC4-7FA12700F447}.Release|Any CPU.Build.0 = Release|Any CPU
		{217FE6D7-0DE3-43CF-AFC4-7FA12700F447}.Release|x64.ActiveCfg = Release|Any CPU
		{217FE6D7-0DE3-43CF-AFC4-7FA12700F447}.Release|x64.Build.0 = Release|Any CPU
		{217FE6D7-0DE3-43CF-AFC4-7FA12700F447}.Release|x86.ActiveCfg = Release|Any CPU
		{217FE6D7-0DE3-43CF-AFC4-7FA12700F447}.Release|x86.Build.0 = Release|Any CPU
		{2B1218E4-E1A4-418E-A55F-16B7F30235A7}.Debug|Any CPU.ActiveCfg = Debug|Any CPU
		{2B1218E4-E1A4-418E-A55F-16B7F30235A7}.Debug|Any CPU.Build.0 = Debug|Any CPU
		{2B1218E4-E1A4-418E-A55F-16B7F30235A7}.Debug|x64.ActiveCfg = Debug|Any CPU
		{2B1218E4-E1A4-418E-A55F-16B7F30235A7}.Debug|x64.Build.0 = Debug|Any CPU
		{2B1218E4-E1A4-418E-A55F-16B7F30235A7}.Debug|x86.ActiveCfg = Debug|Any CPU
		{2B1218E4-E1A4-418E-A55F-16B7F30235A7}.Debug|x86.Build.0 = Debug|Any CPU
		{2B1218E4-E1A4-418E-A55F-16B7F30235A7}.Release|Any CPU.ActiveCfg = Release|Any CPU
		{2B1218E4-E1A4-418E-A55F-16B7F30235A7}.Release|Any CPU.Build.0 = Release|Any CPU
		{2B1218E4-E1A4-418E-A55F-16B7F30235A7}.Release|x64.ActiveCfg = Release|Any CPU
		{2B1218E4-E1A4-418E-A55F-16B7F30235A7}.Release|x64.Build.0 = Release|Any CPU
		{2B1218E4-E1A4-418E-A55F-16B7F30235A7}.Release|x86.ActiveCfg = Release|Any CPU
		{2B1218E4-E1A4-418E-A55F-16B7F30235A7}.Release|x86.Build.0 = Release|Any CPU
		{A1862697-AB25-4D79-B601-02733A3490B2}.Debug|Any CPU.ActiveCfg = Debug|Any CPU
		{A1862697-AB25-4D79-B601-02733A3490B2}.Debug|Any CPU.Build.0 = Debug|Any CPU
		{A1862697-AB25-4D79-B601-02733A3490B2}.Debug|x64.ActiveCfg = Debug|Any CPU
		{A1862697-AB25-4D79-B601-02733A3490B2}.Debug|x64.Build.0 = Debug|Any CPU
		{A1862697-AB25-4D79-B601-02733A3490B2}.Debug|x86.ActiveCfg = Debug|Any CPU
		{A1862697-AB25-4D79-B601-02733A3490B2}.Debug|x86.Build.0 = Debug|Any CPU
		{A1862697-AB25-4D79-B601-02733A3490B2}.Release|Any CPU.ActiveCfg = Release|Any CPU
		{A1862697-AB25-4D79-B601-02733A3490B2}.Release|Any CPU.Build.0 = Release|Any CPU
		{A1862697-AB25-4D79-B601-02733A3490B2}.Release|x64.ActiveCfg = Release|Any CPU
		{A1862697-AB25-4D79-B601-02733A3490B2}.Release|x64.Build.0 = Release|Any CPU
		{A1862697-AB25-4D79-B601-02733A3490B2}.Release|x86.ActiveCfg = Release|Any CPU
		{A1862697-AB25-4D79-B601-02733A3490B2}.Release|x86.Build.0 = Release|Any CPU
		{2E0BC264-3EB6-4EC2-B332-0F0E50180401}.Debug|Any CPU.ActiveCfg = Debug|Any CPU
		{2E0BC264-3EB6-4EC2-B332-0F0E50180401}.Debug|Any CPU.Build.0 = Debug|Any CPU
		{2E0BC264-3EB6-4EC2-B332-0F0E50180401}.Debug|x64.ActiveCfg = Debug|Any CPU
		{2E0BC264-3EB6-4EC2-B332-0F0E50180401}.Debug|x64.Build.0 = Debug|Any CPU
		{2E0BC264-3EB6-4EC2-B332-0F0E50180401}.Debug|x86.ActiveCfg = Debug|Any CPU
		{2E0BC264-3EB6-4EC2-B332-0F0E50180401}.Debug|x86.Build.0 = Debug|Any CPU
		{2E0BC264-3EB6-4EC2-B332-0F0E50180401}.Release|Any CPU.ActiveCfg = Release|Any CPU
		{2E0BC264-3EB6-4EC2-B332-0F0E50180401}.Release|Any CPU.Build.0 = Release|Any CPU
		{2E0BC264-3EB6-4EC2-B332-0F0E50180401}.Release|x64.ActiveCfg = Release|Any CPU
		{2E0BC264-3EB6-4EC2-B332-0F0E50180401}.Release|x64.Build.0 = Release|Any CPU
		{2E0BC264-3EB6-4EC2-B332-0F0E50180401}.Release|x86.ActiveCfg = Release|Any CPU
		{2E0BC264-3EB6-4EC2-B332-0F0E50180401}.Release|x86.Build.0 = Release|Any CPU
		{CF221BA2-1CC2-4E7A-9F8E-4D14975E572E}.Debug|Any CPU.ActiveCfg = Debug|Any CPU
		{CF221BA2-1CC2-4E7A-9F8E-4D14975E572E}.Debug|Any CPU.Build.0 = Debug|Any CPU
		{CF221BA2-1CC2-4E7A-9F8E-4D14975E572E}.Debug|x64.ActiveCfg = Debug|Any CPU
		{CF221BA2-1CC2-4E7A-9F8E-4D14975E572E}.Debug|x64.Build.0 = Debug|Any CPU
		{CF221BA2-1CC2-4E7A-9F8E-4D14975E572E}.Debug|x86.ActiveCfg = Debug|Any CPU
		{CF221BA2-1CC2-4E7A-9F8E-4D14975E572E}.Debug|x86.Build.0 = Debug|Any CPU
		{CF221BA2-1CC2-4E7A-9F8E-4D14975E572E}.Release|Any CPU.ActiveCfg = Release|Any CPU
		{CF221BA2-1CC2-4E7A-9F8E-4D14975E572E}.Release|Any CPU.Build.0 = Release|Any CPU
		{CF221BA2-1CC2-4E7A-9F8E-4D14975E572E}.Release|x64.ActiveCfg = Release|Any CPU
		{CF221BA2-1CC2-4E7A-9F8E-4D14975E572E}.Release|x64.Build.0 = Release|Any CPU
		{CF221BA2-1CC2-4E7A-9F8E-4D14975E572E}.Release|x86.ActiveCfg = Release|Any CPU
		{CF221BA2-1CC2-4E7A-9F8E-4D14975E572E}.Release|x86.Build.0 = Release|Any CPU
		{3F7A02D4-073C-40FE-B228-8E1BA96B1946}.Debug|Any CPU.ActiveCfg = Debug|Any CPU
		{3F7A02D4-073C-40FE-B228-8E1BA96B1946}.Debug|Any CPU.Build.0 = Debug|Any CPU
		{3F7A02D4-073C-40FE-B228-8E1BA96B1946}.Debug|x64.ActiveCfg = Debug|Any CPU
		{3F7A02D4-073C-40FE-B228-8E1BA96B1946}.Debug|x64.Build.0 = Debug|Any CPU
		{3F7A02D4-073C-40FE-B228-8E1BA96B1946}.Debug|x86.ActiveCfg = Debug|Any CPU
		{3F7A02D4-073C-40FE-B228-8E1BA96B1946}.Debug|x86.Build.0 = Debug|Any CPU
		{3F7A02D4-073C-40FE-B228-8E1BA96B1946}.Release|Any CPU.ActiveCfg = Release|Any CPU
		{3F7A02D4-073C-40FE-B228-8E1BA96B1946}.Release|Any CPU.Build.0 = Release|Any CPU
		{3F7A02D4-073C-40FE-B228-8E1BA96B1946}.Release|x64.ActiveCfg = Release|Any CPU
		{3F7A02D4-073C-40FE-B228-8E1BA96B1946}.Release|x64.Build.0 = Release|Any CPU
		{3F7A02D4-073C-40FE-B228-8E1BA96B1946}.Release|x86.ActiveCfg = Release|Any CPU
		{3F7A02D4-073C-40FE-B228-8E1BA96B1946}.Release|x86.Build.0 = Release|Any CPU
	EndGlobalSection
	GlobalSection(SolutionProperties) = preSolution
		HideSolutionNode = FALSE
	EndGlobalSection
	GlobalSection(ExtensibilityGlobals) = postSolution
		SolutionGuid = {2EB6265F-323A-4BF3-969E-003D64A14B64}
	EndGlobalSection
	GlobalSection(NestedProjects) = preSolution
		{2E0BC264-3EB6-4EC2-B332-0F0E50180401} = {323C198D-A8C6-4EB0-8B79-72624275E35F}
		{2B1218E4-E1A4-418E-A55F-16B7F30235A7} = {323C198D-A8C6-4EB0-8B79-72624275E35F}
		{6C2F85D7-0443-4711-96DF-66EC46CA1A98} = {323C198D-A8C6-4EB0-8B79-72624275E35F}
		{217FE6D7-0DE3-43CF-AFC4-7FA12700F447} = {323C198D-A8C6-4EB0-8B79-72624275E35F}
		{B8E70529-7A8C-44F8-BE8C-1369754291AF} = {323C198D-A8C6-4EB0-8B79-72624275E35F}
		{53E03A1A-E59F-4C67-80B4-5A232BF01A81} = {323C198D-A8C6-4EB0-8B79-72624275E35F}
		{F995582E-729F-4EA0-831F-6CA5058114EF} = {323C198D-A8C6-4EB0-8B79-72624275E35F}
		{12F16E1B-0275-4F41-8353-C2C9A79BA4E9} = {323C198D-A8C6-4EB0-8B79-72624275E35F}
		{B6DE0855-385D-4A8C-BC22-04BE2105A2F4} = {323C198D-A8C6-4EB0-8B79-72624275E35F}
		{FB2E573E-23BD-4111-A3E5-2C75B9920946} = {323C198D-A8C6-4EB0-8B79-72624275E35F}
		{F0EFB95B-39DD-4FDB-A044-0BB9302DDC41} = {323C198D-A8C6-4EB0-8B79-72624275E35F}
		{1EFC9D98-C8EE-4399-9B2D-876CDDE8CFD3} = {323C198D-A8C6-4EB0-8B79-72624275E35F}
		{06418D5E-5963-4D46-8F09-A0E132721C64} = {E0B99F7E-D108-4054-92C2-31304C5060DE}
		{AB6C26B2-2EA8-4E19-9A76-EBE0BF097173} = {23500169-FC01-4D2B-A997-E7FAE2169FC0}
		{E6C12BC5-998A-49BD-A737-7C02D14EC5CA} = {23500169-FC01-4D2B-A997-E7FAE2169FC0}
		{4157A958-5EC3-4A62-8C50-D20753AEB39B} = {23500169-FC01-4D2B-A997-E7FAE2169FC0}
		{367EF094-2B47-48F5-BE0B-829FE5CB905C} = {23500169-FC01-4D2B-A997-E7FAE2169FC0}
		{2B5383E4-9A0D-4B19-B4E1-4715EA747B11} = {23500169-FC01-4D2B-A997-E7FAE2169FC0}
		{4E4EC120-2BA0-4D42-AA03-5F9C52CA3C56} = {23500169-FC01-4D2B-A997-E7FAE2169FC0}
		{69004CBA-5B0C-42C7-A4DA-4727F14AA20A} = {46383371-8252-4598-9350-A97692851408}
		{C482693F-A8D8-40FA-AD93-00B03CA6DC31} = {46383371-8252-4598-9350-A97692851408}
		{E293EC06-2DEF-41B1-BC96-43918F7BDF59} = {46383371-8252-4598-9350-A97692851408}
		{7C1F429E-878D-40A9-81B7-A3815965C728} = {46383371-8252-4598-9350-A97692851408}
		{18C7A819-B2F5-4737-ABE7-A61DCB53A14C} = {68D43DB1-DFC5-4F15-A2B4-6BA18B875F9E}
		{80276FAD-580F-432F-9AF1-111FFF2C388D} = {68D43DB1-DFC5-4F15-A2B4-6BA18B875F9E}
		{571BAAEF-8DC9-4C76-A725-2159A7C5677E} = {09DDF024-3242-4800-A778-FA0FA2B19F00}
		{F9CF6E75-3963-4508-AD9D-218BE9972AEC} = {A878BDF1-6DB6-4BA5-A724-92885A710856}
		{069E4870-51AC-4828-B087-5DF6726C3948} = {A878BDF1-6DB6-4BA5-A724-92885A710856}
		{DC95EBAD-4D8F-435C-8E9B-A21FAC7BE570} = {A878BDF1-6DB6-4BA5-A724-92885A710856}
		{3C153FC0-5F98-4BDF-881C-1A793F49C0B4} = {3A5882B1-2CFA-48F2-A960-CD5EC8C9FCAB}
		{C7246E73-0047-4816-9457-56AE31FBFF15} = {3A5882B1-2CFA-48F2-A960-CD5EC8C9FCAB}
		{2166E7E7-F088-424C-A0B8-FCA1657A54C6} = {774A1FBD-53C1-43A8-82ED-C8001AC9967C}
		{499A9317-B5A8-402A-B276-33A1806E6233} = {774A1FBD-53C1-43A8-82ED-C8001AC9967C}
		{0A65672B-AD03-49F3-BF17-A7EAE78D9846} = {774A1FBD-53C1-43A8-82ED-C8001AC9967C}
		{1139324D-5704-4742-B065-C55EE6E54329} = {AE4A5C54-72F3-4B55-BB86-09DFA3AA3D7B}
		{C512740F-48A2-4B5B-83F2-EB7753EAE028} = {AE4A5C54-72F3-4B55-BB86-09DFA3AA3D7B}
		{9E9770D8-D2C8-496C-AB86-3A41CDBAEA47} = {AE4A5C54-72F3-4B55-BB86-09DFA3AA3D7B}
		{22DEE4A2-15ED-4176-B912-B357D474D2AC} = {AE4A5C54-72F3-4B55-BB86-09DFA3AA3D7B}
		{E42243C5-023E-4288-9045-A446E07B990F} = {AE4A5C54-72F3-4B55-BB86-09DFA3AA3D7B}
		{FBEA925C-EE3C-4D81-A492-0B2D386C161E} = {AB9C5AA2-DD5D-4A38-97C0-674A995C0AE0}
		{A1862697-AB25-4D79-B601-02733A3490B2} = {23500169-FC01-4D2B-A997-E7FAE2169FC0}
		{CF221BA2-1CC2-4E7A-9F8E-4D14975E572E} = {23500169-FC01-4D2B-A997-E7FAE2169FC0}
		{3F7A02D4-073C-40FE-B228-8E1BA96B1946} = {AE4A5C54-72F3-4B55-BB86-09DFA3AA3D7B}
	EndGlobalSection
EndGlobal
